
Microsoft Visual Studio Solution File, Format Version 12.00
# Visual Studio 14
VisualStudioVersion = 14.0.23107.0
MinimumVisualStudioVersion = 10.0.40219.1
Project("{2150E333-8FDC-42A3-9474-1A3956D46DE8}") = "Objective 2.1 - Create types", "Objective 2.1 - Create types", "{87AA63D3-45AB-4FCA-ACD3-C2966D6EE0B5}"
EndProject
Project("{FAE04EC0-301F-11D3-BF4B-00C04F79EFBC}") = "Example2.1", "Objective2.1\Example2.1\Example2.1.csproj", "{7635BA4F-29EB-4552-8DEC-3B0D1D0BA9E1}"
EndProject
Project("{FAE04EC0-301F-11D3-BF4B-00C04F79EFBC}") = "Example2.2", "Objective2.1\Example2.2\Example2.2.csproj", "{716E3426-B179-489A-846E-69DDD6494AD9}"
EndProject
Project("{FAE04EC0-301F-11D3-BF4B-00C04F79EFBC}") = "Example2.3", "Objective2.1\Example2.3\Example2.3.csproj", "{692DEEB3-98AA-4420-9D87-A68B36EC761B}"
EndProject
Project("{FAE04EC0-301F-11D3-BF4B-00C04F79EFBC}") = "Example2.4", "Objective2.1\Example2.4\Example2.4.csproj", "{39A8BE9E-F273-4098-8464-F82DCCC88303}"
EndProject
Project("{FAE04EC0-301F-11D3-BF4B-00C04F79EFBC}") = "Example2.5", "Objective2.1\Example2.5\Example2.5.csproj", "{80223F2D-B81C-42F5-BFDB-45AFF2CEC0AC}"
EndProject
Project("{FAE04EC0-301F-11D3-BF4B-00C04F79EFBC}") = "Example2.6", "Objective2.1\Example2.6\Example2.6.csproj", "{27E8D4EE-670B-4C63-B9D1-5EFD629A9008}"
EndProject
Project("{FAE04EC0-301F-11D3-BF4B-00C04F79EFBC}") = "Example2.7", "Objective2.1\Example2.7\Example2.7.csproj", "{F1A4836D-8974-499D-8994-127E72B50045}"
EndProject
Project("{FAE04EC0-301F-11D3-BF4B-00C04F79EFBC}") = "Example2.8", "Objective2.1\Example2.8\Example2.8.csproj", "{C459C6B8-1B72-4DDA-A61C-301D5CE3DAFC}"
EndProject
Project("{FAE04EC0-301F-11D3-BF4B-00C04F79EFBC}") = "Example2.9", "Objective2.1\Example2.9\Example2.9.csproj", "{4D489471-3EBF-498F-88CB-4E158D770C9A}"
EndProject
Project("{FAE04EC0-301F-11D3-BF4B-00C04F79EFBC}") = "Example2.10", "Objective2.1\Example2.10\Example2.10.csproj", "{246AB273-6876-495C-9B79-891217D4D813}"
EndProject
Project("{FAE04EC0-301F-11D3-BF4B-00C04F79EFBC}") = "Example2.11", "Objective2.1\Example2.11\Example2.11.csproj", "{EA3E7B61-D5FE-430A-B98D-87F80AA4DEFE}"
EndProject
Project("{FAE04EC0-301F-11D3-BF4B-00C04F79EFBC}") = "Example2.12", "Objective2.1\Example2.12\Example2.12.csproj", "{CD02B52A-FADC-4B87-93A3-2CC747F57D29}"
EndProject
Project("{FAE04EC0-301F-11D3-BF4B-00C04F79EFBC}") = "Example2.13", "Objective2.1\Example2.13\Example2.13.csproj", "{5C1BDDAC-3CD8-4478-8066-E933AE4B051C}"
EndProject
Project("{FAE04EC0-301F-11D3-BF4B-00C04F79EFBC}") = "Example2.14", "Objective2.1\Example2.14\Example2.14.csproj", "{2907F909-58DC-4B16-8A60-1DEC8880A672}"
EndProject
Project("{FAE04EC0-301F-11D3-BF4B-00C04F79EFBC}") = "Example2.15", "Objective2.1\Example2.15\Example2.15.csproj", "{461F4890-4FCF-45F2-902F-F5A1BC144CAB}"
EndProject
Project("{FAE04EC0-301F-11D3-BF4B-00C04F79EFBC}") = "Example2.16", "Objective2.1\Example2.16\Example2.16.csproj", "{22805CA1-8C14-4417-A30D-90C5BBB65368}"
EndProject
Project("{FAE04EC0-301F-11D3-BF4B-00C04F79EFBC}") = "Example2.17", "Objective2.1\Example2.17\Example2.17.csproj", "{E33ED990-0E49-49D9-8221-3517A304C972}"
EndProject
Project("{FAE04EC0-301F-11D3-BF4B-00C04F79EFBC}") = "Example2.18", "Objective2.1\Example2.18\Example2.18.csproj", "{6DF64911-61F3-4B3D-A73C-F5919705D7B6}"
EndProject
Project("{2150E333-8FDC-42A3-9474-1A3956D46DE8}") = "Objective 2.2 - Consume types", "Objective 2.2 - Consume types", "{ED7DC818-2F93-44DF-A206-6CC8BBDC6A99}"
EndProject
Project("{2150E333-8FDC-42A3-9474-1A3956D46DE8}") = "Objective 2.3 - Enforce encapsulation", "Objective 2.3 - Enforce encapsulation", "{3B7D2079-914F-4B42-9370-2E12B605A2B6}"
EndProject
Project("{2150E333-8FDC-42A3-9474-1A3956D46DE8}") = "Objective 2.4 - Create and implement a class hierarchy", "Objective 2.4 - Create and implement a class hierarchy", "{BCCB0E3F-BB19-4DDF-ACD8-F9CD76FB6514}"
EndProject
Project("{2150E333-8FDC-42A3-9474-1A3956D46DE8}") = "Objective 2.5 - Find, execute, and create types", "Objective 2.5 - Find, execute, and create types", "{80C5C789-FEAC-4FEC-93A3-3D99A33B08D5}"
EndProject
Project("{2150E333-8FDC-42A3-9474-1A3956D46DE8}") = "Objective 2.6 - Manage the object life cycle", "Objective 2.6 - Manage the object life cycle", "{D1E9F2F7-E142-4D91-B5B0-1B4B397CF545}"
EndProject
Project("{2150E333-8FDC-42A3-9474-1A3956D46DE8}") = "Objective 2.7 - Manipulate strings", "Objective 2.7 - Manipulate strings", "{BA4DBC68-A96D-4381-A6D8-5EBBCAB8156D}"
EndProject
Project("{FAE04EC0-301F-11D3-BF4B-00C04F79EFBC}") = "Example2.19", "Objective2.2\Example2.19\Example2.19.csproj", "{BAAFE31B-3197-4A9F-9001-3C28EBE80D09}"
EndProject
Project("{FAE04EC0-301F-11D3-BF4B-00C04F79EFBC}") = "Example2.20", "Objective2.2\Example2.20\Example2.20.csproj", "{473679D8-3DF4-4D7C-A569-F3A960037175}"
EndProject
Project("{FAE04EC0-301F-11D3-BF4B-00C04F79EFBC}") = "Example2.21", "Objective2.2\Example2.21\Example2.21.csproj", "{959EC975-4CCD-4834-AFC3-BFF741B399FF}"
EndProject
Project("{FAE04EC0-301F-11D3-BF4B-00C04F79EFBC}") = "Example2.22", "Objective2.2\Example2.22\Example2.22.csproj", "{BB91368B-CDBA-4183-9460-07374C918EF0}"
EndProject
Project("{FAE04EC0-301F-11D3-BF4B-00C04F79EFBC}") = "Example2.23", "Objective2.2\Example2.23\Example2.23.csproj", "{F2F6F90F-1FFA-447F-AB85-9A2F5E9FBE83}"
EndProject
Project("{FAE04EC0-301F-11D3-BF4B-00C04F79EFBC}") = "Example2.24_2.25", "Objective2.2\Example2.24_2.25\Example2.24_2.25.csproj", "{6490B6BF-3FE5-4F35-8FEB-4C7E998E6976}"
EndProject
Project("{FAE04EC0-301F-11D3-BF4B-00C04F79EFBC}") = "Example2.26", "Objective2.2\Example2.26\Example2.26.csproj", "{AE06CA10-7F98-4426-888F-2F96AE85A616}"
EndProject
Project("{FAE04EC0-301F-11D3-BF4B-00C04F79EFBC}") = "Example2.27", "Objective2.2\Example2.27\Example2.27.csproj", "{07919E67-3617-48A0-BD87-EE388162A58B}"
EndProject
Project("{FAE04EC0-301F-11D3-BF4B-00C04F79EFBC}") = "Example2.28", "Objective2.2\Example2.28\Example2.28.csproj", "{446525C8-EB03-4B27-A2BA-22A48AF99C50}"
EndProject
Project("{FAE04EC0-301F-11D3-BF4B-00C04F79EFBC}") = "Example2.29", "Objective2.2\Example2.29\Example2.29.csproj", "{5CF316A6-AC3A-47C0-B97F-AB85F15F9F54}"
EndProject
Project("{FAE04EC0-301F-11D3-BF4B-00C04F79EFBC}") = "Example2.31", "Objective2.3\Example2.31\Example2.31.csproj", "{96B876FC-C164-4FCF-9C35-752C8DBDAFAB}"
EndProject
Project("{FAE04EC0-301F-11D3-BF4B-00C04F79EFBC}") = "Example2.32", "Objective2.3\Example2.32\Example2.32.csproj", "{791A2E54-7876-4804-B2DC-EC6DBD70A86C}"
EndProject
Project("{FAE04EC0-301F-11D3-BF4B-00C04F79EFBC}") = "Example2.33", "Objective2.3\Example2.33\Example2.33.csproj", "{30DD989C-910F-4E9D-9FF6-620147B020C4}"
EndProject
Project("{FAE04EC0-301F-11D3-BF4B-00C04F79EFBC}") = "Example2.34", "Objective2.3\Example2.34\Example2.34.csproj", "{AEA6F825-FA23-4965-B56C-776911A44AA1}"
EndProject
Project("{FAE04EC0-301F-11D3-BF4B-00C04F79EFBC}") = "Example2.35", "Objective2.3\Example2.35\Example2.35.csproj", "{B34BC7F5-7214-4308-A9AF-BC5A978023E1}"
EndProject
Project("{FAE04EC0-301F-11D3-BF4B-00C04F79EFBC}") = "Example2.35b", "Objective2.3\Example2.35b\Example2.35b.csproj", "{B9D1C89A-5106-45BF-9980-09B8C3130E24}"
EndProject
Project("{FAE04EC0-301F-11D3-BF4B-00C04F79EFBC}") = "Example2.36", "Objective2.3\Example2.36\Example2.36.csproj", "{E16D05E1-A39D-4233-809C-826CFE124290}"
EndProject
Project("{FAE04EC0-301F-11D3-BF4B-00C04F79EFBC}") = "Example2.37", "Objective2.3\Example2.37\Example2.37.csproj", "{9B577311-868B-40D4-B779-AF69990E84A9}"
EndProject
Project("{FAE04EC0-301F-11D3-BF4B-00C04F79EFBC}") = "Example2.38", "Objective2.3\Example2.38\Example2.38.csproj", "{DDFFD303-3990-4CED-8BB9-C93B0D683D06}"
EndProject
Project("{FAE04EC0-301F-11D3-BF4B-00C04F79EFBC}") = "Example2.39", "Objective2.3\Example2.39\Example2.39.csproj", "{2C8FDB5B-355A-4130-9EAE-848F148EE4DB}"
EndProject
Project("{FAE04EC0-301F-11D3-BF4B-00C04F79EFBC}") = "Example2.40", "Objective2.3\Example2.40\Example2.40.csproj", "{55ABE229-542E-4F54-92FD-4F22EF34F9BE}"
EndProject
Project("{FAE04EC0-301F-11D3-BF4B-00C04F79EFBC}") = "Example2.41", "Objective2.4\Example2.41\Example2.41.csproj", "{B64BC538-12D1-46B7-BE88-631C0E4CD387}"
EndProject
Project("{FAE04EC0-301F-11D3-BF4B-00C04F79EFBC}") = "Example2.42", "Objective2.4\Example2.42\Example2.42.csproj", "{C1EEF485-D47C-42A0-8497-44A9238EF099}"
EndProject
Project("{FAE04EC0-301F-11D3-BF4B-00C04F79EFBC}") = "Example2.43", "Objective2.4\Example2.43\Example2.43.csproj", "{798D344D-1422-47F6-BA32-23519E05A042}"
EndProject
Project("{FAE04EC0-301F-11D3-BF4B-00C04F79EFBC}") = "Example2.44", "Objective2.4\Example2.44\Example2.44.csproj", "{11F81F24-3747-4E37-8098-798755305BFB}"
EndProject
Project("{FAE04EC0-301F-11D3-BF4B-00C04F79EFBC}") = "Example2.45", "Objective2.4\Example2.45\Example2.45.csproj", "{3CB5BD0B-B0DC-4F51-A9D5-20C1CF66B410}"
EndProject
Project("{FAE04EC0-301F-11D3-BF4B-00C04F79EFBC}") = "Example2.46", "Objective2.4\Example2.46\Example2.46.csproj", "{38084C94-AE92-4DED-A974-3A820F54FBA5}"
EndProject
Project("{FAE04EC0-301F-11D3-BF4B-00C04F79EFBC}") = "Example2.47", "Objective2.4\Example2.47\Example2.47.csproj", "{8B13E31A-26E9-4088-A2BE-77B683480296}"
EndProject
Project("{FAE04EC0-301F-11D3-BF4B-00C04F79EFBC}") = "Example2.48", "Objective2.4\Example2.48\Example2.48.csproj", "{74CA2724-F242-4662-AEAB-EFFC32EC2C18}"
EndProject
Project("{FAE04EC0-301F-11D3-BF4B-00C04F79EFBC}") = "Example2.49", "Objective2.4\Example2.49\Example2.49.csproj", "{AE5CEAE6-F891-4E87-9F4F-154CFD9E1907}"
EndProject
Project("{FAE04EC0-301F-11D3-BF4B-00C04F79EFBC}") = "Example2.50", "Objective2.4\Example2.50\Example2.50.csproj", "{55D1A5E1-50CB-42AD-85F7-5CC810EF1222}"
EndProject
Project("{FAE04EC0-301F-11D3-BF4B-00C04F79EFBC}") = "Example2.54", "Objective2.4\Example2.54\Example2.54.csproj", "{44B1DACC-3D47-4B2B-B6C1-AED9395741BA}"
EndProject
Project("{FAE04EC0-301F-11D3-BF4B-00C04F79EFBC}") = "Example2.56", "Objective2.4\Example2.56\Example2.56.csproj", "{9EBA9C1B-1CA0-4750-A5C9-A99205ECAA03}"
EndProject
Project("{FAE04EC0-301F-11D3-BF4B-00C04F79EFBC}") = "Example2.58", "Objective2.5\Example2.58\Example2.58.csproj", "{CB7653E1-A290-409A-AB82-82B056303F40}"
EndProject
Project("{FAE04EC0-301F-11D3-BF4B-00C04F79EFBC}") = "Example2.64", "Objective2.5\Example2.64\Example2.64.csproj", "{68E204FB-4B53-469D-851B-2FBF08041AE4}"
EndProject
Project("{FAE04EC0-301F-11D3-BF4B-00C04F79EFBC}") = "Example2.66", "Objective2.5\Example2.66\Example2.66.csproj", "{DC414A74-E412-4C5B-A9FC-E9A707A74FC6}"
EndProject
Project("{FAE04EC0-301F-11D3-BF4B-00C04F79EFBC}") = "Example2.69", "Objective2.5\Example2.69\Example2.69.csproj", "{611D7ABC-1009-44A5-8DEB-711CD847D146}"
EndProject
Project("{FAE04EC0-301F-11D3-BF4B-00C04F79EFBC}") = "Example2.72", "Objective2.5\Example2.72\Example2.72.csproj", "{CE2129FC-8B90-4652-94F7-E2BBBA524CE0}"
EndProject
Project("{FAE04EC0-301F-11D3-BF4B-00C04F79EFBC}") = "Example2.73", "Objective2.5\Example2.73\Example2.73.csproj", "{5BF118C8-177C-4696-AFBF-B466A07F758D}"
EndProject
Project("{FAE04EC0-301F-11D3-BF4B-00C04F79EFBC}") = "Example2.74", "Objective2.5\Example2.74\Example2.74.csproj", "{4B08CA7D-A54D-4352-9B4D-44FDF7872FF7}"
EndProject
Project("{FAE04EC0-301F-11D3-BF4B-00C04F79EFBC}") = "Example2.77", "Objective2.5\Example2.77\Example2.77.csproj", "{C0053FDF-B54B-4BCC-A568-5492200B8CA2}"
EndProject
Project("{FAE04EC0-301F-11D3-BF4B-00C04F79EFBC}") = "Example2.78", "Objective2.5\Example2.78\Example2.78.csproj", "{04DB1889-43F9-454B-8857-7B1B9FEC07A8}"
EndProject
Project("{FAE04EC0-301F-11D3-BF4B-00C04F79EFBC}") = "Example2.79", "Objective2.6\Example2.79\Example2.79.csproj", "{60F7543E-FE9D-42A1-B1ED-6290D170A252}"
EndProject
Project("{FAE04EC0-301F-11D3-BF4B-00C04F79EFBC}") = "Example2.80", "Objective2.6\Example2.80\Example2.80.csproj", "{FCBEB858-A9E5-4F51-AF4C-91CBFE244FAD}"
EndProject
Project("{FAE04EC0-301F-11D3-BF4B-00C04F79EFBC}") = "Example2.83", "Objective2.6\Example2.83\Example2.83.csproj", "{2FF43C8E-1B60-4E9E-88F1-700B071BD182}"
EndProject
Project("{FAE04EC0-301F-11D3-BF4B-00C04F79EFBC}") = "Example2.84", "Objective2.6\Example2.84\Example2.84.csproj", "{50894258-D0B8-4923-BD17-D65CA837F606}"
EndProject
Project("{FAE04EC0-301F-11D3-BF4B-00C04F79EFBC}") = "Example2.85", "Objective2.6\Example2.85\Example2.85.csproj", "{639F465F-8303-4C17-880C-C752DEFEE780}"
EndProject
Project("{FAE04EC0-301F-11D3-BF4B-00C04F79EFBC}") = "Example2.87", "Objective2.7\Example2.87\Example2.87.csproj", "{7DD3F57C-05D1-4998-A392-35A26AD0C7D8}"
EndProject
Project("{FAE04EC0-301F-11D3-BF4B-00C04F79EFBC}") = "Example2.89", "Objective2.7\Example2.89\Example2.89.csproj", "{DFCD75EE-66EE-4991-A913-79BC2B2A68E8}"
EndProject
Project("{FAE04EC0-301F-11D3-BF4B-00C04F79EFBC}") = "Example2.94", "Objective2.7\Example2.94\Example2.94.csproj", "{E81D2973-ED95-44D0-98A9-19B468ED49ED}"
EndProject
Project("{FAE04EC0-301F-11D3-BF4B-00C04F79EFBC}") = "Example2.95", "Objective2.7\Example2.95\Example2.95.csproj", "{BF6D3D68-5E9E-4D03-98F9-387E0F13E874}"
EndProject
Project("{FAE04EC0-301F-11D3-BF4B-00C04F79EFBC}") = "Example2.96", "Objective2.7\Example2.96\Example2.96.csproj", "{D4CE45F0-111B-490D-8885-D7001764EAB4}"
EndProject
Project("{FAE04EC0-301F-11D3-BF4B-00C04F79EFBC}") = "Example2.97", "Objective2.7\Example2.97\Example2.97.csproj", "{7A1C2A4C-1F48-4B5D-90E0-B148A897E158}"
EndProject
Project("{FAE04EC0-301F-11D3-BF4B-00C04F79EFBC}") = "Example2.99", "Objective2.7\Example2.99\Example2.99.csproj", "{1D6E0E0D-DC0B-459D-92E5-7F2B373EDCF8}"
EndProject
Global
	GlobalSection(SolutionConfigurationPlatforms) = preSolution
		Debug|Any CPU = Debug|Any CPU
		Release|Any CPU = Release|Any CPU
	EndGlobalSection
	GlobalSection(ProjectConfigurationPlatforms) = postSolution
		{7635BA4F-29EB-4552-8DEC-3B0D1D0BA9E1}.Debug|Any CPU.ActiveCfg = Debug|Any CPU
		{7635BA4F-29EB-4552-8DEC-3B0D1D0BA9E1}.Debug|Any CPU.Build.0 = Debug|Any CPU
		{7635BA4F-29EB-4552-8DEC-3B0D1D0BA9E1}.Release|Any CPU.ActiveCfg = Release|Any CPU
		{7635BA4F-29EB-4552-8DEC-3B0D1D0BA9E1}.Release|Any CPU.Build.0 = Release|Any CPU
		{716E3426-B179-489A-846E-69DDD6494AD9}.Debug|Any CPU.ActiveCfg = Debug|Any CPU
		{716E3426-B179-489A-846E-69DDD6494AD9}.Debug|Any CPU.Build.0 = Debug|Any CPU
		{716E3426-B179-489A-846E-69DDD6494AD9}.Release|Any CPU.ActiveCfg = Release|Any CPU
		{716E3426-B179-489A-846E-69DDD6494AD9}.Release|Any CPU.Build.0 = Release|Any CPU
		{692DEEB3-98AA-4420-9D87-A68B36EC761B}.Debug|Any CPU.ActiveCfg = Debug|Any CPU
		{692DEEB3-98AA-4420-9D87-A68B36EC761B}.Debug|Any CPU.Build.0 = Debug|Any CPU
		{692DEEB3-98AA-4420-9D87-A68B36EC761B}.Release|Any CPU.ActiveCfg = Release|Any CPU
		{692DEEB3-98AA-4420-9D87-A68B36EC761B}.Release|Any CPU.Build.0 = Release|Any CPU
		{39A8BE9E-F273-4098-8464-F82DCCC88303}.Debug|Any CPU.ActiveCfg = Debug|Any CPU
		{39A8BE9E-F273-4098-8464-F82DCCC88303}.Debug|Any CPU.Build.0 = Debug|Any CPU
		{39A8BE9E-F273-4098-8464-F82DCCC88303}.Release|Any CPU.ActiveCfg = Release|Any CPU
		{39A8BE9E-F273-4098-8464-F82DCCC88303}.Release|Any CPU.Build.0 = Release|Any CPU
		{80223F2D-B81C-42F5-BFDB-45AFF2CEC0AC}.Debug|Any CPU.ActiveCfg = Debug|Any CPU
		{80223F2D-B81C-42F5-BFDB-45AFF2CEC0AC}.Debug|Any CPU.Build.0 = Debug|Any CPU
		{80223F2D-B81C-42F5-BFDB-45AFF2CEC0AC}.Release|Any CPU.ActiveCfg = Release|Any CPU
		{80223F2D-B81C-42F5-BFDB-45AFF2CEC0AC}.Release|Any CPU.Build.0 = Release|Any CPU
		{27E8D4EE-670B-4C63-B9D1-5EFD629A9008}.Debug|Any CPU.ActiveCfg = Debug|Any CPU
		{27E8D4EE-670B-4C63-B9D1-5EFD629A9008}.Debug|Any CPU.Build.0 = Debug|Any CPU
		{27E8D4EE-670B-4C63-B9D1-5EFD629A9008}.Release|Any CPU.ActiveCfg = Release|Any CPU
		{27E8D4EE-670B-4C63-B9D1-5EFD629A9008}.Release|Any CPU.Build.0 = Release|Any CPU
		{F1A4836D-8974-499D-8994-127E72B50045}.Debug|Any CPU.ActiveCfg = Debug|Any CPU
		{F1A4836D-8974-499D-8994-127E72B50045}.Debug|Any CPU.Build.0 = Debug|Any CPU
		{F1A4836D-8974-499D-8994-127E72B50045}.Release|Any CPU.ActiveCfg = Release|Any CPU
		{F1A4836D-8974-499D-8994-127E72B50045}.Release|Any CPU.Build.0 = Release|Any CPU
		{C459C6B8-1B72-4DDA-A61C-301D5CE3DAFC}.Debug|Any CPU.ActiveCfg = Debug|Any CPU
		{C459C6B8-1B72-4DDA-A61C-301D5CE3DAFC}.Debug|Any CPU.Build.0 = Debug|Any CPU
		{C459C6B8-1B72-4DDA-A61C-301D5CE3DAFC}.Release|Any CPU.ActiveCfg = Release|Any CPU
		{C459C6B8-1B72-4DDA-A61C-301D5CE3DAFC}.Release|Any CPU.Build.0 = Release|Any CPU
		{4D489471-3EBF-498F-88CB-4E158D770C9A}.Debug|Any CPU.ActiveCfg = Debug|Any CPU
		{4D489471-3EBF-498F-88CB-4E158D770C9A}.Debug|Any CPU.Build.0 = Debug|Any CPU
		{4D489471-3EBF-498F-88CB-4E158D770C9A}.Release|Any CPU.ActiveCfg = Release|Any CPU
		{4D489471-3EBF-498F-88CB-4E158D770C9A}.Release|Any CPU.Build.0 = Release|Any CPU
		{246AB273-6876-495C-9B79-891217D4D813}.Debug|Any CPU.ActiveCfg = Debug|Any CPU
		{246AB273-6876-495C-9B79-891217D4D813}.Debug|Any CPU.Build.0 = Debug|Any CPU
		{246AB273-6876-495C-9B79-891217D4D813}.Release|Any CPU.ActiveCfg = Release|Any CPU
		{246AB273-6876-495C-9B79-891217D4D813}.Release|Any CPU.Build.0 = Release|Any CPU
		{EA3E7B61-D5FE-430A-B98D-87F80AA4DEFE}.Debug|Any CPU.ActiveCfg = Debug|Any CPU
		{EA3E7B61-D5FE-430A-B98D-87F80AA4DEFE}.Debug|Any CPU.Build.0 = Debug|Any CPU
		{EA3E7B61-D5FE-430A-B98D-87F80AA4DEFE}.Release|Any CPU.ActiveCfg = Release|Any CPU
		{EA3E7B61-D5FE-430A-B98D-87F80AA4DEFE}.Release|Any CPU.Build.0 = Release|Any CPU
		{CD02B52A-FADC-4B87-93A3-2CC747F57D29}.Debug|Any CPU.ActiveCfg = Debug|Any CPU
		{CD02B52A-FADC-4B87-93A3-2CC747F57D29}.Debug|Any CPU.Build.0 = Debug|Any CPU
		{CD02B52A-FADC-4B87-93A3-2CC747F57D29}.Release|Any CPU.ActiveCfg = Release|Any CPU
		{CD02B52A-FADC-4B87-93A3-2CC747F57D29}.Release|Any CPU.Build.0 = Release|Any CPU
		{5C1BDDAC-3CD8-4478-8066-E933AE4B051C}.Debug|Any CPU.ActiveCfg = Debug|Any CPU
		{5C1BDDAC-3CD8-4478-8066-E933AE4B051C}.Debug|Any CPU.Build.0 = Debug|Any CPU
		{5C1BDDAC-3CD8-4478-8066-E933AE4B051C}.Release|Any CPU.ActiveCfg = Release|Any CPU
		{5C1BDDAC-3CD8-4478-8066-E933AE4B051C}.Release|Any CPU.Build.0 = Release|Any CPU
		{2907F909-58DC-4B16-8A60-1DEC8880A672}.Debug|Any CPU.ActiveCfg = Debug|Any CPU
		{2907F909-58DC-4B16-8A60-1DEC8880A672}.Debug|Any CPU.Build.0 = Debug|Any CPU
		{2907F909-58DC-4B16-8A60-1DEC8880A672}.Release|Any CPU.ActiveCfg = Release|Any CPU
		{2907F909-58DC-4B16-8A60-1DEC8880A672}.Release|Any CPU.Build.0 = Release|Any CPU
		{461F4890-4FCF-45F2-902F-F5A1BC144CAB}.Debug|Any CPU.ActiveCfg = Debug|Any CPU
		{461F4890-4FCF-45F2-902F-F5A1BC144CAB}.Debug|Any CPU.Build.0 = Debug|Any CPU
		{461F4890-4FCF-45F2-902F-F5A1BC144CAB}.Release|Any CPU.ActiveCfg = Release|Any CPU
		{461F4890-4FCF-45F2-902F-F5A1BC144CAB}.Release|Any CPU.Build.0 = Release|Any CPU
		{22805CA1-8C14-4417-A30D-90C5BBB65368}.Debug|Any CPU.ActiveCfg = Debug|Any CPU
		{22805CA1-8C14-4417-A30D-90C5BBB65368}.Debug|Any CPU.Build.0 = Debug|Any CPU
		{22805CA1-8C14-4417-A30D-90C5BBB65368}.Release|Any CPU.ActiveCfg = Release|Any CPU
		{22805CA1-8C14-4417-A30D-90C5BBB65368}.Release|Any CPU.Build.0 = Release|Any CPU
		{E33ED990-0E49-49D9-8221-3517A304C972}.Debug|Any CPU.ActiveCfg = Debug|Any CPU
		{E33ED990-0E49-49D9-8221-3517A304C972}.Debug|Any CPU.Build.0 = Debug|Any CPU
		{E33ED990-0E49-49D9-8221-3517A304C972}.Release|Any CPU.ActiveCfg = Release|Any CPU
		{E33ED990-0E49-49D9-8221-3517A304C972}.Release|Any CPU.Build.0 = Release|Any CPU
		{6DF64911-61F3-4B3D-A73C-F5919705D7B6}.Debug|Any CPU.ActiveCfg = Debug|Any CPU
		{6DF64911-61F3-4B3D-A73C-F5919705D7B6}.Debug|Any CPU.Build.0 = Debug|Any CPU
		{6DF64911-61F3-4B3D-A73C-F5919705D7B6}.Release|Any CPU.ActiveCfg = Release|Any CPU
		{6DF64911-61F3-4B3D-A73C-F5919705D7B6}.Release|Any CPU.Build.0 = Release|Any CPU
		{BAAFE31B-3197-4A9F-9001-3C28EBE80D09}.Debug|Any CPU.ActiveCfg = Debug|Any CPU
		{BAAFE31B-3197-4A9F-9001-3C28EBE80D09}.Debug|Any CPU.Build.0 = Debug|Any CPU
		{BAAFE31B-3197-4A9F-9001-3C28EBE80D09}.Release|Any CPU.ActiveCfg = Release|Any CPU
		{BAAFE31B-3197-4A9F-9001-3C28EBE80D09}.Release|Any CPU.Build.0 = Release|Any CPU
		{473679D8-3DF4-4D7C-A569-F3A960037175}.Debug|Any CPU.ActiveCfg = Debug|Any CPU
		{473679D8-3DF4-4D7C-A569-F3A960037175}.Debug|Any CPU.Build.0 = Debug|Any CPU
		{473679D8-3DF4-4D7C-A569-F3A960037175}.Release|Any CPU.ActiveCfg = Release|Any CPU
		{473679D8-3DF4-4D7C-A569-F3A960037175}.Release|Any CPU.Build.0 = Release|Any CPU
		{959EC975-4CCD-4834-AFC3-BFF741B399FF}.Debug|Any CPU.ActiveCfg = Debug|Any CPU
		{959EC975-4CCD-4834-AFC3-BFF741B399FF}.Debug|Any CPU.Build.0 = Debug|Any CPU
		{959EC975-4CCD-4834-AFC3-BFF741B399FF}.Release|Any CPU.ActiveCfg = Release|Any CPU
		{959EC975-4CCD-4834-AFC3-BFF741B399FF}.Release|Any CPU.Build.0 = Release|Any CPU
		{BB91368B-CDBA-4183-9460-07374C918EF0}.Debug|Any CPU.ActiveCfg = Debug|Any CPU
		{BB91368B-CDBA-4183-9460-07374C918EF0}.Debug|Any CPU.Build.0 = Debug|Any CPU
		{BB91368B-CDBA-4183-9460-07374C918EF0}.Release|Any CPU.ActiveCfg = Release|Any CPU
		{BB91368B-CDBA-4183-9460-07374C918EF0}.Release|Any CPU.Build.0 = Release|Any CPU
		{F2F6F90F-1FFA-447F-AB85-9A2F5E9FBE83}.Debug|Any CPU.ActiveCfg = Debug|Any CPU
		{F2F6F90F-1FFA-447F-AB85-9A2F5E9FBE83}.Debug|Any CPU.Build.0 = Debug|Any CPU
		{F2F6F90F-1FFA-447F-AB85-9A2F5E9FBE83}.Release|Any CPU.ActiveCfg = Release|Any CPU
		{F2F6F90F-1FFA-447F-AB85-9A2F5E9FBE83}.Release|Any CPU.Build.0 = Release|Any CPU
		{6490B6BF-3FE5-4F35-8FEB-4C7E998E6976}.Debug|Any CPU.ActiveCfg = Debug|Any CPU
		{6490B6BF-3FE5-4F35-8FEB-4C7E998E6976}.Debug|Any CPU.Build.0 = Debug|Any CPU
		{6490B6BF-3FE5-4F35-8FEB-4C7E998E6976}.Release|Any CPU.ActiveCfg = Release|Any CPU
		{6490B6BF-3FE5-4F35-8FEB-4C7E998E6976}.Release|Any CPU.Build.0 = Release|Any CPU
		{AE06CA10-7F98-4426-888F-2F96AE85A616}.Debug|Any CPU.ActiveCfg = Debug|Any CPU
		{AE06CA10-7F98-4426-888F-2F96AE85A616}.Debug|Any CPU.Build.0 = Debug|Any CPU
		{AE06CA10-7F98-4426-888F-2F96AE85A616}.Release|Any CPU.ActiveCfg = Release|Any CPU
		{AE06CA10-7F98-4426-888F-2F96AE85A616}.Release|Any CPU.Build.0 = Release|Any CPU
		{07919E67-3617-48A0-BD87-EE388162A58B}.Debug|Any CPU.ActiveCfg = Debug|Any CPU
		{07919E67-3617-48A0-BD87-EE388162A58B}.Debug|Any CPU.Build.0 = Debug|Any CPU
		{07919E67-3617-48A0-BD87-EE388162A58B}.Release|Any CPU.ActiveCfg = Release|Any CPU
		{07919E67-3617-48A0-BD87-EE388162A58B}.Release|Any CPU.Build.0 = Release|Any CPU
		{446525C8-EB03-4B27-A2BA-22A48AF99C50}.Debug|Any CPU.ActiveCfg = Debug|Any CPU
		{446525C8-EB03-4B27-A2BA-22A48AF99C50}.Debug|Any CPU.Build.0 = Debug|Any CPU
		{446525C8-EB03-4B27-A2BA-22A48AF99C50}.Release|Any CPU.ActiveCfg = Release|Any CPU
		{446525C8-EB03-4B27-A2BA-22A48AF99C50}.Release|Any CPU.Build.0 = Release|Any CPU
		{5CF316A6-AC3A-47C0-B97F-AB85F15F9F54}.Debug|Any CPU.ActiveCfg = Debug|Any CPU
		{5CF316A6-AC3A-47C0-B97F-AB85F15F9F54}.Debug|Any CPU.Build.0 = Debug|Any CPU
		{5CF316A6-AC3A-47C0-B97F-AB85F15F9F54}.Release|Any CPU.ActiveCfg = Release|Any CPU
		{5CF316A6-AC3A-47C0-B97F-AB85F15F9F54}.Release|Any CPU.Build.0 = Release|Any CPU
		{96B876FC-C164-4FCF-9C35-752C8DBDAFAB}.Debug|Any CPU.ActiveCfg = Debug|Any CPU
		{96B876FC-C164-4FCF-9C35-752C8DBDAFAB}.Debug|Any CPU.Build.0 = Debug|Any CPU
		{96B876FC-C164-4FCF-9C35-752C8DBDAFAB}.Release|Any CPU.ActiveCfg = Release|Any CPU
		{96B876FC-C164-4FCF-9C35-752C8DBDAFAB}.Release|Any CPU.Build.0 = Release|Any CPU
		{791A2E54-7876-4804-B2DC-EC6DBD70A86C}.Debug|Any CPU.ActiveCfg = Debug|Any CPU
		{791A2E54-7876-4804-B2DC-EC6DBD70A86C}.Debug|Any CPU.Build.0 = Debug|Any CPU
		{791A2E54-7876-4804-B2DC-EC6DBD70A86C}.Release|Any CPU.ActiveCfg = Release|Any CPU
		{791A2E54-7876-4804-B2DC-EC6DBD70A86C}.Release|Any CPU.Build.0 = Release|Any CPU
		{30DD989C-910F-4E9D-9FF6-620147B020C4}.Debug|Any CPU.ActiveCfg = Debug|Any CPU
		{30DD989C-910F-4E9D-9FF6-620147B020C4}.Debug|Any CPU.Build.0 = Debug|Any CPU
		{30DD989C-910F-4E9D-9FF6-620147B020C4}.Release|Any CPU.ActiveCfg = Release|Any CPU
		{30DD989C-910F-4E9D-9FF6-620147B020C4}.Release|Any CPU.Build.0 = Release|Any CPU
		{AEA6F825-FA23-4965-B56C-776911A44AA1}.Debug|Any CPU.ActiveCfg = Debug|Any CPU
		{AEA6F825-FA23-4965-B56C-776911A44AA1}.Debug|Any CPU.Build.0 = Debug|Any CPU
		{AEA6F825-FA23-4965-B56C-776911A44AA1}.Release|Any CPU.ActiveCfg = Release|Any CPU
		{AEA6F825-FA23-4965-B56C-776911A44AA1}.Release|Any CPU.Build.0 = Release|Any CPU
		{B34BC7F5-7214-4308-A9AF-BC5A978023E1}.Debug|Any CPU.ActiveCfg = Debug|Any CPU
		{B34BC7F5-7214-4308-A9AF-BC5A978023E1}.Debug|Any CPU.Build.0 = Debug|Any CPU
		{B34BC7F5-7214-4308-A9AF-BC5A978023E1}.Release|Any CPU.ActiveCfg = Release|Any CPU
		{B34BC7F5-7214-4308-A9AF-BC5A978023E1}.Release|Any CPU.Build.0 = Release|Any CPU
		{E16D05E1-A39D-4233-809C-826CFE124290}.Debug|Any CPU.ActiveCfg = Debug|Any CPU
		{E16D05E1-A39D-4233-809C-826CFE124290}.Debug|Any CPU.Build.0 = Debug|Any CPU
		{E16D05E1-A39D-4233-809C-826CFE124290}.Release|Any CPU.ActiveCfg = Release|Any CPU
		{E16D05E1-A39D-4233-809C-826CFE124290}.Release|Any CPU.Build.0 = Release|Any CPU
		{9B577311-868B-40D4-B779-AF69990E84A9}.Debug|Any CPU.ActiveCfg = Debug|Any CPU
		{9B577311-868B-40D4-B779-AF69990E84A9}.Debug|Any CPU.Build.0 = Debug|Any CPU
		{9B577311-868B-40D4-B779-AF69990E84A9}.Release|Any CPU.ActiveCfg = Release|Any CPU
		{9B577311-868B-40D4-B779-AF69990E84A9}.Release|Any CPU.Build.0 = Release|Any CPU
		{DDFFD303-3990-4CED-8BB9-C93B0D683D06}.Debug|Any CPU.ActiveCfg = Debug|Any CPU
		{DDFFD303-3990-4CED-8BB9-C93B0D683D06}.Debug|Any CPU.Build.0 = Debug|Any CPU
		{DDFFD303-3990-4CED-8BB9-C93B0D683D06}.Release|Any CPU.ActiveCfg = Release|Any CPU
		{DDFFD303-3990-4CED-8BB9-C93B0D683D06}.Release|Any CPU.Build.0 = Release|Any CPU
		{2C8FDB5B-355A-4130-9EAE-848F148EE4DB}.Debug|Any CPU.ActiveCfg = Debug|Any CPU
		{2C8FDB5B-355A-4130-9EAE-848F148EE4DB}.Debug|Any CPU.Build.0 = Debug|Any CPU
		{2C8FDB5B-355A-4130-9EAE-848F148EE4DB}.Release|Any CPU.ActiveCfg = Release|Any CPU
		{2C8FDB5B-355A-4130-9EAE-848F148EE4DB}.Release|Any CPU.Build.0 = Release|Any CPU
		{55ABE229-542E-4F54-92FD-4F22EF34F9BE}.Debug|Any CPU.ActiveCfg = Debug|Any CPU
		{55ABE229-542E-4F54-92FD-4F22EF34F9BE}.Debug|Any CPU.Build.0 = Debug|Any CPU
		{55ABE229-542E-4F54-92FD-4F22EF34F9BE}.Release|Any CPU.ActiveCfg = Release|Any CPU
		{55ABE229-542E-4F54-92FD-4F22EF34F9BE}.Release|Any CPU.Build.0 = Release|Any CPU
		{B64BC538-12D1-46B7-BE88-631C0E4CD387}.Debug|Any CPU.ActiveCfg = Debug|Any CPU
		{B64BC538-12D1-46B7-BE88-631C0E4CD387}.Debug|Any CPU.Build.0 = Debug|Any CPU
		{B64BC538-12D1-46B7-BE88-631C0E4CD387}.Release|Any CPU.ActiveCfg = Release|Any CPU
		{B64BC538-12D1-46B7-BE88-631C0E4CD387}.Release|Any CPU.Build.0 = Release|Any CPU
		{C1EEF485-D47C-42A0-8497-44A9238EF099}.Debug|Any CPU.ActiveCfg = Debug|Any CPU
		{C1EEF485-D47C-42A0-8497-44A9238EF099}.Debug|Any CPU.Build.0 = Debug|Any CPU
		{C1EEF485-D47C-42A0-8497-44A9238EF099}.Release|Any CPU.ActiveCfg = Release|Any CPU
		{C1EEF485-D47C-42A0-8497-44A9238EF099}.Release|Any CPU.Build.0 = Release|Any CPU
		{798D344D-1422-47F6-BA32-23519E05A042}.Debug|Any CPU.ActiveCfg = Debug|Any CPU
		{798D344D-1422-47F6-BA32-23519E05A042}.Debug|Any CPU.Build.0 = Debug|Any CPU
		{798D344D-1422-47F6-BA32-23519E05A042}.Release|Any CPU.ActiveCfg = Release|Any CPU
		{798D344D-1422-47F6-BA32-23519E05A042}.Release|Any CPU.Build.0 = Release|Any CPU
		{11F81F24-3747-4E37-8098-798755305BFB}.Debug|Any CPU.ActiveCfg = Debug|Any CPU
		{11F81F24-3747-4E37-8098-798755305BFB}.Debug|Any CPU.Build.0 = Debug|Any CPU
		{11F81F24-3747-4E37-8098-798755305BFB}.Release|Any CPU.ActiveCfg = Release|Any CPU
		{11F81F24-3747-4E37-8098-798755305BFB}.Release|Any CPU.Build.0 = Release|Any CPU
		{3CB5BD0B-B0DC-4F51-A9D5-20C1CF66B410}.Debug|Any CPU.ActiveCfg = Debug|Any CPU
		{3CB5BD0B-B0DC-4F51-A9D5-20C1CF66B410}.Debug|Any CPU.Build.0 = Debug|Any CPU
		{3CB5BD0B-B0DC-4F51-A9D5-20C1CF66B410}.Release|Any CPU.ActiveCfg = Release|Any CPU
		{3CB5BD0B-B0DC-4F51-A9D5-20C1CF66B410}.Release|Any CPU.Build.0 = Release|Any CPU
		{38084C94-AE92-4DED-A974-3A820F54FBA5}.Debug|Any CPU.ActiveCfg = Debug|Any CPU
		{38084C94-AE92-4DED-A974-3A820F54FBA5}.Debug|Any CPU.Build.0 = Debug|Any CPU
		{38084C94-AE92-4DED-A974-3A820F54FBA5}.Release|Any CPU.ActiveCfg = Release|Any CPU
		{38084C94-AE92-4DED-A974-3A820F54FBA5}.Release|Any CPU.Build.0 = Release|Any CPU
		{8B13E31A-26E9-4088-A2BE-77B683480296}.Debug|Any CPU.ActiveCfg = Debug|Any CPU
		{8B13E31A-26E9-4088-A2BE-77B683480296}.Debug|Any CPU.Build.0 = Debug|Any CPU
		{8B13E31A-26E9-4088-A2BE-77B683480296}.Release|Any CPU.ActiveCfg = Release|Any CPU
		{8B13E31A-26E9-4088-A2BE-77B683480296}.Release|Any CPU.Build.0 = Release|Any CPU
		{74CA2724-F242-4662-AEAB-EFFC32EC2C18}.Debug|Any CPU.ActiveCfg = Debug|Any CPU
		{74CA2724-F242-4662-AEAB-EFFC32EC2C18}.Debug|Any CPU.Build.0 = Debug|Any CPU
		{74CA2724-F242-4662-AEAB-EFFC32EC2C18}.Release|Any CPU.ActiveCfg = Release|Any CPU
		{74CA2724-F242-4662-AEAB-EFFC32EC2C18}.Release|Any CPU.Build.0 = Release|Any CPU
		{AE5CEAE6-F891-4E87-9F4F-154CFD9E1907}.Debug|Any CPU.ActiveCfg = Debug|Any CPU
		{AE5CEAE6-F891-4E87-9F4F-154CFD9E1907}.Debug|Any CPU.Build.0 = Debug|Any CPU
		{AE5CEAE6-F891-4E87-9F4F-154CFD9E1907}.Release|Any CPU.ActiveCfg = Release|Any CPU
		{AE5CEAE6-F891-4E87-9F4F-154CFD9E1907}.Release|Any CPU.Build.0 = Release|Any CPU
		{55D1A5E1-50CB-42AD-85F7-5CC810EF1222}.Debug|Any CPU.ActiveCfg = Debug|Any CPU
		{55D1A5E1-50CB-42AD-85F7-5CC810EF1222}.Debug|Any CPU.Build.0 = Debug|Any CPU
		{55D1A5E1-50CB-42AD-85F7-5CC810EF1222}.Release|Any CPU.ActiveCfg = Release|Any CPU
		{55D1A5E1-50CB-42AD-85F7-5CC810EF1222}.Release|Any CPU.Build.0 = Release|Any CPU
		{44B1DACC-3D47-4B2B-B6C1-AED9395741BA}.Debug|Any CPU.ActiveCfg = Debug|Any CPU
		{44B1DACC-3D47-4B2B-B6C1-AED9395741BA}.Debug|Any CPU.Build.0 = Debug|Any CPU
		{44B1DACC-3D47-4B2B-B6C1-AED9395741BA}.Release|Any CPU.ActiveCfg = Release|Any CPU
		{44B1DACC-3D47-4B2B-B6C1-AED9395741BA}.Release|Any CPU.Build.0 = Release|Any CPU
		{9EBA9C1B-1CA0-4750-A5C9-A99205ECAA03}.Debug|Any CPU.ActiveCfg = Debug|Any CPU
		{9EBA9C1B-1CA0-4750-A5C9-A99205ECAA03}.Debug|Any CPU.Build.0 = Debug|Any CPU
		{9EBA9C1B-1CA0-4750-A5C9-A99205ECAA03}.Release|Any CPU.ActiveCfg = Release|Any CPU
		{9EBA9C1B-1CA0-4750-A5C9-A99205ECAA03}.Release|Any CPU.Build.0 = Release|Any CPU
		{CB7653E1-A290-409A-AB82-82B056303F40}.Debug|Any CPU.ActiveCfg = Debug|Any CPU
		{CB7653E1-A290-409A-AB82-82B056303F40}.Debug|Any CPU.Build.0 = Debug|Any CPU
		{CB7653E1-A290-409A-AB82-82B056303F40}.Release|Any CPU.ActiveCfg = Release|Any CPU
		{CB7653E1-A290-409A-AB82-82B056303F40}.Release|Any CPU.Build.0 = Release|Any CPU
		{68E204FB-4B53-469D-851B-2FBF08041AE4}.Debug|Any CPU.ActiveCfg = Debug|Any CPU
		{68E204FB-4B53-469D-851B-2FBF08041AE4}.Debug|Any CPU.Build.0 = Debug|Any CPU
		{68E204FB-4B53-469D-851B-2FBF08041AE4}.Release|Any CPU.ActiveCfg = Release|Any CPU
		{68E204FB-4B53-469D-851B-2FBF08041AE4}.Release|Any CPU.Build.0 = Release|Any CPU
		{DC414A74-E412-4C5B-A9FC-E9A707A74FC6}.Debug|Any CPU.ActiveCfg = Debug|Any CPU
		{DC414A74-E412-4C5B-A9FC-E9A707A74FC6}.Debug|Any CPU.Build.0 = Debug|Any CPU
		{DC414A74-E412-4C5B-A9FC-E9A707A74FC6}.Release|Any CPU.ActiveCfg = Release|Any CPU
		{DC414A74-E412-4C5B-A9FC-E9A707A74FC6}.Release|Any CPU.Build.0 = Release|Any CPU
		{611D7ABC-1009-44A5-8DEB-711CD847D146}.Debug|Any CPU.ActiveCfg = Debug|Any CPU
		{611D7ABC-1009-44A5-8DEB-711CD847D146}.Debug|Any CPU.Build.0 = Debug|Any CPU
		{611D7ABC-1009-44A5-8DEB-711CD847D146}.Release|Any CPU.ActiveCfg = Release|Any CPU
		{611D7ABC-1009-44A5-8DEB-711CD847D146}.Release|Any CPU.Build.0 = Release|Any CPU
		{CE2129FC-8B90-4652-94F7-E2BBBA524CE0}.Debug|Any CPU.ActiveCfg = Debug|Any CPU
		{CE2129FC-8B90-4652-94F7-E2BBBA524CE0}.Debug|Any CPU.Build.0 = Debug|Any CPU
		{CE2129FC-8B90-4652-94F7-E2BBBA524CE0}.Release|Any CPU.ActiveCfg = Release|Any CPU
		{CE2129FC-8B90-4652-94F7-E2BBBA524CE0}.Release|Any CPU.Build.0 = Release|Any CPU
		{5BF118C8-177C-4696-AFBF-B466A07F758D}.Debug|Any CPU.ActiveCfg = Debug|Any CPU
		{5BF118C8-177C-4696-AFBF-B466A07F758D}.Debug|Any CPU.Build.0 = Debug|Any CPU
		{5BF118C8-177C-4696-AFBF-B466A07F758D}.Release|Any CPU.ActiveCfg = Release|Any CPU
		{5BF118C8-177C-4696-AFBF-B466A07F758D}.Release|Any CPU.Build.0 = Release|Any CPU
		{4B08CA7D-A54D-4352-9B4D-44FDF7872FF7}.Debug|Any CPU.ActiveCfg = Debug|Any CPU
		{4B08CA7D-A54D-4352-9B4D-44FDF7872FF7}.Debug|Any CPU.Build.0 = Debug|Any CPU
		{4B08CA7D-A54D-4352-9B4D-44FDF7872FF7}.Release|Any CPU.ActiveCfg = Release|Any CPU
		{4B08CA7D-A54D-4352-9B4D-44FDF7872FF7}.Release|Any CPU.Build.0 = Release|Any CPU
		{C0053FDF-B54B-4BCC-A568-5492200B8CA2}.Debug|Any CPU.ActiveCfg = Debug|Any CPU
		{C0053FDF-B54B-4BCC-A568-5492200B8CA2}.Debug|Any CPU.Build.0 = Debug|Any CPU
		{C0053FDF-B54B-4BCC-A568-5492200B8CA2}.Release|Any CPU.ActiveCfg = Release|Any CPU
		{C0053FDF-B54B-4BCC-A568-5492200B8CA2}.Release|Any CPU.Build.0 = Release|Any CPU
		{04DB1889-43F9-454B-8857-7B1B9FEC07A8}.Debug|Any CPU.ActiveCfg = Debug|Any CPU
		{04DB1889-43F9-454B-8857-7B1B9FEC07A8}.Debug|Any CPU.Build.0 = Debug|Any CPU
		{04DB1889-43F9-454B-8857-7B1B9FEC07A8}.Release|Any CPU.ActiveCfg = Release|Any CPU
		{04DB1889-43F9-454B-8857-7B1B9FEC07A8}.Release|Any CPU.Build.0 = Release|Any CPU
		{60F7543E-FE9D-42A1-B1ED-6290D170A252}.Debug|Any CPU.ActiveCfg = Debug|Any CPU
		{60F7543E-FE9D-42A1-B1ED-6290D170A252}.Debug|Any CPU.Build.0 = Debug|Any CPU
		{60F7543E-FE9D-42A1-B1ED-6290D170A252}.Release|Any CPU.ActiveCfg = Release|Any CPU
		{60F7543E-FE9D-42A1-B1ED-6290D170A252}.Release|Any CPU.Build.0 = Release|Any CPU
		{FCBEB858-A9E5-4F51-AF4C-91CBFE244FAD}.Debug|Any CPU.ActiveCfg = Debug|Any CPU
		{FCBEB858-A9E5-4F51-AF4C-91CBFE244FAD}.Debug|Any CPU.Build.0 = Debug|Any CPU
		{FCBEB858-A9E5-4F51-AF4C-91CBFE244FAD}.Release|Any CPU.ActiveCfg = Release|Any CPU
		{FCBEB858-A9E5-4F51-AF4C-91CBFE244FAD}.Release|Any CPU.Build.0 = Release|Any CPU
		{2FF43C8E-1B60-4E9E-88F1-700B071BD182}.Debug|Any CPU.ActiveCfg = Debug|Any CPU
		{2FF43C8E-1B60-4E9E-88F1-700B071BD182}.Debug|Any CPU.Build.0 = Debug|Any CPU
		{2FF43C8E-1B60-4E9E-88F1-700B071BD182}.Release|Any CPU.ActiveCfg = Release|Any CPU
		{2FF43C8E-1B60-4E9E-88F1-700B071BD182}.Release|Any CPU.Build.0 = Release|Any CPU
		{50894258-D0B8-4923-BD17-D65CA837F606}.Debug|Any CPU.ActiveCfg = Debug|Any CPU
		{50894258-D0B8-4923-BD17-D65CA837F606}.Debug|Any CPU.Build.0 = Debug|Any CPU
		{50894258-D0B8-4923-BD17-D65CA837F606}.Release|Any CPU.ActiveCfg = Release|Any CPU
		{50894258-D0B8-4923-BD17-D65CA837F606}.Release|Any CPU.Build.0 = Release|Any CPU
		{639F465F-8303-4C17-880C-C752DEFEE780}.Debug|Any CPU.ActiveCfg = Debug|Any CPU
		{639F465F-8303-4C17-880C-C752DEFEE780}.Debug|Any CPU.Build.0 = Debug|Any CPU
		{639F465F-8303-4C17-880C-C752DEFEE780}.Release|Any CPU.ActiveCfg = Release|Any CPU
		{639F465F-8303-4C17-880C-C752DEFEE780}.Release|Any CPU.Build.0 = Release|Any CPU
		{7DD3F57C-05D1-4998-A392-35A26AD0C7D8}.Debug|Any CPU.ActiveCfg = Debug|Any CPU
		{7DD3F57C-05D1-4998-A392-35A26AD0C7D8}.Debug|Any CPU.Build.0 = Debug|Any CPU
		{7DD3F57C-05D1-4998-A392-35A26AD0C7D8}.Release|Any CPU.ActiveCfg = Release|Any CPU
		{7DD3F57C-05D1-4998-A392-35A26AD0C7D8}.Release|Any CPU.Build.0 = Release|Any CPU
		{DFCD75EE-66EE-4991-A913-79BC2B2A68E8}.Debug|Any CPU.ActiveCfg = Debug|Any CPU
		{DFCD75EE-66EE-4991-A913-79BC2B2A68E8}.Debug|Any CPU.Build.0 = Debug|Any CPU
		{DFCD75EE-66EE-4991-A913-79BC2B2A68E8}.Release|Any CPU.ActiveCfg = Release|Any CPU
		{DFCD75EE-66EE-4991-A913-79BC2B2A68E8}.Release|Any CPU.Build.0 = Release|Any CPU
		{E81D2973-ED95-44D0-98A9-19B468ED49ED}.Debug|Any CPU.ActiveCfg = Debug|Any CPU
		{E81D2973-ED95-44D0-98A9-19B468ED49ED}.Debug|Any CPU.Build.0 = Debug|Any CPU
		{E81D2973-ED95-44D0-98A9-19B468ED49ED}.Release|Any CPU.ActiveCfg = Release|Any CPU
		{E81D2973-ED95-44D0-98A9-19B468ED49ED}.Release|Any CPU.Build.0 = Release|Any CPU
		{BF6D3D68-5E9E-4D03-98F9-387E0F13E874}.Debug|Any CPU.ActiveCfg = Debug|Any CPU
		{BF6D3D68-5E9E-4D03-98F9-387E0F13E874}.Debug|Any CPU.Build.0 = Debug|Any CPU
		{BF6D3D68-5E9E-4D03-98F9-387E0F13E874}.Release|Any CPU.ActiveCfg = Release|Any CPU
		{BF6D3D68-5E9E-4D03-98F9-387E0F13E874}.Release|Any CPU.Build.0 = Release|Any CPU
		{D4CE45F0-111B-490D-8885-D7001764EAB4}.Debug|Any CPU.ActiveCfg = Debug|Any CPU
		{D4CE45F0-111B-490D-8885-D7001764EAB4}.Debug|Any CPU.Build.0 = Debug|Any CPU
		{D4CE45F0-111B-490D-8885-D7001764EAB4}.Release|Any CPU.ActiveCfg = Release|Any CPU
		{D4CE45F0-111B-490D-8885-D7001764EAB4}.Release|Any CPU.Build.0 = Release|Any CPU
		{7A1C2A4C-1F48-4B5D-90E0-B148A897E158}.Debug|Any CPU.ActiveCfg = Debug|Any CPU
		{7A1C2A4C-1F48-4B5D-90E0-B148A897E158}.Debug|Any CPU.Build.0 = Debug|Any CPU
		{7A1C2A4C-1F48-4B5D-90E0-B148A897E158}.Release|Any CPU.ActiveCfg = Release|Any CPU
		{7A1C2A4C-1F48-4B5D-90E0-B148A897E158}.Release|Any CPU.Build.0 = Release|Any CPU
		{1D6E0E0D-DC0B-459D-92E5-7F2B373EDCF8}.Debug|Any CPU.ActiveCfg = Debug|Any CPU
		{1D6E0E0D-DC0B-459D-92E5-7F2B373EDCF8}.Debug|Any CPU.Build.0 = Debug|Any CPU
		{1D6E0E0D-DC0B-459D-92E5-7F2B373EDCF8}.Release|Any CPU.ActiveCfg = Release|Any CPU
		{1D6E0E0D-DC0B-459D-92E5-7F2B373EDCF8}.Release|Any CPU.Build.0 = Release|Any CPU
		{B9D1C89A-5106-45BF-9980-09B8C3130E24}.Debug|Any CPU.ActiveCfg = Debug|Any CPU
		{B9D1C89A-5106-45BF-9980-09B8C3130E24}.Debug|Any CPU.Build.0 = Debug|Any CPU
		{B9D1C89A-5106-45BF-9980-09B8C3130E24}.Release|Any CPU.ActiveCfg = Release|Any CPU
		{B9D1C89A-5106-45BF-9980-09B8C3130E24}.Release|Any CPU.Build.0 = Release|Any CPU
	EndGlobalSection
	GlobalSection(SolutionProperties) = preSolution
		HideSolutionNode = FALSE
	EndGlobalSection
	GlobalSection(NestedProjects) = preSolution
		{7635BA4F-29EB-4552-8DEC-3B0D1D0BA9E1} = {87AA63D3-45AB-4FCA-ACD3-C2966D6EE0B5}
		{716E3426-B179-489A-846E-69DDD6494AD9} = {87AA63D3-45AB-4FCA-ACD3-C2966D6EE0B5}
		{692DEEB3-98AA-4420-9D87-A68B36EC761B} = {87AA63D3-45AB-4FCA-ACD3-C2966D6EE0B5}
		{39A8BE9E-F273-4098-8464-F82DCCC88303} = {87AA63D3-45AB-4FCA-ACD3-C2966D6EE0B5}
		{80223F2D-B81C-42F5-BFDB-45AFF2CEC0AC} = {87AA63D3-45AB-4FCA-ACD3-C2966D6EE0B5}
		{27E8D4EE-670B-4C63-B9D1-5EFD629A9008} = {87AA63D3-45AB-4FCA-ACD3-C2966D6EE0B5}
		{F1A4836D-8974-499D-8994-127E72B50045} = {87AA63D3-45AB-4FCA-ACD3-C2966D6EE0B5}
		{C459C6B8-1B72-4DDA-A61C-301D5CE3DAFC} = {87AA63D3-45AB-4FCA-ACD3-C2966D6EE0B5}
		{4D489471-3EBF-498F-88CB-4E158D770C9A} = {87AA63D3-45AB-4FCA-ACD3-C2966D6EE0B5}
		{246AB273-6876-495C-9B79-891217D4D813} = {87AA63D3-45AB-4FCA-ACD3-C2966D6EE0B5}
		{EA3E7B61-D5FE-430A-B98D-87F80AA4DEFE} = {87AA63D3-45AB-4FCA-ACD3-C2966D6EE0B5}
		{CD02B52A-FADC-4B87-93A3-2CC747F57D29} = {87AA63D3-45AB-4FCA-ACD3-C2966D6EE0B5}
		{5C1BDDAC-3CD8-4478-8066-E933AE4B051C} = {87AA63D3-45AB-4FCA-ACD3-C2966D6EE0B5}
		{2907F909-58DC-4B16-8A60-1DEC8880A672} = {87AA63D3-45AB-4FCA-ACD3-C2966D6EE0B5}
		{461F4890-4FCF-45F2-902F-F5A1BC144CAB} = {87AA63D3-45AB-4FCA-ACD3-C2966D6EE0B5}
		{22805CA1-8C14-4417-A30D-90C5BBB65368} = {87AA63D3-45AB-4FCA-ACD3-C2966D6EE0B5}
		{E33ED990-0E49-49D9-8221-3517A304C972} = {87AA63D3-45AB-4FCA-ACD3-C2966D6EE0B5}
		{6DF64911-61F3-4B3D-A73C-F5919705D7B6} = {87AA63D3-45AB-4FCA-ACD3-C2966D6EE0B5}
		{BAAFE31B-3197-4A9F-9001-3C28EBE80D09} = {ED7DC818-2F93-44DF-A206-6CC8BBDC6A99}
		{473679D8-3DF4-4D7C-A569-F3A960037175} = {ED7DC818-2F93-44DF-A206-6CC8BBDC6A99}
		{959EC975-4CCD-4834-AFC3-BFF741B399FF} = {ED7DC818-2F93-44DF-A206-6CC8BBDC6A99}
		{BB91368B-CDBA-4183-9460-07374C918EF0} = {ED7DC818-2F93-44DF-A206-6CC8BBDC6A99}
		{F2F6F90F-1FFA-447F-AB85-9A2F5E9FBE83} = {ED7DC818-2F93-44DF-A206-6CC8BBDC6A99}
		{6490B6BF-3FE5-4F35-8FEB-4C7E998E6976} = {ED7DC818-2F93-44DF-A206-6CC8BBDC6A99}
		{AE06CA10-7F98-4426-888F-2F96AE85A616} = {ED7DC818-2F93-44DF-A206-6CC8BBDC6A99}
		{07919E67-3617-48A0-BD87-EE388162A58B} = {ED7DC818-2F93-44DF-A206-6CC8BBDC6A99}
		{446525C8-EB03-4B27-A2BA-22A48AF99C50} = {ED7DC818-2F93-44DF-A206-6CC8BBDC6A99}
		{5CF316A6-AC3A-47C0-B97F-AB85F15F9F54} = {ED7DC818-2F93-44DF-A206-6CC8BBDC6A99}
		{96B876FC-C164-4FCF-9C35-752C8DBDAFAB} = {3B7D2079-914F-4B42-9370-2E12B605A2B6}
		{791A2E54-7876-4804-B2DC-EC6DBD70A86C} = {3B7D2079-914F-4B42-9370-2E12B605A2B6}
		{30DD989C-910F-4E9D-9FF6-620147B020C4} = {3B7D2079-914F-4B42-9370-2E12B605A2B6}
		{AEA6F825-FA23-4965-B56C-776911A44AA1} = {3B7D2079-914F-4B42-9370-2E12B605A2B6}
		{B34BC7F5-7214-4308-A9AF-BC5A978023E1} = {3B7D2079-914F-4B42-9370-2E12B605A2B6}
		{E16D05E1-A39D-4233-809C-826CFE124290} = {3B7D2079-914F-4B42-9370-2E12B605A2B6}
		{9B577311-868B-40D4-B779-AF69990E84A9} = {3B7D2079-914F-4B42-9370-2E12B605A2B6}
		{DDFFD303-3990-4CED-8BB9-C93B0D683D06} = {3B7D2079-914F-4B42-9370-2E12B605A2B6}
		{2C8FDB5B-355A-4130-9EAE-848F148EE4DB} = {3B7D2079-914F-4B42-9370-2E12B605A2B6}
		{55ABE229-542E-4F54-92FD-4F22EF34F9BE} = {3B7D2079-914F-4B42-9370-2E12B605A2B6}
		{B64BC538-12D1-46B7-BE88-631C0E4CD387} = {BCCB0E3F-BB19-4DDF-ACD8-F9CD76FB6514}
		{C1EEF485-D47C-42A0-8497-44A9238EF099} = {BCCB0E3F-BB19-4DDF-ACD8-F9CD76FB6514}
		{798D344D-1422-47F6-BA32-23519E05A042} = {BCCB0E3F-BB19-4DDF-ACD8-F9CD76FB6514}
		{11F81F24-3747-4E37-8098-798755305BFB} = {BCCB0E3F-BB19-4DDF-ACD8-F9CD76FB6514}
		{3CB5BD0B-B0DC-4F51-A9D5-20C1CF66B410} = {BCCB0E3F-BB19-4DDF-ACD8-F9CD76FB6514}
		{38084C94-AE92-4DED-A974-3A820F54FBA5} = {BCCB0E3F-BB19-4DDF-ACD8-F9CD76FB6514}
		{8B13E31A-26E9-4088-A2BE-77B683480296} = {BCCB0E3F-BB19-4DDF-ACD8-F9CD76FB6514}
		{74CA2724-F242-4662-AEAB-EFFC32EC2C18} = {BCCB0E3F-BB19-4DDF-ACD8-F9CD76FB6514}
		{AE5CEAE6-F891-4E87-9F4F-154CFD9E1907} = {BCCB0E3F-BB19-4DDF-ACD8-F9CD76FB6514}
		{55D1A5E1-50CB-42AD-85F7-5CC810EF1222} = {BCCB0E3F-BB19-4DDF-ACD8-F9CD76FB6514}
		{44B1DACC-3D47-4B2B-B6C1-AED9395741BA} = {BCCB0E3F-BB19-4DDF-ACD8-F9CD76FB6514}
		{9EBA9C1B-1CA0-4750-A5C9-A99205ECAA03} = {BCCB0E3F-BB19-4DDF-ACD8-F9CD76FB6514}
		{CB7653E1-A290-409A-AB82-82B056303F40} = {80C5C789-FEAC-4FEC-93A3-3D99A33B08D5}
		{68E204FB-4B53-469D-851B-2FBF08041AE4} = {80C5C789-FEAC-4FEC-93A3-3D99A33B08D5}
		{DC414A74-E412-4C5B-A9FC-E9A707A74FC6} = {80C5C789-FEAC-4FEC-93A3-3D99A33B08D5}
		{611D7ABC-1009-44A5-8DEB-711CD847D146} = {80C5C789-FEAC-4FEC-93A3-3D99A33B08D5}
		{CE2129FC-8B90-4652-94F7-E2BBBA524CE0} = {80C5C789-FEAC-4FEC-93A3-3D99A33B08D5}
		{5BF118C8-177C-4696-AFBF-B466A07F758D} = {80C5C789-FEAC-4FEC-93A3-3D99A33B08D5}
		{4B08CA7D-A54D-4352-9B4D-44FDF7872FF7} = {80C5C789-FEAC-4FEC-93A3-3D99A33B08D5}
		{C0053FDF-B54B-4BCC-A568-5492200B8CA2} = {80C5C789-FEAC-4FEC-93A3-3D99A33B08D5}
		{04DB1889-43F9-454B-8857-7B1B9FEC07A8} = {80C5C789-FEAC-4FEC-93A3-3D99A33B08D5}
		{60F7543E-FE9D-42A1-B1ED-6290D170A252} = {D1E9F2F7-E142-4D91-B5B0-1B4B397CF545}
		{FCBEB858-A9E5-4F51-AF4C-91CBFE244FAD} = {D1E9F2F7-E142-4D91-B5B0-1B4B397CF545}
		{2FF43C8E-1B60-4E9E-88F1-700B071BD182} = {D1E9F2F7-E142-4D91-B5B0-1B4B397CF545}
		{50894258-D0B8-4923-BD17-D65CA837F606} = {D1E9F2F7-E142-4D91-B5B0-1B4B397CF545}
		{639F465F-8303-4C17-880C-C752DEFEE780} = {D1E9F2F7-E142-4D91-B5B0-1B4B397CF545}
		{7DD3F57C-05D1-4998-A392-35A26AD0C7D8} = {BA4DBC68-A96D-4381-A6D8-5EBBCAB8156D}
		{DFCD75EE-66EE-4991-A913-79BC2B2A68E8} = {BA4DBC68-A96D-4381-A6D8-5EBBCAB8156D}
		{E81D2973-ED95-44D0-98A9-19B468ED49ED} = {BA4DBC68-A96D-4381-A6D8-5EBBCAB8156D}
		{BF6D3D68-5E9E-4D03-98F9-387E0F13E874} = {BA4DBC68-A96D-4381-A6D8-5EBBCAB8156D}
		{D4CE45F0-111B-490D-8885-D7001764EAB4} = {BA4DBC68-A96D-4381-A6D8-5EBBCAB8156D}
		{7A1C2A4C-1F48-4B5D-90E0-B148A897E158} = {BA4DBC68-A96D-4381-A6D8-5EBBCAB8156D}
		{1D6E0E0D-DC0B-459D-92E5-7F2B373EDCF8} = {BA4DBC68-A96D-4381-A6D8-5EBBCAB8156D}
		{B9D1C89A-5106-45BF-9980-09B8C3130E24} = {3B7D2079-914F-4B42-9370-2E12B605A2B6}
	EndGlobalSection
EndGlobal
