
Microsoft Visual Studio Solution File, Format Version 12.00
# Visual Studio 2012
Project("{2150E333-8FDC-42A3-9474-1A3956D46DE8}") = "Objective 3.1 - Validate application input", "Objective 3.1 - Validate application input", "{7EC727EF-2863-41CE-8F51-B8AE6F906AAF}"
EndProject
Project("{FAE04EC0-301F-11D3-BF4B-00C04F79EFBC}") = "Example3.1", "Objective3.1\Example3.1\Example3.1.csproj", "{9E322C74-D748-44BB-BB94-079ECB503C14}"
EndProject
Project("{FAE04EC0-301F-11D3-BF4B-00C04F79EFBC}") = "Example3.2", "Objective3.1\Example3.2\Example3.2.csproj", "{FA16C988-9D82-4649-9975-664779323F7B}"
EndProject
Project("{FAE04EC0-301F-11D3-BF4B-00C04F79EFBC}") = "Example3.4", "Objective3.1\Example3.4\Example3.4.csproj", "{36EE7BAA-1816-4AB2-8B36-6D2BE76C11FD}"
EndProject
Project("{FAE04EC0-301F-11D3-BF4B-00C04F79EFBC}") = "Example3.5", "Objective3.1\Example3.5\Example3.5.csproj", "{2D8F66C3-C572-44A9-945F-A6047FAA99F8}"
EndProject
Project("{FAE04EC0-301F-11D3-BF4B-00C04F79EFBC}") = "Example3.6", "Objective3.1\Example3.6\Example3.6.csproj", "{1685C848-27C7-4A94-8F00-9D943B0BD0EC}"
EndProject
Project("{FAE04EC0-301F-11D3-BF4B-00C04F79EFBC}") = "Example3.7", "Objective3.1\Example3.7\Example3.7.csproj", "{65435C52-87E8-45DB-B3A6-286897693FB7}"
EndProject
Project("{FAE04EC0-301F-11D3-BF4B-00C04F79EFBC}") = "Example3.9", "Objective3.1\Example3.9\Example3.9.csproj", "{403C099D-A6FF-41BE-9891-22FF4EAF0D98}"
EndProject
Project("{FAE04EC0-301F-11D3-BF4B-00C04F79EFBC}") = "Example3.11", "Objective3.1\Example3.11\Example3.11.csproj", "{35BA4D7B-FF80-4264-AA6C-90E64AE705A5}"
EndProject
Project("{FAE04EC0-301F-11D3-BF4B-00C04F79EFBC}") = "Example3.12", "Objective3.1\Example3.12\Example3.12.csproj", "{F4461494-319A-468D-9ADE-95438BF68164}"
EndProject
Project("{FAE04EC0-301F-11D3-BF4B-00C04F79EFBC}") = "Example3.14", "Objective3.1\Example3.14\Example3.14.csproj", "{78FFE389-27BD-448B-AB78-6D874CE0E76D}"
EndProject
Project("{2150E333-8FDC-42A3-9474-1A3956D46DE8}") = "Objective 3.2 Perform encryption", "Objective 3.2 Perform encryption", "{ABCC4EAF-770F-4B7B-A4CD-437657E61C7A}"
EndProject
Project("{FAE04EC0-301F-11D3-BF4B-00C04F79EFBC}") = "Example3.17", "Objective3.2\Example3.17\Example3.17.csproj", "{3CDA1353-8D31-4305-A53A-BC4147E3686A}"
EndProject
Project("{FAE04EC0-301F-11D3-BF4B-00C04F79EFBC}") = "Example3.18", "Objective3.2\Example3.18\Example3.18.csproj", "{36ACE9C4-D92B-40B5-8B97-8994357D933C}"
EndProject
Project("{FAE04EC0-301F-11D3-BF4B-00C04F79EFBC}") = "Example3.19", "Objective3.2\Example3.19\Example3.19.csproj", "{B3C16CCF-D943-4A5C-826C-C625232AE72F}"
EndProject
Project("{FAE04EC0-301F-11D3-BF4B-00C04F79EFBC}") = "Example3.20", "Objective3.2\Example3.20\Example3.20.csproj", "{976E2FD9-7E91-4F7F-8832-DFB935F2EA70}"
EndProject
Project("{FAE04EC0-301F-11D3-BF4B-00C04F79EFBC}") = "Example3.21", "Objective3.2\Example3.21\Example3.21.csproj", "{53FC39E6-53E9-4173-BC08-7FF3CD4071D6}"
EndProject
Project("{FAE04EC0-301F-11D3-BF4B-00C04F79EFBC}") = "Example3.22", "Objective3.2\Example3.22\Example3.22.csproj", "{A14784C6-8863-4659-9B69-D22511A22655}"
EndProject
Project("{FAE04EC0-301F-11D3-BF4B-00C04F79EFBC}") = "Example3.23", "Objective3.2\Example3.23\Example3.23.csproj", "{738014A3-5414-402A-8B09-B7FC9BACA66A}"
EndProject
Project("{FAE04EC0-301F-11D3-BF4B-00C04F79EFBC}") = "Example3.25", "Objective3.2\Example3.25\Example3.25.csproj", "{2FFD61AB-22DD-4993-B6D1-524AD99DCBE5}"
EndProject
Project("{FAE04EC0-301F-11D3-BF4B-00C04F79EFBC}") = "Example3.27", "Objective3.2\Example3.27\Example3.27.csproj", "{D9CB3046-815D-4502-B8C1-D775BE7760B3}"
EndProject
Project("{2150E333-8FDC-42A3-9474-1A3956D46DE8}") = "Objective 3.3 - Manage assemblies", "Objective 3.3 - Manage assemblies", "{F5E9A177-460F-44B6-BB5D-09E1A66D0E06}"
	ProjectSection(SolutionItems) = preProject
		Objective3.3\Example3.30.xml = Objective3.3\Example3.30.xml
		Objective3.3\Example3.31.xml = Objective3.3\Example3.31.xml
		Objective3.3\Example3.32.xml = Objective3.3\Example3.32.xml
	EndProjectSection
EndProject
Project("{2150E333-8FDC-42A3-9474-1A3956D46DE8}") = "Objective 3.4 - Debug an application", "Objective 3.4 - Debug an application", "{C4867BAB-B58C-4376-8685-3BA83F872CA7}"
EndProject
Project("{FAE04EC0-301F-11D3-BF4B-00C04F79EFBC}") = "Example3.34", "Objective3.4\Example3.34\Example3.34.csproj", "{971AD46A-9165-44BD-B555-139B1592BCAF}"
EndProject
Project("{FAE04EC0-301F-11D3-BF4B-00C04F79EFBC}") = "Example3.36", "Objective3.4\Example3.36\Example3.36.csproj", "{3EABDC24-4FC8-46A5-B4B0-B1010DB41E77}"
EndProject
Project("{FAE04EC0-301F-11D3-BF4B-00C04F79EFBC}") = "Example3.37", "Objective3.4\Example3.37\Example3.37.csproj", "{5CCAE63F-6B7B-4F88-AE9D-2BD2EFBBB865}"
EndProject
Project("{FAE04EC0-301F-11D3-BF4B-00C04F79EFBC}") = "Example3.38", "Objective3.4\Example3.38\Example3.38.csproj", "{96407618-7A36-4A9E-B829-9BDA737D3ED7}"
EndProject
Project("{FAE04EC0-301F-11D3-BF4B-00C04F79EFBC}") = "Example3.39", "Objective3.4\Example3.39\Example3.39.csproj", "{F5E39C4E-5460-4867-A483-12324BA28245}"
EndProject
Project("{FAE04EC0-301F-11D3-BF4B-00C04F79EFBC}") = "Example3.41", "Objective3.4\Example3.41\Example3.41.csproj", "{62C5AFBD-ECAB-4519-A666-CF52EC311F85}"
EndProject
Project("{FAE04EC0-301F-11D3-BF4B-00C04F79EFBC}") = "Example2.44", "Objective3.4\Example2.44\Example2.44.csproj", "{BB3EED98-33E2-4472-AA37-D9FC536D416D}"
EndProject
Project("{2150E333-8FDC-42A3-9474-1A3956D46DE8}") = "Objective 3.5 - Implement diagnostics", "Objective 3.5 - Implement diagnostics", "{9BF234CB-7F59-4DCF-A85D-3AFC4E6282D7}"
	ProjectSection(SolutionItems) = preProject
		Objective3.5\Example3.48.xml = Objective3.5\Example3.48.xml
	EndProjectSection
EndProject
Project("{FAE04EC0-301F-11D3-BF4B-00C04F79EFBC}") = "Example3.45", "Objective3.5\Example3.45\Example3.45.csproj", "{B77E64B6-E4C9-4C0E-95F4-D4A19201044F}"
EndProject
Project("{FAE04EC0-301F-11D3-BF4B-00C04F79EFBC}") = "Example3.46", "Objective3.5\Example3.46\Example3.46.csproj", "{135EA945-77B1-444F-94B0-17F5516C8746}"
EndProject
Project("{FAE04EC0-301F-11D3-BF4B-00C04F79EFBC}") = "Example3.47", "Objective3.5\Example3.47\Example3.47.csproj", "{A91BE9CE-5A4D-41C4-A21E-D654083B78F4}"
EndProject
Project("{FAE04EC0-301F-11D3-BF4B-00C04F79EFBC}") = "Example3.49", "Objective3.5\Example3.49\Example3.49.csproj", "{2A9660B2-6AB6-4770-93CD-69F2F03A6054}"
EndProject
Project("{FAE04EC0-301F-11D3-BF4B-00C04F79EFBC}") = "Example3.50", "Objective3.5\Example3.50\Example3.50.csproj", "{B7071EA0-9BFF-4155-8AF6-E45CEB88C8E9}"
EndProject
Project("{FAE04EC0-301F-11D3-BF4B-00C04F79EFBC}") = "Example3.51", "Objective3.5\Example3.51\Example3.51.csproj", "{1680671F-2EB7-4B02-9F43-B4E6E3404D5A}"
EndProject
Project("{FAE04EC0-301F-11D3-BF4B-00C04F79EFBC}") = "Example3.52", "Objective3.5\Example3.52\Example3.52.csproj", "{7F693474-74C8-4FAF-B241-A821428A2152}"
EndProject
Project("{FAE04EC0-301F-11D3-BF4B-00C04F79EFBC}") = "Example3.53", "Objective3.5\Example3.53\Example3.53.csproj", "{203E1118-8469-4F7C-B5EC-98BD52D5AA39}"
EndProject
Project("{FAE04EC0-301F-11D3-BF4B-00C04F79EFBC}") = "Example3.54", "Objective3.5\Example3.54\Example3.54.csproj", "{E7DF1A62-67E4-4F29-9270-C6EA68E3E984}"
EndProject
Global
	GlobalSection(SolutionConfigurationPlatforms) = preSolution
		Debug|Any CPU = Debug|Any CPU
		Release|Any CPU = Release|Any CPU
	EndGlobalSection
	GlobalSection(ProjectConfigurationPlatforms) = postSolution
		{9E322C74-D748-44BB-BB94-079ECB503C14}.Debug|Any CPU.ActiveCfg = Debug|Any CPU
		{9E322C74-D748-44BB-BB94-079ECB503C14}.Debug|Any CPU.Build.0 = Debug|Any CPU
		{9E322C74-D748-44BB-BB94-079ECB503C14}.Release|Any CPU.ActiveCfg = Release|Any CPU
		{9E322C74-D748-44BB-BB94-079ECB503C14}.Release|Any CPU.Build.0 = Release|Any CPU
		{FA16C988-9D82-4649-9975-664779323F7B}.Debug|Any CPU.ActiveCfg = Debug|Any CPU
		{FA16C988-9D82-4649-9975-664779323F7B}.Debug|Any CPU.Build.0 = Debug|Any CPU
		{FA16C988-9D82-4649-9975-664779323F7B}.Release|Any CPU.ActiveCfg = Release|Any CPU
		{FA16C988-9D82-4649-9975-664779323F7B}.Release|Any CPU.Build.0 = Release|Any CPU
		{36EE7BAA-1816-4AB2-8B36-6D2BE76C11FD}.Debug|Any CPU.ActiveCfg = Debug|Any CPU
		{36EE7BAA-1816-4AB2-8B36-6D2BE76C11FD}.Debug|Any CPU.Build.0 = Debug|Any CPU
		{36EE7BAA-1816-4AB2-8B36-6D2BE76C11FD}.Release|Any CPU.ActiveCfg = Release|Any CPU
		{36EE7BAA-1816-4AB2-8B36-6D2BE76C11FD}.Release|Any CPU.Build.0 = Release|Any CPU
		{2D8F66C3-C572-44A9-945F-A6047FAA99F8}.Debug|Any CPU.ActiveCfg = Debug|Any CPU
		{2D8F66C3-C572-44A9-945F-A6047FAA99F8}.Debug|Any CPU.Build.0 = Debug|Any CPU
		{2D8F66C3-C572-44A9-945F-A6047FAA99F8}.Release|Any CPU.ActiveCfg = Release|Any CPU
		{2D8F66C3-C572-44A9-945F-A6047FAA99F8}.Release|Any CPU.Build.0 = Release|Any CPU
		{1685C848-27C7-4A94-8F00-9D943B0BD0EC}.Debug|Any CPU.ActiveCfg = Debug|Any CPU
		{1685C848-27C7-4A94-8F00-9D943B0BD0EC}.Debug|Any CPU.Build.0 = Debug|Any CPU
		{1685C848-27C7-4A94-8F00-9D943B0BD0EC}.Release|Any CPU.ActiveCfg = Release|Any CPU
		{1685C848-27C7-4A94-8F00-9D943B0BD0EC}.Release|Any CPU.Build.0 = Release|Any CPU
		{65435C52-87E8-45DB-B3A6-286897693FB7}.Debug|Any CPU.ActiveCfg = Debug|Any CPU
		{65435C52-87E8-45DB-B3A6-286897693FB7}.Debug|Any CPU.Build.0 = Debug|Any CPU
		{65435C52-87E8-45DB-B3A6-286897693FB7}.Release|Any CPU.ActiveCfg = Release|Any CPU
		{65435C52-87E8-45DB-B3A6-286897693FB7}.Release|Any CPU.Build.0 = Release|Any CPU
		{403C099D-A6FF-41BE-9891-22FF4EAF0D98}.Debug|Any CPU.ActiveCfg = Debug|Any CPU
		{403C099D-A6FF-41BE-9891-22FF4EAF0D98}.Debug|Any CPU.Build.0 = Debug|Any CPU
		{403C099D-A6FF-41BE-9891-22FF4EAF0D98}.Release|Any CPU.ActiveCfg = Release|Any CPU
		{403C099D-A6FF-41BE-9891-22FF4EAF0D98}.Release|Any CPU.Build.0 = Release|Any CPU
		{35BA4D7B-FF80-4264-AA6C-90E64AE705A5}.Debug|Any CPU.ActiveCfg = Debug|Any CPU
		{35BA4D7B-FF80-4264-AA6C-90E64AE705A5}.Debug|Any CPU.Build.0 = Debug|Any CPU
		{35BA4D7B-FF80-4264-AA6C-90E64AE705A5}.Release|Any CPU.ActiveCfg = Release|Any CPU
		{35BA4D7B-FF80-4264-AA6C-90E64AE705A5}.Release|Any CPU.Build.0 = Release|Any CPU
		{F4461494-319A-468D-9ADE-95438BF68164}.Debug|Any CPU.ActiveCfg = Debug|Any CPU
		{F4461494-319A-468D-9ADE-95438BF68164}.Debug|Any CPU.Build.0 = Debug|Any CPU
		{F4461494-319A-468D-9ADE-95438BF68164}.Release|Any CPU.ActiveCfg = Release|Any CPU
		{F4461494-319A-468D-9ADE-95438BF68164}.Release|Any CPU.Build.0 = Release|Any CPU
		{78FFE389-27BD-448B-AB78-6D874CE0E76D}.Debug|Any CPU.ActiveCfg = Debug|Any CPU
		{78FFE389-27BD-448B-AB78-6D874CE0E76D}.Debug|Any CPU.Build.0 = Debug|Any CPU
		{78FFE389-27BD-448B-AB78-6D874CE0E76D}.Release|Any CPU.ActiveCfg = Release|Any CPU
		{78FFE389-27BD-448B-AB78-6D874CE0E76D}.Release|Any CPU.Build.0 = Release|Any CPU
		{3CDA1353-8D31-4305-A53A-BC4147E3686A}.Debug|Any CPU.ActiveCfg = Debug|Any CPU
		{3CDA1353-8D31-4305-A53A-BC4147E3686A}.Debug|Any CPU.Build.0 = Debug|Any CPU
		{3CDA1353-8D31-4305-A53A-BC4147E3686A}.Release|Any CPU.ActiveCfg = Release|Any CPU
		{3CDA1353-8D31-4305-A53A-BC4147E3686A}.Release|Any CPU.Build.0 = Release|Any CPU
		{36ACE9C4-D92B-40B5-8B97-8994357D933C}.Debug|Any CPU.ActiveCfg = Debug|Any CPU
		{36ACE9C4-D92B-40B5-8B97-8994357D933C}.Debug|Any CPU.Build.0 = Debug|Any CPU
		{36ACE9C4-D92B-40B5-8B97-8994357D933C}.Release|Any CPU.ActiveCfg = Release|Any CPU
		{36ACE9C4-D92B-40B5-8B97-8994357D933C}.Release|Any CPU.Build.0 = Release|Any CPU
		{B3C16CCF-D943-4A5C-826C-C625232AE72F}.Debug|Any CPU.ActiveCfg = Debug|Any CPU
		{B3C16CCF-D943-4A5C-826C-C625232AE72F}.Debug|Any CPU.Build.0 = Debug|Any CPU
		{B3C16CCF-D943-4A5C-826C-C625232AE72F}.Release|Any CPU.ActiveCfg = Release|Any CPU
		{B3C16CCF-D943-4A5C-826C-C625232AE72F}.Release|Any CPU.Build.0 = Release|Any CPU
		{976E2FD9-7E91-4F7F-8832-DFB935F2EA70}.Debug|Any CPU.ActiveCfg = Debug|Any CPU
		{976E2FD9-7E91-4F7F-8832-DFB935F2EA70}.Debug|Any CPU.Build.0 = Debug|Any CPU
		{976E2FD9-7E91-4F7F-8832-DFB935F2EA70}.Release|Any CPU.ActiveCfg = Release|Any CPU
		{976E2FD9-7E91-4F7F-8832-DFB935F2EA70}.Release|Any CPU.Build.0 = Release|Any CPU
		{53FC39E6-53E9-4173-BC08-7FF3CD4071D6}.Debug|Any CPU.ActiveCfg = Debug|Any CPU
		{53FC39E6-53E9-4173-BC08-7FF3CD4071D6}.Debug|Any CPU.Build.0 = Debug|Any CPU
		{53FC39E6-53E9-4173-BC08-7FF3CD4071D6}.Release|Any CPU.ActiveCfg = Release|Any CPU
		{53FC39E6-53E9-4173-BC08-7FF3CD4071D6}.Release|Any CPU.Build.0 = Release|Any CPU
		{A14784C6-8863-4659-9B69-D22511A22655}.Debug|Any CPU.ActiveCfg = Debug|Any CPU
		{A14784C6-8863-4659-9B69-D22511A22655}.Debug|Any CPU.Build.0 = Debug|Any CPU
		{A14784C6-8863-4659-9B69-D22511A22655}.Release|Any CPU.ActiveCfg = Release|Any CPU
		{A14784C6-8863-4659-9B69-D22511A22655}.Release|Any CPU.Build.0 = Release|Any CPU
		{738014A3-5414-402A-8B09-B7FC9BACA66A}.Debug|Any CPU.ActiveCfg = Debug|Any CPU
		{738014A3-5414-402A-8B09-B7FC9BACA66A}.Debug|Any CPU.Build.0 = Debug|Any CPU
		{738014A3-5414-402A-8B09-B7FC9BACA66A}.Release|Any CPU.ActiveCfg = Release|Any CPU
		{738014A3-5414-402A-8B09-B7FC9BACA66A}.Release|Any CPU.Build.0 = Release|Any CPU
		{2FFD61AB-22DD-4993-B6D1-524AD99DCBE5}.Debug|Any CPU.ActiveCfg = Debug|Any CPU
		{2FFD61AB-22DD-4993-B6D1-524AD99DCBE5}.Debug|Any CPU.Build.0 = Debug|Any CPU
		{2FFD61AB-22DD-4993-B6D1-524AD99DCBE5}.Release|Any CPU.ActiveCfg = Release|Any CPU
		{2FFD61AB-22DD-4993-B6D1-524AD99DCBE5}.Release|Any CPU.Build.0 = Release|Any CPU
		{D9CB3046-815D-4502-B8C1-D775BE7760B3}.Debug|Any CPU.ActiveCfg = Debug|Any CPU
		{D9CB3046-815D-4502-B8C1-D775BE7760B3}.Debug|Any CPU.Build.0 = Debug|Any CPU
		{D9CB3046-815D-4502-B8C1-D775BE7760B3}.Release|Any CPU.ActiveCfg = Release|Any CPU
		{D9CB3046-815D-4502-B8C1-D775BE7760B3}.Release|Any CPU.Build.0 = Release|Any CPU
		{971AD46A-9165-44BD-B555-139B1592BCAF}.Debug|Any CPU.ActiveCfg = Debug|Any CPU
		{971AD46A-9165-44BD-B555-139B1592BCAF}.Debug|Any CPU.Build.0 = Debug|Any CPU
		{971AD46A-9165-44BD-B555-139B1592BCAF}.Release|Any CPU.ActiveCfg = Release|Any CPU
		{971AD46A-9165-44BD-B555-139B1592BCAF}.Release|Any CPU.Build.0 = Release|Any CPU
		{3EABDC24-4FC8-46A5-B4B0-B1010DB41E77}.Debug|Any CPU.ActiveCfg = Debug|Any CPU
		{3EABDC24-4FC8-46A5-B4B0-B1010DB41E77}.Debug|Any CPU.Build.0 = Debug|Any CPU
		{3EABDC24-4FC8-46A5-B4B0-B1010DB41E77}.Release|Any CPU.ActiveCfg = Release|Any CPU
		{3EABDC24-4FC8-46A5-B4B0-B1010DB41E77}.Release|Any CPU.Build.0 = Release|Any CPU
		{5CCAE63F-6B7B-4F88-AE9D-2BD2EFBBB865}.Debug|Any CPU.ActiveCfg = Debug|Any CPU
		{5CCAE63F-6B7B-4F88-AE9D-2BD2EFBBB865}.Debug|Any CPU.Build.0 = Debug|Any CPU
		{5CCAE63F-6B7B-4F88-AE9D-2BD2EFBBB865}.Release|Any CPU.ActiveCfg = Release|Any CPU
		{5CCAE63F-6B7B-4F88-AE9D-2BD2EFBBB865}.Release|Any CPU.Build.0 = Release|Any CPU
		{96407618-7A36-4A9E-B829-9BDA737D3ED7}.Debug|Any CPU.ActiveCfg = Debug|Any CPU
		{96407618-7A36-4A9E-B829-9BDA737D3ED7}.Debug|Any CPU.Build.0 = Debug|Any CPU
		{96407618-7A36-4A9E-B829-9BDA737D3ED7}.Release|Any CPU.ActiveCfg = Release|Any CPU
		{96407618-7A36-4A9E-B829-9BDA737D3ED7}.Release|Any CPU.Build.0 = Release|Any CPU
		{F5E39C4E-5460-4867-A483-12324BA28245}.Debug|Any CPU.ActiveCfg = Debug|Any CPU
		{F5E39C4E-5460-4867-A483-12324BA28245}.Debug|Any CPU.Build.0 = Debug|Any CPU
		{F5E39C4E-5460-4867-A483-12324BA28245}.Release|Any CPU.ActiveCfg = Release|Any CPU
		{F5E39C4E-5460-4867-A483-12324BA28245}.Release|Any CPU.Build.0 = Release|Any CPU
		{62C5AFBD-ECAB-4519-A666-CF52EC311F85}.Debug|Any CPU.ActiveCfg = Debug|Any CPU
		{62C5AFBD-ECAB-4519-A666-CF52EC311F85}.Debug|Any CPU.Build.0 = Debug|Any CPU
		{62C5AFBD-ECAB-4519-A666-CF52EC311F85}.Release|Any CPU.ActiveCfg = Release|Any CPU
		{62C5AFBD-ECAB-4519-A666-CF52EC311F85}.Release|Any CPU.Build.0 = Release|Any CPU
		{BB3EED98-33E2-4472-AA37-D9FC536D416D}.Debug|Any CPU.ActiveCfg = Debug|Any CPU
		{BB3EED98-33E2-4472-AA37-D9FC536D416D}.Debug|Any CPU.Build.0 = Debug|Any CPU
		{BB3EED98-33E2-4472-AA37-D9FC536D416D}.Release|Any CPU.ActiveCfg = Release|Any CPU
		{BB3EED98-33E2-4472-AA37-D9FC536D416D}.Release|Any CPU.Build.0 = Release|Any CPU
		{B77E64B6-E4C9-4C0E-95F4-D4A19201044F}.Debug|Any CPU.ActiveCfg = Debug|Any CPU
		{B77E64B6-E4C9-4C0E-95F4-D4A19201044F}.Debug|Any CPU.Build.0 = Debug|Any CPU
		{B77E64B6-E4C9-4C0E-95F4-D4A19201044F}.Release|Any CPU.ActiveCfg = Release|Any CPU
		{B77E64B6-E4C9-4C0E-95F4-D4A19201044F}.Release|Any CPU.Build.0 = Release|Any CPU
		{135EA945-77B1-444F-94B0-17F5516C8746}.Debug|Any CPU.ActiveCfg = Debug|Any CPU
		{135EA945-77B1-444F-94B0-17F5516C8746}.Debug|Any CPU.Build.0 = Debug|Any CPU
		{135EA945-77B1-444F-94B0-17F5516C8746}.Release|Any CPU.ActiveCfg = Release|Any CPU
		{135EA945-77B1-444F-94B0-17F5516C8746}.Release|Any CPU.Build.0 = Release|Any CPU
		{A91BE9CE-5A4D-41C4-A21E-D654083B78F4}.Debug|Any CPU.ActiveCfg = Debug|Any CPU
		{A91BE9CE-5A4D-41C4-A21E-D654083B78F4}.Debug|Any CPU.Build.0 = Debug|Any CPU
		{A91BE9CE-5A4D-41C4-A21E-D654083B78F4}.Release|Any CPU.ActiveCfg = Release|Any CPU
		{A91BE9CE-5A4D-41C4-A21E-D654083B78F4}.Release|Any CPU.Build.0 = Release|Any CPU
		{2A9660B2-6AB6-4770-93CD-69F2F03A6054}.Debug|Any CPU.ActiveCfg = Debug|Any CPU
		{2A9660B2-6AB6-4770-93CD-69F2F03A6054}.Debug|Any CPU.Build.0 = Debug|Any CPU
		{2A9660B2-6AB6-4770-93CD-69F2F03A6054}.Release|Any CPU.ActiveCfg = Release|Any CPU
		{2A9660B2-6AB6-4770-93CD-69F2F03A6054}.Release|Any CPU.Build.0 = Release|Any CPU
		{B7071EA0-9BFF-4155-8AF6-E45CEB88C8E9}.Debug|Any CPU.ActiveCfg = Debug|Any CPU
		{B7071EA0-9BFF-4155-8AF6-E45CEB88C8E9}.Debug|Any CPU.Build.0 = Debug|Any CPU
		{B7071EA0-9BFF-4155-8AF6-E45CEB88C8E9}.Release|Any CPU.ActiveCfg = Release|Any CPU
		{B7071EA0-9BFF-4155-8AF6-E45CEB88C8E9}.Release|Any CPU.Build.0 = Release|Any CPU
		{1680671F-2EB7-4B02-9F43-B4E6E3404D5A}.Debug|Any CPU.ActiveCfg = Debug|Any CPU
		{1680671F-2EB7-4B02-9F43-B4E6E3404D5A}.Debug|Any CPU.Build.0 = Debug|Any CPU
		{1680671F-2EB7-4B02-9F43-B4E6E3404D5A}.Release|Any CPU.ActiveCfg = Release|Any CPU
		{1680671F-2EB7-4B02-9F43-B4E6E3404D5A}.Release|Any CPU.Build.0 = Release|Any CPU
		{7F693474-74C8-4FAF-B241-A821428A2152}.Debug|Any CPU.ActiveCfg = Debug|Any CPU
		{7F693474-74C8-4FAF-B241-A821428A2152}.Debug|Any CPU.Build.0 = Debug|Any CPU
		{7F693474-74C8-4FAF-B241-A821428A2152}.Release|Any CPU.ActiveCfg = Release|Any CPU
		{7F693474-74C8-4FAF-B241-A821428A2152}.Release|Any CPU.Build.0 = Release|Any CPU
		{203E1118-8469-4F7C-B5EC-98BD52D5AA39}.Debug|Any CPU.ActiveCfg = Debug|Any CPU
		{203E1118-8469-4F7C-B5EC-98BD52D5AA39}.Debug|Any CPU.Build.0 = Debug|Any CPU
		{203E1118-8469-4F7C-B5EC-98BD52D5AA39}.Release|Any CPU.ActiveCfg = Release|Any CPU
		{203E1118-8469-4F7C-B5EC-98BD52D5AA39}.Release|Any CPU.Build.0 = Release|Any CPU
		{E7DF1A62-67E4-4F29-9270-C6EA68E3E984}.Debug|Any CPU.ActiveCfg = Debug|Any CPU
		{E7DF1A62-67E4-4F29-9270-C6EA68E3E984}.Debug|Any CPU.Build.0 = Debug|Any CPU
		{E7DF1A62-67E4-4F29-9270-C6EA68E3E984}.Release|Any CPU.ActiveCfg = Release|Any CPU
		{E7DF1A62-67E4-4F29-9270-C6EA68E3E984}.Release|Any CPU.Build.0 = Release|Any CPU
	EndGlobalSection
	GlobalSection(SolutionProperties) = preSolution
		HideSolutionNode = FALSE
	EndGlobalSection
	GlobalSection(NestedProjects) = preSolution
		{9E322C74-D748-44BB-BB94-079ECB503C14} = {7EC727EF-2863-41CE-8F51-B8AE6F906AAF}
		{FA16C988-9D82-4649-9975-664779323F7B} = {7EC727EF-2863-41CE-8F51-B8AE6F906AAF}
		{36EE7BAA-1816-4AB2-8B36-6D2BE76C11FD} = {7EC727EF-2863-41CE-8F51-B8AE6F906AAF}
		{2D8F66C3-C572-44A9-945F-A6047FAA99F8} = {7EC727EF-2863-41CE-8F51-B8AE6F906AAF}
		{1685C848-27C7-4A94-8F00-9D943B0BD0EC} = {7EC727EF-2863-41CE-8F51-B8AE6F906AAF}
		{65435C52-87E8-45DB-B3A6-286897693FB7} = {7EC727EF-2863-41CE-8F51-B8AE6F906AAF}
		{403C099D-A6FF-41BE-9891-22FF4EAF0D98} = {7EC727EF-2863-41CE-8F51-B8AE6F906AAF}
		{35BA4D7B-FF80-4264-AA6C-90E64AE705A5} = {7EC727EF-2863-41CE-8F51-B8AE6F906AAF}
		{F4461494-319A-468D-9ADE-95438BF68164} = {7EC727EF-2863-41CE-8F51-B8AE6F906AAF}
		{78FFE389-27BD-448B-AB78-6D874CE0E76D} = {7EC727EF-2863-41CE-8F51-B8AE6F906AAF}
		{3CDA1353-8D31-4305-A53A-BC4147E3686A} = {ABCC4EAF-770F-4B7B-A4CD-437657E61C7A}
		{36ACE9C4-D92B-40B5-8B97-8994357D933C} = {ABCC4EAF-770F-4B7B-A4CD-437657E61C7A}
		{B3C16CCF-D943-4A5C-826C-C625232AE72F} = {ABCC4EAF-770F-4B7B-A4CD-437657E61C7A}
		{976E2FD9-7E91-4F7F-8832-DFB935F2EA70} = {ABCC4EAF-770F-4B7B-A4CD-437657E61C7A}
		{53FC39E6-53E9-4173-BC08-7FF3CD4071D6} = {ABCC4EAF-770F-4B7B-A4CD-437657E61C7A}
		{A14784C6-8863-4659-9B69-D22511A22655} = {ABCC4EAF-770F-4B7B-A4CD-437657E61C7A}
		{738014A3-5414-402A-8B09-B7FC9BACA66A} = {ABCC4EAF-770F-4B7B-A4CD-437657E61C7A}
		{2FFD61AB-22DD-4993-B6D1-524AD99DCBE5} = {ABCC4EAF-770F-4B7B-A4CD-437657E61C7A}
		{D9CB3046-815D-4502-B8C1-D775BE7760B3} = {ABCC4EAF-770F-4B7B-A4CD-437657E61C7A}
		{971AD46A-9165-44BD-B555-139B1592BCAF} = {C4867BAB-B58C-4376-8685-3BA83F872CA7}
		{3EABDC24-4FC8-46A5-B4B0-B1010DB41E77} = {C4867BAB-B58C-4376-8685-3BA83F872CA7}
		{5CCAE63F-6B7B-4F88-AE9D-2BD2EFBBB865} = {C4867BAB-B58C-4376-8685-3BA83F872CA7}
		{96407618-7A36-4A9E-B829-9BDA737D3ED7} = {C4867BAB-B58C-4376-8685-3BA83F872CA7}
		{F5E39C4E-5460-4867-A483-12324BA28245} = {C4867BAB-B58C-4376-8685-3BA83F872CA7}
		{62C5AFBD-ECAB-4519-A666-CF52EC311F85} = {C4867BAB-B58C-4376-8685-3BA83F872CA7}
		{BB3EED98-33E2-4472-AA37-D9FC536D416D} = {C4867BAB-B58C-4376-8685-3BA83F872CA7}
		{B77E64B6-E4C9-4C0E-95F4-D4A19201044F} = {9BF234CB-7F59-4DCF-A85D-3AFC4E6282D7}
		{135EA945-77B1-444F-94B0-17F5516C8746} = {9BF234CB-7F59-4DCF-A85D-3AFC4E6282D7}
		{A91BE9CE-5A4D-41C4-A21E-D654083B78F4} = {9BF234CB-7F59-4DCF-A85D-3AFC4E6282D7}
		{2A9660B2-6AB6-4770-93CD-69F2F03A6054} = {9BF234CB-7F59-4DCF-A85D-3AFC4E6282D7}
		{B7071EA0-9BFF-4155-8AF6-E45CEB88C8E9} = {9BF234CB-7F59-4DCF-A85D-3AFC4E6282D7}
		{1680671F-2EB7-4B02-9F43-B4E6E3404D5A} = {9BF234CB-7F59-4DCF-A85D-3AFC4E6282D7}
		{7F693474-74C8-4FAF-B241-A821428A2152} = {9BF234CB-7F59-4DCF-A85D-3AFC4E6282D7}
		{203E1118-8469-4F7C-B5EC-98BD52D5AA39} = {9BF234CB-7F59-4DCF-A85D-3AFC4E6282D7}
		{E7DF1A62-67E4-4F29-9270-C6EA68E3E984} = {9BF234CB-7F59-4DCF-A85D-3AFC4E6282D7}
	EndGlobalSection
EndGlobal
