
Microsoft Visual Studio Solution File, Format Version 12.00
# Visual Studio 2013
VisualStudioVersion = 12.0.31101.0
MinimumVisualStudioVersion = 10.0.40219.1
Project("{2150E333-8FDC-42A3-9474-1A3956D46DE8}") = "Objective 4.1 - Perform IO operations", "Objective 4.1 - Perform IO operations", "{6CCEB987-0238-49CC-891E-1182F44BCB85}"
EndProject
Project("{FAE04EC0-301F-11D3-BF4B-00C04F79EFBC}") = "Example4.1", "Objective4.1\Example4.1\Example4.1.csproj", "{370D6206-3974-4470-9FE6-014E9434905C}"
EndProject
Project("{FAE04EC0-301F-11D3-BF4B-00C04F79EFBC}") = "Example4.2", "Objective4.1\Example4.2\Example4.2.csproj", "{064D84C8-982C-49C9-A3D6-45F42B490825}"
EndProject
Project("{FAE04EC0-301F-11D3-BF4B-00C04F79EFBC}") = "Example4.4", "Objective4.1\Example4.4\Example4.4.csproj", "{BE2D6131-A870-4297-B510-1DBD6E7B62CC}"
EndProject
Project("{FAE04EC0-301F-11D3-BF4B-00C04F79EFBC}") = "Example4.5", "Objective4.1\Example4.5\Example4.5.csproj", "{E6DC79D9-AB89-4BF8-845D-948A30FA0044}"
EndProject
Project("{FAE04EC0-301F-11D3-BF4B-00C04F79EFBC}") = "Example4.6", "Objective4.1\Example4.6\Example4.6.csproj", "{FA95C2CB-39F1-45BC-84F7-5FEF7FBAD9A6}"
EndProject
Project("{FAE04EC0-301F-11D3-BF4B-00C04F79EFBC}") = "Example4.7", "Objective4.1\Example4.7\Example4.7.csproj", "{2988B8AE-FAD4-4425-BA83-E2FD9C923CFB}"
EndProject
Project("{FAE04EC0-301F-11D3-BF4B-00C04F79EFBC}") = "Example4.8", "Objective4.1\Example4.8\Example4.8.csproj", "{27687746-1308-4EE9-AC08-E56E4024204B}"
EndProject
Project("{FAE04EC0-301F-11D3-BF4B-00C04F79EFBC}") = "Example4.9", "Objective4.1\Example4.9\Example4.9.csproj", "{12AFAF74-56BD-4A44-A166-54A443B21955}"
EndProject
Project("{FAE04EC0-301F-11D3-BF4B-00C04F79EFBC}") = "Example4.10", "Objective4.1\Example4.10\Example4.10.csproj", "{33C82530-CEA0-49DD-B045-062CCFE1EE11}"
EndProject
Project("{FAE04EC0-301F-11D3-BF4B-00C04F79EFBC}") = "Example1.12", "Objective4.1\Example1.12\Example1.12.csproj", "{FC0D6CFD-79C2-4449-BE98-AF1F8DEDF437}"
EndProject
Project("{FAE04EC0-301F-11D3-BF4B-00C04F79EFBC}") = "Example4.14", "Objective4.1\Example4.14\Example4.14.csproj", "{E05F5C6F-A742-4678-808D-5E23F2570242}"
EndProject
Project("{FAE04EC0-301F-11D3-BF4B-00C04F79EFBC}") = "Example4.15", "Objective4.1\Example4.15\Example4.15.csproj", "{0E516F00-3B87-4EED-A65B-B12BE771FF64}"
EndProject
Project("{FAE04EC0-301F-11D3-BF4B-00C04F79EFBC}") = "Example4.18", "Objective4.1\Example4.18\Example4.18.csproj", "{4AE1D1B4-5F6A-48DB-A0A5-8CDB7D8329C3}"
EndProject
Project("{FAE04EC0-301F-11D3-BF4B-00C04F79EFBC}") = "Example4.19", "Objective4.1\Example4.19\Example4.19.csproj", "{1F76876A-1456-4C35-981B-7B8474F7C5EA}"
EndProject
Project("{FAE04EC0-301F-11D3-BF4B-00C04F79EFBC}") = "Example4.20", "Objective4.1\Example4.20\Example4.20.csproj", "{FF6CE887-0A09-4B80-94A1-4242B0D171DB}"
EndProject
Project("{FAE04EC0-301F-11D3-BF4B-00C04F79EFBC}") = "Example4.22", "Objective4.1\Example4.22\Example4.22.csproj", "{AD40B95D-EFD8-4CC6-81BB-4616034403B7}"
EndProject
Project("{2150E333-8FDC-42A3-9474-1A3956D46DE8}") = "Examples 1-9", "Examples 1-9", "{75C593E1-EE7B-4E00-9DAD-8D26BE93872C}"
EndProject
Project("{2150E333-8FDC-42A3-9474-1A3956D46DE8}") = "Examples 10-19", "Examples 10-19", "{2C721FBD-4CC8-4390-AE60-7F7EF4ADE357}"
EndProject
Project("{2150E333-8FDC-42A3-9474-1A3956D46DE8}") = "Examples 20-29", "Examples 20-29", "{D4A9354E-2B31-4E3C-934E-BD11F18D8AD4}"
EndProject
Project("{FAE04EC0-301F-11D3-BF4B-00C04F79EFBC}") = "Example4.23", "Objective4.1\Example4.23\Example4.23.csproj", "{E1BE20D7-53C4-4323-B368-5E29D0BF5552}"
EndProject
Project("{FAE04EC0-301F-11D3-BF4B-00C04F79EFBC}") = "Example4.24", "Objective4.1\Example4.24\Example4.24.csproj", "{42EA47EB-0EDE-4449-8915-CA21F45758BF}"
EndProject
Project("{FAE04EC0-301F-11D3-BF4B-00C04F79EFBC}") = "Example4.25", "Objective4.1\Example4.25\Example4.25.csproj", "{8F4879C3-057E-4A70-B0B7-7AD29FE127FD}"
EndProject
Project("{FAE04EC0-301F-11D3-BF4B-00C04F79EFBC}") = "Example4.26", "Objective4.1\Example4.26\Example4.26.csproj", "{D8A57FE7-06B6-4F0A-B851-7F5E1F471895}"
EndProject
Project("{2150E333-8FDC-42A3-9474-1A3956D46DE8}") = "Objective 4.2 - Consume data", "Objective 4.2 - Consume data", "{9EB81BC0-9C97-4A9A-A397-549A8EE2CBA0}"
	ProjectSection(SolutionItems) = preProject
		Objective4.2\Example4.47.txt = Objective4.2\Example4.47.txt
	EndProjectSection
EndProject
Project("{FAE04EC0-301F-11D3-BF4B-00C04F79EFBC}") = "Example4.27", "Objective4.2\Example4.27\Example4.27.csproj", "{93C7FF4F-E3E9-4331-A95C-F9CC3D1BEF3C}"
EndProject
Project("{FAE04EC0-301F-11D3-BF4B-00C04F79EFBC}") = "Example4.28", "Objective4.2\Example4.28\Example4.28.csproj", "{68B1F213-42D5-4257-BC72-CDA601FF9167}"
EndProject
Project("{FAE04EC0-301F-11D3-BF4B-00C04F79EFBC}") = "Example4.30", "Objective4.2\Example4.30\Example4.30.csproj", "{7D598195-ED66-423B-903F-408947D87784}"
EndProject
Project("{FAE04EC0-301F-11D3-BF4B-00C04F79EFBC}") = "Example4.32", "Objective4.2\Example4.32\Example4.32.csproj", "{8A43CCB4-4A35-4FF3-A3CB-B77E18D80EC9}"
EndProject
Project("{FAE04EC0-301F-11D3-BF4B-00C04F79EFBC}") = "Example4.33", "Objective4.2\Example4.33\Example4.33.csproj", "{9C07BCE2-BDA1-4567-8570-0851EDC7FF65}"
EndProject
Project("{FAE04EC0-301F-11D3-BF4B-00C04F79EFBC}") = "Example4.34", "Objective4.2\Example4.34\Example4.34.csproj", "{F9105F50-F2EC-4921-A5BE-18E5437736BC}"
EndProject
Project("{FAE04EC0-301F-11D3-BF4B-00C04F79EFBC}") = "Example4.35", "Objective4.2\Example4.35\Example4.35.csproj", "{B89F6012-F7A3-4BAE-AD44-46222AAC2DCC}"
EndProject
Project("{FAE04EC0-301F-11D3-BF4B-00C04F79EFBC}") = "Example4.36", "Objective4.2\Example4.36\Example4.36.csproj", "{BC76414C-DAE6-4C2A-B9F9-7DB04D854086}"
EndProject
Project("{FAE04EC0-301F-11D3-BF4B-00C04F79EFBC}") = "Example4.38", "Objective4.2\Example4.38\Example4.38.csproj", "{606009B1-05A7-4565-8E2F-B56BFC7279DF}"
EndProject
Project("{FAE04EC0-301F-11D3-BF4B-00C04F79EFBC}") = "Example4.39", "Objective4.2\Example4.39\Example4.39.csproj", "{83C0D241-7F01-464D-BC0A-747F686E554A}"
	ProjectSection(ProjectDependencies) = postProject
		{7C08248E-60D7-42BB-8C3D-FA3F7BDA0097} = {7C08248E-60D7-42BB-8C3D-FA3F7BDA0097}
	EndProjectSection
EndProject
Project("{FAE04EC0-301F-11D3-BF4B-00C04F79EFBC}") = "Example4.39_WcfService", "Objective4.2\Example4.39_WcfService\Example4.39_WcfService.csproj", "{7C08248E-60D7-42BB-8C3D-FA3F7BDA0097}"
EndProject
Project("{2150E333-8FDC-42A3-9474-1A3956D46DE8}") = "Example 4.39", "Example 4.39", "{647EB53E-C373-431D-A74A-896B1D815F2B}"
EndProject
Project("{FAE04EC0-301F-11D3-BF4B-00C04F79EFBC}") = "Example4.43", "Objective4.2\Example4.43\Example4.43.csproj", "{111A980E-1327-4889-934D-43DC28E85074}"
EndProject
Project("{FAE04EC0-301F-11D3-BF4B-00C04F79EFBC}") = "Example4.44", "Objective4.2\Example4.44\Example4.44.csproj", "{77DEABAB-2E72-4D1B-9533-C80C5907BF3A}"
EndProject
Project("{FAE04EC0-301F-11D3-BF4B-00C04F79EFBC}") = "Example4.45", "Objective4.2\Example4.45\Example4.45.csproj", "{FE7DCCFD-9507-48AD-8383-064D29DA6321}"
EndProject
Project("{FAE04EC0-301F-11D3-BF4B-00C04F79EFBC}") = "Example4.46", "Objective4.2\Example4.46\Example4.46.csproj", "{33A5EFD2-59D1-4BEE-8A86-46D2F40DC8EF}"
EndProject
Project("{2150E333-8FDC-42A3-9474-1A3956D46DE8}") = "Objective 4.3 - Query and manipulate data", "Objective 4.3 - Query and manipulate data", "{1833094A-36EE-4737-862D-BE899713EA52}"
EndProject
Project("{FAE04EC0-301F-11D3-BF4B-00C04F79EFBC}") = "Example4.51", "Objective4.3\Example4.51\Example4.51.csproj", "{E2A15282-B9F3-446A-B3A2-3F7ED429056A}"
EndProject
Project("{FAE04EC0-301F-11D3-BF4B-00C04F79EFBC}") = "Example4.52", "Objective4.3\Example4.52\Example4.52.csproj", "{8284C0B7-58D4-4636-8EB6-A2F5AD6619DB}"
EndProject
Project("{FAE04EC0-301F-11D3-BF4B-00C04F79EFBC}") = "Example4.53", "Objective4.3\Example4.53\Example4.53.csproj", "{ECD5FE9A-0B3D-40E5-B524-58B880F43912}"
EndProject
Project("{FAE04EC0-301F-11D3-BF4B-00C04F79EFBC}") = "Example4.54", "Objective4.3\Example4.54\Example4.54.csproj", "{69092ABE-67BB-4676-AEE2-918297F2A6F4}"
EndProject
Project("{FAE04EC0-301F-11D3-BF4B-00C04F79EFBC}") = "Example4.55", "Objective4.3\Example4.55\Example4.55.csproj", "{A21D53CB-8EB9-49C9-88B3-A27DC11E556A}"
EndProject
Project("{FAE04EC0-301F-11D3-BF4B-00C04F79EFBC}") = "Example4.58", "Objective4.3\Example4.58\Example4.58.csproj", "{8135E725-4818-4700-A222-EA2EE14CCB9D}"
EndProject
Project("{FAE04EC0-301F-11D3-BF4B-00C04F79EFBC}") = "Example4.59", "Objective4.3\Example4.59\Example4.59.csproj", "{B922B5DD-782E-42AF-95E6-711FEF716F75}"
EndProject
Project("{FAE04EC0-301F-11D3-BF4B-00C04F79EFBC}") = "Example4.63", "Objective4.3\Example4.63\Example4.63.csproj", "{576B5B75-F1D9-4D44-AE1A-046AA6A40B32}"
EndProject
Project("{FAE04EC0-301F-11D3-BF4B-00C04F79EFBC}") = "Example4.65", "Objective4.3\Example4.65\Example4.65.csproj", "{FBA3D9D9-C800-4A8F-8EB4-144B5EA6B3B3}"
EndProject
Project("{FAE04EC0-301F-11D3-BF4B-00C04F79EFBC}") = "Example4.67", "Objective4.3\Example4.67\Example4.67.csproj", "{DC24475D-BD9F-4495-B970-087DE569BC53}"
EndProject
Project("{FAE04EC0-301F-11D3-BF4B-00C04F79EFBC}") = "Example4.68", "Objective4.3\Example4.68\Example4.68.csproj", "{EE78CDFA-616E-4B09-B657-D019753B26FE}"
EndProject
Project("{2150E333-8FDC-42A3-9474-1A3956D46DE8}") = "Objective 4.4 - Serialize and deserialize data", "Objective 4.4 - Serialize and deserialize data", "{1253821F-7743-438F-B0A9-131E3806AEDD}"
EndProject
Project("{FAE04EC0-301F-11D3-BF4B-00C04F79EFBC}") = "Example4.70", "Objective4.4\Example4.70\Example4.70.csproj", "{CA6CF5D4-12F0-4D53-96E8-9D1EE6C8CB87}"
EndProject
Project("{FAE04EC0-301F-11D3-BF4B-00C04F79EFBC}") = "Example4.71", "Objective4.4\Example4.71\Example4.71.csproj", "{B905E915-D68C-482F-A9B5-EC098E0A5F97}"
EndProject
Project("{FAE04EC0-301F-11D3-BF4B-00C04F79EFBC}") = "Example4.73", "Objective4.4\Example4.73\Example4.73.csproj", "{18120AED-D947-4815-B3FB-A3C521B70AE5}"
EndProject
Project("{FAE04EC0-301F-11D3-BF4B-00C04F79EFBC}") = "Example4.75", "Objective4.4\Example4.75\Example4.75.csproj", "{7C25D86D-F686-4AF3-8156-D930BDFB3F1A}"
EndProject
Project("{FAE04EC0-301F-11D3-BF4B-00C04F79EFBC}") = "Example4.76", "Objective4.4\Example4.76\Example4.76.csproj", "{B2CE0D4C-D523-41FF-8EA0-D0E176572A98}"
EndProject
Project("{FAE04EC0-301F-11D3-BF4B-00C04F79EFBC}") = "Example4.77", "Objective4.4\Example4.77\Example4.77.csproj", "{56CF94DD-5C10-493B-ABFA-D13BC274D24C}"
EndProject
Project("{FAE04EC0-301F-11D3-BF4B-00C04F79EFBC}") = "Example4.79", "Objective4.4\Example4.79\Example4.79.csproj", "{7BE86F28-2E88-485F-9CA7-139F0DF534C9}"
EndProject
Project("{2150E333-8FDC-42A3-9474-1A3956D46DE8}") = "Objective 4.5 - Store data in and retrieve data from collections", "Objective 4.5 - Store data in and retrieve data from collections", "{3280A79B-E260-4FA7-B3F7-4408C9EEA836}"
EndProject
Project("{FAE04EC0-301F-11D3-BF4B-00C04F79EFBC}") = "Example4.80", "Objective4.5\Example4.80\Example4.80.csproj", "{CA07E549-5CAF-4400-BACD-479ED6958D96}"
EndProject
Project("{FAE04EC0-301F-11D3-BF4B-00C04F79EFBC}") = "Example4.81", "Objective4.5\Example4.81\Example4.81.csproj", "{6FE0A201-27F7-45CF-98A0-3249FF262369}"
EndProject
Project("{FAE04EC0-301F-11D3-BF4B-00C04F79EFBC}") = "Example4.82", "Objective4.5\Example4.82\Example4.82.csproj", "{93917E4C-3B76-4301-8DF2-0CC3EB119662}"
EndProject
Project("{FAE04EC0-301F-11D3-BF4B-00C04F79EFBC}") = "Example4.84", "Objective4.5\Example4.84\Example4.84.csproj", "{BE3A8B6B-3D46-4FBE-A7A9-691FA503CA55}"
EndProject
Project("{FAE04EC0-301F-11D3-BF4B-00C04F79EFBC}") = "Example4.85", "Objective4.5\Example4.85\Example4.85.csproj", "{66528901-2EBB-445E-9D47-3147631970E1}"
EndProject
Project("{FAE04EC0-301F-11D3-BF4B-00C04F79EFBC}") = "Example4.87", "Objective4.5\Example4.87\Example4.87.csproj", "{5918E147-E878-4C85-8B9A-FE3B094A4745}"
EndProject
Project("{FAE04EC0-301F-11D3-BF4B-00C04F79EFBC}") = "Example4.88", "Objective4.5\Example4.88\Example4.88.csproj", "{8FADF1BE-B723-4AF2-8CFB-A58657286B4E}"
EndProject
Project("{FAE04EC0-301F-11D3-BF4B-00C04F79EFBC}") = "Example4.90", "Objective4.5\Example4.90\Example4.90.csproj", "{14592E9F-75DD-4BE5-A7D6-C3233FF767CA}"
EndProject
Global
	GlobalSection(SolutionConfigurationPlatforms) = preSolution
		Debug|Any CPU = Debug|Any CPU
		Release|Any CPU = Release|Any CPU
	EndGlobalSection
	GlobalSection(ProjectConfigurationPlatforms) = postSolution
		{370D6206-3974-4470-9FE6-014E9434905C}.Debug|Any CPU.ActiveCfg = Debug|Any CPU
		{370D6206-3974-4470-9FE6-014E9434905C}.Debug|Any CPU.Build.0 = Debug|Any CPU
		{370D6206-3974-4470-9FE6-014E9434905C}.Release|Any CPU.ActiveCfg = Release|Any CPU
		{370D6206-3974-4470-9FE6-014E9434905C}.Release|Any CPU.Build.0 = Release|Any CPU
		{064D84C8-982C-49C9-A3D6-45F42B490825}.Debug|Any CPU.ActiveCfg = Debug|Any CPU
		{064D84C8-982C-49C9-A3D6-45F42B490825}.Debug|Any CPU.Build.0 = Debug|Any CPU
		{064D84C8-982C-49C9-A3D6-45F42B490825}.Release|Any CPU.ActiveCfg = Release|Any CPU
		{064D84C8-982C-49C9-A3D6-45F42B490825}.Release|Any CPU.Build.0 = Release|Any CPU
		{BE2D6131-A870-4297-B510-1DBD6E7B62CC}.Debug|Any CPU.ActiveCfg = Debug|Any CPU
		{BE2D6131-A870-4297-B510-1DBD6E7B62CC}.Debug|Any CPU.Build.0 = Debug|Any CPU
		{BE2D6131-A870-4297-B510-1DBD6E7B62CC}.Release|Any CPU.ActiveCfg = Release|Any CPU
		{BE2D6131-A870-4297-B510-1DBD6E7B62CC}.Release|Any CPU.Build.0 = Release|Any CPU
		{E6DC79D9-AB89-4BF8-845D-948A30FA0044}.Debug|Any CPU.ActiveCfg = Debug|Any CPU
		{E6DC79D9-AB89-4BF8-845D-948A30FA0044}.Debug|Any CPU.Build.0 = Debug|Any CPU
		{E6DC79D9-AB89-4BF8-845D-948A30FA0044}.Release|Any CPU.ActiveCfg = Release|Any CPU
		{E6DC79D9-AB89-4BF8-845D-948A30FA0044}.Release|Any CPU.Build.0 = Release|Any CPU
		{FA95C2CB-39F1-45BC-84F7-5FEF7FBAD9A6}.Debug|Any CPU.ActiveCfg = Debug|Any CPU
		{FA95C2CB-39F1-45BC-84F7-5FEF7FBAD9A6}.Debug|Any CPU.Build.0 = Debug|Any CPU
		{FA95C2CB-39F1-45BC-84F7-5FEF7FBAD9A6}.Release|Any CPU.ActiveCfg = Release|Any CPU
		{FA95C2CB-39F1-45BC-84F7-5FEF7FBAD9A6}.Release|Any CPU.Build.0 = Release|Any CPU
		{2988B8AE-FAD4-4425-BA83-E2FD9C923CFB}.Debug|Any CPU.ActiveCfg = Debug|Any CPU
		{2988B8AE-FAD4-4425-BA83-E2FD9C923CFB}.Debug|Any CPU.Build.0 = Debug|Any CPU
		{2988B8AE-FAD4-4425-BA83-E2FD9C923CFB}.Release|Any CPU.ActiveCfg = Release|Any CPU
		{2988B8AE-FAD4-4425-BA83-E2FD9C923CFB}.Release|Any CPU.Build.0 = Release|Any CPU
		{27687746-1308-4EE9-AC08-E56E4024204B}.Debug|Any CPU.ActiveCfg = Debug|Any CPU
		{27687746-1308-4EE9-AC08-E56E4024204B}.Debug|Any CPU.Build.0 = Debug|Any CPU
		{27687746-1308-4EE9-AC08-E56E4024204B}.Release|Any CPU.ActiveCfg = Release|Any CPU
		{27687746-1308-4EE9-AC08-E56E4024204B}.Release|Any CPU.Build.0 = Release|Any CPU
		{12AFAF74-56BD-4A44-A166-54A443B21955}.Debug|Any CPU.ActiveCfg = Debug|Any CPU
		{12AFAF74-56BD-4A44-A166-54A443B21955}.Debug|Any CPU.Build.0 = Debug|Any CPU
		{12AFAF74-56BD-4A44-A166-54A443B21955}.Release|Any CPU.ActiveCfg = Release|Any CPU
		{12AFAF74-56BD-4A44-A166-54A443B21955}.Release|Any CPU.Build.0 = Release|Any CPU
		{33C82530-CEA0-49DD-B045-062CCFE1EE11}.Debug|Any CPU.ActiveCfg = Debug|Any CPU
		{33C82530-CEA0-49DD-B045-062CCFE1EE11}.Debug|Any CPU.Build.0 = Debug|Any CPU
		{33C82530-CEA0-49DD-B045-062CCFE1EE11}.Release|Any CPU.ActiveCfg = Release|Any CPU
		{33C82530-CEA0-49DD-B045-062CCFE1EE11}.Release|Any CPU.Build.0 = Release|Any CPU
		{FC0D6CFD-79C2-4449-BE98-AF1F8DEDF437}.Debug|Any CPU.ActiveCfg = Debug|Any CPU
		{FC0D6CFD-79C2-4449-BE98-AF1F8DEDF437}.Debug|Any CPU.Build.0 = Debug|Any CPU
		{FC0D6CFD-79C2-4449-BE98-AF1F8DEDF437}.Release|Any CPU.ActiveCfg = Release|Any CPU
		{FC0D6CFD-79C2-4449-BE98-AF1F8DEDF437}.Release|Any CPU.Build.0 = Release|Any CPU
		{E05F5C6F-A742-4678-808D-5E23F2570242}.Debug|Any CPU.ActiveCfg = Debug|Any CPU
		{E05F5C6F-A742-4678-808D-5E23F2570242}.Debug|Any CPU.Build.0 = Debug|Any CPU
		{E05F5C6F-A742-4678-808D-5E23F2570242}.Release|Any CPU.ActiveCfg = Release|Any CPU
		{E05F5C6F-A742-4678-808D-5E23F2570242}.Release|Any CPU.Build.0 = Release|Any CPU
		{0E516F00-3B87-4EED-A65B-B12BE771FF64}.Debug|Any CPU.ActiveCfg = Debug|Any CPU
		{0E516F00-3B87-4EED-A65B-B12BE771FF64}.Debug|Any CPU.Build.0 = Debug|Any CPU
		{0E516F00-3B87-4EED-A65B-B12BE771FF64}.Release|Any CPU.ActiveCfg = Release|Any CPU
		{0E516F00-3B87-4EED-A65B-B12BE771FF64}.Release|Any CPU.Build.0 = Release|Any CPU
		{4AE1D1B4-5F6A-48DB-A0A5-8CDB7D8329C3}.Debug|Any CPU.ActiveCfg = Debug|Any CPU
		{4AE1D1B4-5F6A-48DB-A0A5-8CDB7D8329C3}.Debug|Any CPU.Build.0 = Debug|Any CPU
		{4AE1D1B4-5F6A-48DB-A0A5-8CDB7D8329C3}.Release|Any CPU.ActiveCfg = Release|Any CPU
		{4AE1D1B4-5F6A-48DB-A0A5-8CDB7D8329C3}.Release|Any CPU.Build.0 = Release|Any CPU
		{1F76876A-1456-4C35-981B-7B8474F7C5EA}.Debug|Any CPU.ActiveCfg = Debug|Any CPU
		{1F76876A-1456-4C35-981B-7B8474F7C5EA}.Debug|Any CPU.Build.0 = Debug|Any CPU
		{1F76876A-1456-4C35-981B-7B8474F7C5EA}.Release|Any CPU.ActiveCfg = Release|Any CPU
		{1F76876A-1456-4C35-981B-7B8474F7C5EA}.Release|Any CPU.Build.0 = Release|Any CPU
		{FF6CE887-0A09-4B80-94A1-4242B0D171DB}.Debug|Any CPU.ActiveCfg = Debug|Any CPU
		{FF6CE887-0A09-4B80-94A1-4242B0D171DB}.Debug|Any CPU.Build.0 = Debug|Any CPU
		{FF6CE887-0A09-4B80-94A1-4242B0D171DB}.Release|Any CPU.ActiveCfg = Release|Any CPU
		{FF6CE887-0A09-4B80-94A1-4242B0D171DB}.Release|Any CPU.Build.0 = Release|Any CPU
		{AD40B95D-EFD8-4CC6-81BB-4616034403B7}.Debug|Any CPU.ActiveCfg = Debug|Any CPU
		{AD40B95D-EFD8-4CC6-81BB-4616034403B7}.Debug|Any CPU.Build.0 = Debug|Any CPU
		{AD40B95D-EFD8-4CC6-81BB-4616034403B7}.Release|Any CPU.ActiveCfg = Release|Any CPU
		{AD40B95D-EFD8-4CC6-81BB-4616034403B7}.Release|Any CPU.Build.0 = Release|Any CPU
		{E1BE20D7-53C4-4323-B368-5E29D0BF5552}.Debug|Any CPU.ActiveCfg = Debug|Any CPU
		{E1BE20D7-53C4-4323-B368-5E29D0BF5552}.Debug|Any CPU.Build.0 = Debug|Any CPU
		{E1BE20D7-53C4-4323-B368-5E29D0BF5552}.Release|Any CPU.ActiveCfg = Release|Any CPU
		{E1BE20D7-53C4-4323-B368-5E29D0BF5552}.Release|Any CPU.Build.0 = Release|Any CPU
		{42EA47EB-0EDE-4449-8915-CA21F45758BF}.Debug|Any CPU.ActiveCfg = Debug|Any CPU
		{42EA47EB-0EDE-4449-8915-CA21F45758BF}.Debug|Any CPU.Build.0 = Debug|Any CPU
		{42EA47EB-0EDE-4449-8915-CA21F45758BF}.Release|Any CPU.ActiveCfg = Release|Any CPU
		{42EA47EB-0EDE-4449-8915-CA21F45758BF}.Release|Any CPU.Build.0 = Release|Any CPU
		{8F4879C3-057E-4A70-B0B7-7AD29FE127FD}.Debug|Any CPU.ActiveCfg = Debug|Any CPU
		{8F4879C3-057E-4A70-B0B7-7AD29FE127FD}.Debug|Any CPU.Build.0 = Debug|Any CPU
		{8F4879C3-057E-4A70-B0B7-7AD29FE127FD}.Release|Any CPU.ActiveCfg = Release|Any CPU
		{8F4879C3-057E-4A70-B0B7-7AD29FE127FD}.Release|Any CPU.Build.0 = Release|Any CPU
		{D8A57FE7-06B6-4F0A-B851-7F5E1F471895}.Debug|Any CPU.ActiveCfg = Debug|Any CPU
		{D8A57FE7-06B6-4F0A-B851-7F5E1F471895}.Debug|Any CPU.Build.0 = Debug|Any CPU
		{D8A57FE7-06B6-4F0A-B851-7F5E1F471895}.Release|Any CPU.ActiveCfg = Release|Any CPU
		{D8A57FE7-06B6-4F0A-B851-7F5E1F471895}.Release|Any CPU.Build.0 = Release|Any CPU
		{93C7FF4F-E3E9-4331-A95C-F9CC3D1BEF3C}.Debug|Any CPU.ActiveCfg = Debug|Any CPU
		{93C7FF4F-E3E9-4331-A95C-F9CC3D1BEF3C}.Debug|Any CPU.Build.0 = Debug|Any CPU
		{93C7FF4F-E3E9-4331-A95C-F9CC3D1BEF3C}.Release|Any CPU.ActiveCfg = Release|Any CPU
		{93C7FF4F-E3E9-4331-A95C-F9CC3D1BEF3C}.Release|Any CPU.Build.0 = Release|Any CPU
		{68B1F213-42D5-4257-BC72-CDA601FF9167}.Debug|Any CPU.ActiveCfg = Debug|Any CPU
		{68B1F213-42D5-4257-BC72-CDA601FF9167}.Debug|Any CPU.Build.0 = Debug|Any CPU
		{68B1F213-42D5-4257-BC72-CDA601FF9167}.Release|Any CPU.ActiveCfg = Release|Any CPU
		{68B1F213-42D5-4257-BC72-CDA601FF9167}.Release|Any CPU.Build.0 = Release|Any CPU
		{7D598195-ED66-423B-903F-408947D87784}.Debug|Any CPU.ActiveCfg = Debug|Any CPU
		{7D598195-ED66-423B-903F-408947D87784}.Debug|Any CPU.Build.0 = Debug|Any CPU
		{7D598195-ED66-423B-903F-408947D87784}.Release|Any CPU.ActiveCfg = Release|Any CPU
		{7D598195-ED66-423B-903F-408947D87784}.Release|Any CPU.Build.0 = Release|Any CPU
		{8A43CCB4-4A35-4FF3-A3CB-B77E18D80EC9}.Debug|Any CPU.ActiveCfg = Debug|Any CPU
		{8A43CCB4-4A35-4FF3-A3CB-B77E18D80EC9}.Debug|Any CPU.Build.0 = Debug|Any CPU
		{8A43CCB4-4A35-4FF3-A3CB-B77E18D80EC9}.Release|Any CPU.ActiveCfg = Release|Any CPU
		{8A43CCB4-4A35-4FF3-A3CB-B77E18D80EC9}.Release|Any CPU.Build.0 = Release|Any CPU
		{9C07BCE2-BDA1-4567-8570-0851EDC7FF65}.Debug|Any CPU.ActiveCfg = Debug|Any CPU
		{9C07BCE2-BDA1-4567-8570-0851EDC7FF65}.Debug|Any CPU.Build.0 = Debug|Any CPU
		{9C07BCE2-BDA1-4567-8570-0851EDC7FF65}.Release|Any CPU.ActiveCfg = Release|Any CPU
		{9C07BCE2-BDA1-4567-8570-0851EDC7FF65}.Release|Any CPU.Build.0 = Release|Any CPU
		{F9105F50-F2EC-4921-A5BE-18E5437736BC}.Debug|Any CPU.ActiveCfg = Debug|Any CPU
		{F9105F50-F2EC-4921-A5BE-18E5437736BC}.Debug|Any CPU.Build.0 = Debug|Any CPU
		{F9105F50-F2EC-4921-A5BE-18E5437736BC}.Release|Any CPU.ActiveCfg = Release|Any CPU
		{F9105F50-F2EC-4921-A5BE-18E5437736BC}.Release|Any CPU.Build.0 = Release|Any CPU
		{B89F6012-F7A3-4BAE-AD44-46222AAC2DCC}.Debug|Any CPU.ActiveCfg = Debug|Any CPU
		{B89F6012-F7A3-4BAE-AD44-46222AAC2DCC}.Debug|Any CPU.Build.0 = Debug|Any CPU
		{B89F6012-F7A3-4BAE-AD44-46222AAC2DCC}.Release|Any CPU.ActiveCfg = Release|Any CPU
		{B89F6012-F7A3-4BAE-AD44-46222AAC2DCC}.Release|Any CPU.Build.0 = Release|Any CPU
		{BC76414C-DAE6-4C2A-B9F9-7DB04D854086}.Debug|Any CPU.ActiveCfg = Debug|Any CPU
		{BC76414C-DAE6-4C2A-B9F9-7DB04D854086}.Debug|Any CPU.Build.0 = Debug|Any CPU
		{BC76414C-DAE6-4C2A-B9F9-7DB04D854086}.Release|Any CPU.ActiveCfg = Release|Any CPU
		{BC76414C-DAE6-4C2A-B9F9-7DB04D854086}.Release|Any CPU.Build.0 = Release|Any CPU
		{606009B1-05A7-4565-8E2F-B56BFC7279DF}.Debug|Any CPU.ActiveCfg = Debug|Any CPU
		{606009B1-05A7-4565-8E2F-B56BFC7279DF}.Debug|Any CPU.Build.0 = Debug|Any CPU
		{606009B1-05A7-4565-8E2F-B56BFC7279DF}.Release|Any CPU.ActiveCfg = Release|Any CPU
		{606009B1-05A7-4565-8E2F-B56BFC7279DF}.Release|Any CPU.Build.0 = Release|Any CPU
		{83C0D241-7F01-464D-BC0A-747F686E554A}.Debug|Any CPU.ActiveCfg = Debug|Any CPU
		{83C0D241-7F01-464D-BC0A-747F686E554A}.Debug|Any CPU.Build.0 = Debug|Any CPU
		{83C0D241-7F01-464D-BC0A-747F686E554A}.Release|Any CPU.ActiveCfg = Release|Any CPU
		{83C0D241-7F01-464D-BC0A-747F686E554A}.Release|Any CPU.Build.0 = Release|Any CPU
		{7C08248E-60D7-42BB-8C3D-FA3F7BDA0097}.Debug|Any CPU.ActiveCfg = Debug|Any CPU
		{7C08248E-60D7-42BB-8C3D-FA3F7BDA0097}.Debug|Any CPU.Build.0 = Debug|Any CPU
		{7C08248E-60D7-42BB-8C3D-FA3F7BDA0097}.Release|Any CPU.ActiveCfg = Release|Any CPU
		{7C08248E-60D7-42BB-8C3D-FA3F7BDA0097}.Release|Any CPU.Build.0 = Release|Any CPU
		{111A980E-1327-4889-934D-43DC28E85074}.Debug|Any CPU.ActiveCfg = Debug|Any CPU
		{111A980E-1327-4889-934D-43DC28E85074}.Debug|Any CPU.Build.0 = Debug|Any CPU
		{111A980E-1327-4889-934D-43DC28E85074}.Release|Any CPU.ActiveCfg = Release|Any CPU
		{111A980E-1327-4889-934D-43DC28E85074}.Release|Any CPU.Build.0 = Release|Any CPU
		{77DEABAB-2E72-4D1B-9533-C80C5907BF3A}.Debug|Any CPU.ActiveCfg = Debug|Any CPU
		{77DEABAB-2E72-4D1B-9533-C80C5907BF3A}.Debug|Any CPU.Build.0 = Debug|Any CPU
		{77DEABAB-2E72-4D1B-9533-C80C5907BF3A}.Release|Any CPU.ActiveCfg = Release|Any CPU
		{77DEABAB-2E72-4D1B-9533-C80C5907BF3A}.Release|Any CPU.Build.0 = Release|Any CPU
		{FE7DCCFD-9507-48AD-8383-064D29DA6321}.Debug|Any CPU.ActiveCfg = Debug|Any CPU
		{FE7DCCFD-9507-48AD-8383-064D29DA6321}.Debug|Any CPU.Build.0 = Debug|Any CPU
		{FE7DCCFD-9507-48AD-8383-064D29DA6321}.Release|Any CPU.ActiveCfg = Release|Any CPU
		{FE7DCCFD-9507-48AD-8383-064D29DA6321}.Release|Any CPU.Build.0 = Release|Any CPU
		{33A5EFD2-59D1-4BEE-8A86-46D2F40DC8EF}.Debug|Any CPU.ActiveCfg = Debug|Any CPU
		{33A5EFD2-59D1-4BEE-8A86-46D2F40DC8EF}.Debug|Any CPU.Build.0 = Debug|Any CPU
		{33A5EFD2-59D1-4BEE-8A86-46D2F40DC8EF}.Release|Any CPU.ActiveCfg = Release|Any CPU
		{33A5EFD2-59D1-4BEE-8A86-46D2F40DC8EF}.Release|Any CPU.Build.0 = Release|Any CPU
		{E2A15282-B9F3-446A-B3A2-3F7ED429056A}.Debug|Any CPU.ActiveCfg = Debug|Any CPU
		{E2A15282-B9F3-446A-B3A2-3F7ED429056A}.Debug|Any CPU.Build.0 = Debug|Any CPU
		{E2A15282-B9F3-446A-B3A2-3F7ED429056A}.Release|Any CPU.ActiveCfg = Release|Any CPU
		{E2A15282-B9F3-446A-B3A2-3F7ED429056A}.Release|Any CPU.Build.0 = Release|Any CPU
		{8284C0B7-58D4-4636-8EB6-A2F5AD6619DB}.Debug|Any CPU.ActiveCfg = Debug|Any CPU
		{8284C0B7-58D4-4636-8EB6-A2F5AD6619DB}.Debug|Any CPU.Build.0 = Debug|Any CPU
		{8284C0B7-58D4-4636-8EB6-A2F5AD6619DB}.Release|Any CPU.ActiveCfg = Release|Any CPU
		{8284C0B7-58D4-4636-8EB6-A2F5AD6619DB}.Release|Any CPU.Build.0 = Release|Any CPU
		{ECD5FE9A-0B3D-40E5-B524-58B880F43912}.Debug|Any CPU.ActiveCfg = Debug|Any CPU
		{ECD5FE9A-0B3D-40E5-B524-58B880F43912}.Debug|Any CPU.Build.0 = Debug|Any CPU
		{ECD5FE9A-0B3D-40E5-B524-58B880F43912}.Release|Any CPU.ActiveCfg = Release|Any CPU
		{ECD5FE9A-0B3D-40E5-B524-58B880F43912}.Release|Any CPU.Build.0 = Release|Any CPU
		{69092ABE-67BB-4676-AEE2-918297F2A6F4}.Debug|Any CPU.ActiveCfg = Debug|Any CPU
		{69092ABE-67BB-4676-AEE2-918297F2A6F4}.Debug|Any CPU.Build.0 = Debug|Any CPU
		{69092ABE-67BB-4676-AEE2-918297F2A6F4}.Release|Any CPU.ActiveCfg = Release|Any CPU
		{69092ABE-67BB-4676-AEE2-918297F2A6F4}.Release|Any CPU.Build.0 = Release|Any CPU
		{A21D53CB-8EB9-49C9-88B3-A27DC11E556A}.Debug|Any CPU.ActiveCfg = Debug|Any CPU
		{A21D53CB-8EB9-49C9-88B3-A27DC11E556A}.Debug|Any CPU.Build.0 = Debug|Any CPU
		{A21D53CB-8EB9-49C9-88B3-A27DC11E556A}.Release|Any CPU.ActiveCfg = Release|Any CPU
		{A21D53CB-8EB9-49C9-88B3-A27DC11E556A}.Release|Any CPU.Build.0 = Release|Any CPU
		{8135E725-4818-4700-A222-EA2EE14CCB9D}.Debug|Any CPU.ActiveCfg = Debug|Any CPU
		{8135E725-4818-4700-A222-EA2EE14CCB9D}.Debug|Any CPU.Build.0 = Debug|Any CPU
		{8135E725-4818-4700-A222-EA2EE14CCB9D}.Release|Any CPU.ActiveCfg = Release|Any CPU
		{8135E725-4818-4700-A222-EA2EE14CCB9D}.Release|Any CPU.Build.0 = Release|Any CPU
		{B922B5DD-782E-42AF-95E6-711FEF716F75}.Debug|Any CPU.ActiveCfg = Debug|Any CPU
		{B922B5DD-782E-42AF-95E6-711FEF716F75}.Debug|Any CPU.Build.0 = Debug|Any CPU
		{B922B5DD-782E-42AF-95E6-711FEF716F75}.Release|Any CPU.ActiveCfg = Release|Any CPU
		{B922B5DD-782E-42AF-95E6-711FEF716F75}.Release|Any CPU.Build.0 = Release|Any CPU
		{576B5B75-F1D9-4D44-AE1A-046AA6A40B32}.Debug|Any CPU.ActiveCfg = Debug|Any CPU
		{576B5B75-F1D9-4D44-AE1A-046AA6A40B32}.Debug|Any CPU.Build.0 = Debug|Any CPU
		{576B5B75-F1D9-4D44-AE1A-046AA6A40B32}.Release|Any CPU.ActiveCfg = Release|Any CPU
		{576B5B75-F1D9-4D44-AE1A-046AA6A40B32}.Release|Any CPU.Build.0 = Release|Any CPU
		{FBA3D9D9-C800-4A8F-8EB4-144B5EA6B3B3}.Debug|Any CPU.ActiveCfg = Debug|Any CPU
		{FBA3D9D9-C800-4A8F-8EB4-144B5EA6B3B3}.Debug|Any CPU.Build.0 = Debug|Any CPU
		{FBA3D9D9-C800-4A8F-8EB4-144B5EA6B3B3}.Release|Any CPU.ActiveCfg = Release|Any CPU
		{FBA3D9D9-C800-4A8F-8EB4-144B5EA6B3B3}.Release|Any CPU.Build.0 = Release|Any CPU
		{DC24475D-BD9F-4495-B970-087DE569BC53}.Debug|Any CPU.ActiveCfg = Debug|Any CPU
		{DC24475D-BD9F-4495-B970-087DE569BC53}.Debug|Any CPU.Build.0 = Debug|Any CPU
		{DC24475D-BD9F-4495-B970-087DE569BC53}.Release|Any CPU.ActiveCfg = Release|Any CPU
		{DC24475D-BD9F-4495-B970-087DE569BC53}.Release|Any CPU.Build.0 = Release|Any CPU
		{EE78CDFA-616E-4B09-B657-D019753B26FE}.Debug|Any CPU.ActiveCfg = Debug|Any CPU
		{EE78CDFA-616E-4B09-B657-D019753B26FE}.Debug|Any CPU.Build.0 = Debug|Any CPU
		{EE78CDFA-616E-4B09-B657-D019753B26FE}.Release|Any CPU.ActiveCfg = Release|Any CPU
		{EE78CDFA-616E-4B09-B657-D019753B26FE}.Release|Any CPU.Build.0 = Release|Any CPU
		{CA6CF5D4-12F0-4D53-96E8-9D1EE6C8CB87}.Debug|Any CPU.ActiveCfg = Debug|Any CPU
		{CA6CF5D4-12F0-4D53-96E8-9D1EE6C8CB87}.Debug|Any CPU.Build.0 = Debug|Any CPU
		{CA6CF5D4-12F0-4D53-96E8-9D1EE6C8CB87}.Release|Any CPU.ActiveCfg = Release|Any CPU
		{CA6CF5D4-12F0-4D53-96E8-9D1EE6C8CB87}.Release|Any CPU.Build.0 = Release|Any CPU
		{B905E915-D68C-482F-A9B5-EC098E0A5F97}.Debug|Any CPU.ActiveCfg = Debug|Any CPU
		{B905E915-D68C-482F-A9B5-EC098E0A5F97}.Debug|Any CPU.Build.0 = Debug|Any CPU
		{B905E915-D68C-482F-A9B5-EC098E0A5F97}.Release|Any CPU.ActiveCfg = Release|Any CPU
		{B905E915-D68C-482F-A9B5-EC098E0A5F97}.Release|Any CPU.Build.0 = Release|Any CPU
		{18120AED-D947-4815-B3FB-A3C521B70AE5}.Debug|Any CPU.ActiveCfg = Debug|Any CPU
		{18120AED-D947-4815-B3FB-A3C521B70AE5}.Debug|Any CPU.Build.0 = Debug|Any CPU
		{18120AED-D947-4815-B3FB-A3C521B70AE5}.Release|Any CPU.ActiveCfg = Release|Any CPU
		{18120AED-D947-4815-B3FB-A3C521B70AE5}.Release|Any CPU.Build.0 = Release|Any CPU
		{7C25D86D-F686-4AF3-8156-D930BDFB3F1A}.Debug|Any CPU.ActiveCfg = Debug|Any CPU
		{7C25D86D-F686-4AF3-8156-D930BDFB3F1A}.Debug|Any CPU.Build.0 = Debug|Any CPU
		{7C25D86D-F686-4AF3-8156-D930BDFB3F1A}.Release|Any CPU.ActiveCfg = Release|Any CPU
		{7C25D86D-F686-4AF3-8156-D930BDFB3F1A}.Release|Any CPU.Build.0 = Release|Any CPU
		{B2CE0D4C-D523-41FF-8EA0-D0E176572A98}.Debug|Any CPU.ActiveCfg = Debug|Any CPU
		{B2CE0D4C-D523-41FF-8EA0-D0E176572A98}.Debug|Any CPU.Build.0 = Debug|Any CPU
		{B2CE0D4C-D523-41FF-8EA0-D0E176572A98}.Release|Any CPU.ActiveCfg = Release|Any CPU
		{B2CE0D4C-D523-41FF-8EA0-D0E176572A98}.Release|Any CPU.Build.0 = Release|Any CPU
		{56CF94DD-5C10-493B-ABFA-D13BC274D24C}.Debug|Any CPU.ActiveCfg = Debug|Any CPU
		{56CF94DD-5C10-493B-ABFA-D13BC274D24C}.Debug|Any CPU.Build.0 = Debug|Any CPU
		{56CF94DD-5C10-493B-ABFA-D13BC274D24C}.Release|Any CPU.ActiveCfg = Release|Any CPU
		{56CF94DD-5C10-493B-ABFA-D13BC274D24C}.Release|Any CPU.Build.0 = Release|Any CPU
		{7BE86F28-2E88-485F-9CA7-139F0DF534C9}.Debug|Any CPU.ActiveCfg = Debug|Any CPU
		{7BE86F28-2E88-485F-9CA7-139F0DF534C9}.Debug|Any CPU.Build.0 = Debug|Any CPU
		{7BE86F28-2E88-485F-9CA7-139F0DF534C9}.Release|Any CPU.ActiveCfg = Release|Any CPU
		{7BE86F28-2E88-485F-9CA7-139F0DF534C9}.Release|Any CPU.Build.0 = Release|Any CPU
		{CA07E549-5CAF-4400-BACD-479ED6958D96}.Debug|Any CPU.ActiveCfg = Debug|Any CPU
		{CA07E549-5CAF-4400-BACD-479ED6958D96}.Debug|Any CPU.Build.0 = Debug|Any CPU
		{CA07E549-5CAF-4400-BACD-479ED6958D96}.Release|Any CPU.ActiveCfg = Release|Any CPU
		{CA07E549-5CAF-4400-BACD-479ED6958D96}.Release|Any CPU.Build.0 = Release|Any CPU
		{6FE0A201-27F7-45CF-98A0-3249FF262369}.Debug|Any CPU.ActiveCfg = Debug|Any CPU
		{6FE0A201-27F7-45CF-98A0-3249FF262369}.Debug|Any CPU.Build.0 = Debug|Any CPU
		{6FE0A201-27F7-45CF-98A0-3249FF262369}.Release|Any CPU.ActiveCfg = Release|Any CPU
		{6FE0A201-27F7-45CF-98A0-3249FF262369}.Release|Any CPU.Build.0 = Release|Any CPU
		{93917E4C-3B76-4301-8DF2-0CC3EB119662}.Debug|Any CPU.ActiveCfg = Debug|Any CPU
		{93917E4C-3B76-4301-8DF2-0CC3EB119662}.Debug|Any CPU.Build.0 = Debug|Any CPU
		{93917E4C-3B76-4301-8DF2-0CC3EB119662}.Release|Any CPU.ActiveCfg = Release|Any CPU
		{93917E4C-3B76-4301-8DF2-0CC3EB119662}.Release|Any CPU.Build.0 = Release|Any CPU
		{BE3A8B6B-3D46-4FBE-A7A9-691FA503CA55}.Debug|Any CPU.ActiveCfg = Debug|Any CPU
		{BE3A8B6B-3D46-4FBE-A7A9-691FA503CA55}.Debug|Any CPU.Build.0 = Debug|Any CPU
		{BE3A8B6B-3D46-4FBE-A7A9-691FA503CA55}.Release|Any CPU.ActiveCfg = Release|Any CPU
		{BE3A8B6B-3D46-4FBE-A7A9-691FA503CA55}.Release|Any CPU.Build.0 = Release|Any CPU
		{66528901-2EBB-445E-9D47-3147631970E1}.Debug|Any CPU.ActiveCfg = Debug|Any CPU
		{66528901-2EBB-445E-9D47-3147631970E1}.Debug|Any CPU.Build.0 = Debug|Any CPU
		{66528901-2EBB-445E-9D47-3147631970E1}.Release|Any CPU.ActiveCfg = Release|Any CPU
		{66528901-2EBB-445E-9D47-3147631970E1}.Release|Any CPU.Build.0 = Release|Any CPU
		{5918E147-E878-4C85-8B9A-FE3B094A4745}.Debug|Any CPU.ActiveCfg = Debug|Any CPU
		{5918E147-E878-4C85-8B9A-FE3B094A4745}.Debug|Any CPU.Build.0 = Debug|Any CPU
		{5918E147-E878-4C85-8B9A-FE3B094A4745}.Release|Any CPU.ActiveCfg = Release|Any CPU
		{5918E147-E878-4C85-8B9A-FE3B094A4745}.Release|Any CPU.Build.0 = Release|Any CPU
		{8FADF1BE-B723-4AF2-8CFB-A58657286B4E}.Debug|Any CPU.ActiveCfg = Debug|Any CPU
		{8FADF1BE-B723-4AF2-8CFB-A58657286B4E}.Debug|Any CPU.Build.0 = Debug|Any CPU
		{8FADF1BE-B723-4AF2-8CFB-A58657286B4E}.Release|Any CPU.ActiveCfg = Release|Any CPU
		{8FADF1BE-B723-4AF2-8CFB-A58657286B4E}.Release|Any CPU.Build.0 = Release|Any CPU
		{14592E9F-75DD-4BE5-A7D6-C3233FF767CA}.Debug|Any CPU.ActiveCfg = Debug|Any CPU
		{14592E9F-75DD-4BE5-A7D6-C3233FF767CA}.Debug|Any CPU.Build.0 = Debug|Any CPU
		{14592E9F-75DD-4BE5-A7D6-C3233FF767CA}.Release|Any CPU.ActiveCfg = Release|Any CPU
		{14592E9F-75DD-4BE5-A7D6-C3233FF767CA}.Release|Any CPU.Build.0 = Release|Any CPU
	EndGlobalSection
	GlobalSection(SolutionProperties) = preSolution
		HideSolutionNode = FALSE
	EndGlobalSection
	GlobalSection(NestedProjects) = preSolution
		{370D6206-3974-4470-9FE6-014E9434905C} = {75C593E1-EE7B-4E00-9DAD-8D26BE93872C}
		{064D84C8-982C-49C9-A3D6-45F42B490825} = {75C593E1-EE7B-4E00-9DAD-8D26BE93872C}
		{BE2D6131-A870-4297-B510-1DBD6E7B62CC} = {75C593E1-EE7B-4E00-9DAD-8D26BE93872C}
		{E6DC79D9-AB89-4BF8-845D-948A30FA0044} = {75C593E1-EE7B-4E00-9DAD-8D26BE93872C}
		{FA95C2CB-39F1-45BC-84F7-5FEF7FBAD9A6} = {75C593E1-EE7B-4E00-9DAD-8D26BE93872C}
		{2988B8AE-FAD4-4425-BA83-E2FD9C923CFB} = {75C593E1-EE7B-4E00-9DAD-8D26BE93872C}
		{27687746-1308-4EE9-AC08-E56E4024204B} = {75C593E1-EE7B-4E00-9DAD-8D26BE93872C}
		{12AFAF74-56BD-4A44-A166-54A443B21955} = {75C593E1-EE7B-4E00-9DAD-8D26BE93872C}
		{33C82530-CEA0-49DD-B045-062CCFE1EE11} = {2C721FBD-4CC8-4390-AE60-7F7EF4ADE357}
		{FC0D6CFD-79C2-4449-BE98-AF1F8DEDF437} = {2C721FBD-4CC8-4390-AE60-7F7EF4ADE357}
		{E05F5C6F-A742-4678-808D-5E23F2570242} = {2C721FBD-4CC8-4390-AE60-7F7EF4ADE357}
		{0E516F00-3B87-4EED-A65B-B12BE771FF64} = {2C721FBD-4CC8-4390-AE60-7F7EF4ADE357}
		{4AE1D1B4-5F6A-48DB-A0A5-8CDB7D8329C3} = {2C721FBD-4CC8-4390-AE60-7F7EF4ADE357}
		{1F76876A-1456-4C35-981B-7B8474F7C5EA} = {2C721FBD-4CC8-4390-AE60-7F7EF4ADE357}
		{FF6CE887-0A09-4B80-94A1-4242B0D171DB} = {D4A9354E-2B31-4E3C-934E-BD11F18D8AD4}
		{AD40B95D-EFD8-4CC6-81BB-4616034403B7} = {D4A9354E-2B31-4E3C-934E-BD11F18D8AD4}
		{75C593E1-EE7B-4E00-9DAD-8D26BE93872C} = {6CCEB987-0238-49CC-891E-1182F44BCB85}
		{2C721FBD-4CC8-4390-AE60-7F7EF4ADE357} = {6CCEB987-0238-49CC-891E-1182F44BCB85}
		{D4A9354E-2B31-4E3C-934E-BD11F18D8AD4} = {6CCEB987-0238-49CC-891E-1182F44BCB85}
		{E1BE20D7-53C4-4323-B368-5E29D0BF5552} = {D4A9354E-2B31-4E3C-934E-BD11F18D8AD4}
		{42EA47EB-0EDE-4449-8915-CA21F45758BF} = {D4A9354E-2B31-4E3C-934E-BD11F18D8AD4}
		{8F4879C3-057E-4A70-B0B7-7AD29FE127FD} = {D4A9354E-2B31-4E3C-934E-BD11F18D8AD4}
		{D8A57FE7-06B6-4F0A-B851-7F5E1F471895} = {D4A9354E-2B31-4E3C-934E-BD11F18D8AD4}
		{93C7FF4F-E3E9-4331-A95C-F9CC3D1BEF3C} = {9EB81BC0-9C97-4A9A-A397-549A8EE2CBA0}
		{68B1F213-42D5-4257-BC72-CDA601FF9167} = {9EB81BC0-9C97-4A9A-A397-549A8EE2CBA0}
		{7D598195-ED66-423B-903F-408947D87784} = {9EB81BC0-9C97-4A9A-A397-549A8EE2CBA0}
		{8A43CCB4-4A35-4FF3-A3CB-B77E18D80EC9} = {9EB81BC0-9C97-4A9A-A397-549A8EE2CBA0}
		{9C07BCE2-BDA1-4567-8570-0851EDC7FF65} = {9EB81BC0-9C97-4A9A-A397-549A8EE2CBA0}
		{F9105F50-F2EC-4921-A5BE-18E5437736BC} = {9EB81BC0-9C97-4A9A-A397-549A8EE2CBA0}
		{B89F6012-F7A3-4BAE-AD44-46222AAC2DCC} = {9EB81BC0-9C97-4A9A-A397-549A8EE2CBA0}
		{BC76414C-DAE6-4C2A-B9F9-7DB04D854086} = {9EB81BC0-9C97-4A9A-A397-549A8EE2CBA0}
		{606009B1-05A7-4565-8E2F-B56BFC7279DF} = {9EB81BC0-9C97-4A9A-A397-549A8EE2CBA0}
		{83C0D241-7F01-464D-BC0A-747F686E554A} = {647EB53E-C373-431D-A74A-896B1D815F2B}
		{7C08248E-60D7-42BB-8C3D-FA3F7BDA0097} = {647EB53E-C373-431D-A74A-896B1D815F2B}
		{647EB53E-C373-431D-A74A-896B1D815F2B} = {9EB81BC0-9C97-4A9A-A397-549A8EE2CBA0}
		{111A980E-1327-4889-934D-43DC28E85074} = {9EB81BC0-9C97-4A9A-A397-549A8EE2CBA0}
		{77DEABAB-2E72-4D1B-9533-C80C5907BF3A} = {9EB81BC0-9C97-4A9A-A397-549A8EE2CBA0}
		{FE7DCCFD-9507-48AD-8383-064D29DA6321} = {9EB81BC0-9C97-4A9A-A397-549A8EE2CBA0}
		{33A5EFD2-59D1-4BEE-8A86-46D2F40DC8EF} = {9EB81BC0-9C97-4A9A-A397-549A8EE2CBA0}
		{E2A15282-B9F3-446A-B3A2-3F7ED429056A} = {1833094A-36EE-4737-862D-BE899713EA52}
		{8284C0B7-58D4-4636-8EB6-A2F5AD6619DB} = {1833094A-36EE-4737-862D-BE899713EA52}
		{ECD5FE9A-0B3D-40E5-B524-58B880F43912} = {1833094A-36EE-4737-862D-BE899713EA52}
		{69092ABE-67BB-4676-AEE2-918297F2A6F4} = {1833094A-36EE-4737-862D-BE899713EA52}
		{A21D53CB-8EB9-49C9-88B3-A27DC11E556A} = {1833094A-36EE-4737-862D-BE899713EA52}
		{8135E725-4818-4700-A222-EA2EE14CCB9D} = {1833094A-36EE-4737-862D-BE899713EA52}
		{B922B5DD-782E-42AF-95E6-711FEF716F75} = {1833094A-36EE-4737-862D-BE899713EA52}
		{576B5B75-F1D9-4D44-AE1A-046AA6A40B32} = {1833094A-36EE-4737-862D-BE899713EA52}
		{FBA3D9D9-C800-4A8F-8EB4-144B5EA6B3B3} = {1833094A-36EE-4737-862D-BE899713EA52}
		{DC24475D-BD9F-4495-B970-087DE569BC53} = {1833094A-36EE-4737-862D-BE899713EA52}
		{EE78CDFA-616E-4B09-B657-D019753B26FE} = {1833094A-36EE-4737-862D-BE899713EA52}
		{CA6CF5D4-12F0-4D53-96E8-9D1EE6C8CB87} = {1253821F-7743-438F-B0A9-131E3806AEDD}
		{B905E915-D68C-482F-A9B5-EC098E0A5F97} = {1253821F-7743-438F-B0A9-131E3806AEDD}
		{18120AED-D947-4815-B3FB-A3C521B70AE5} = {1253821F-7743-438F-B0A9-131E3806AEDD}
		{7C25D86D-F686-4AF3-8156-D930BDFB3F1A} = {1253821F-7743-438F-B0A9-131E3806AEDD}
		{B2CE0D4C-D523-41FF-8EA0-D0E176572A98} = {1253821F-7743-438F-B0A9-131E3806AEDD}
		{56CF94DD-5C10-493B-ABFA-D13BC274D24C} = {1253821F-7743-438F-B0A9-131E3806AEDD}
		{7BE86F28-2E88-485F-9CA7-139F0DF534C9} = {1253821F-7743-438F-B0A9-131E3806AEDD}
		{CA07E549-5CAF-4400-BACD-479ED6958D96} = {3280A79B-E260-4FA7-B3F7-4408C9EEA836}
		{6FE0A201-27F7-45CF-98A0-3249FF262369} = {3280A79B-E260-4FA7-B3F7-4408C9EEA836}
		{93917E4C-3B76-4301-8DF2-0CC3EB119662} = {3280A79B-E260-4FA7-B3F7-4408C9EEA836}
		{BE3A8B6B-3D46-4FBE-A7A9-691FA503CA55} = {3280A79B-E260-4FA7-B3F7-4408C9EEA836}
		{66528901-2EBB-445E-9D47-3147631970E1} = {3280A79B-E260-4FA7-B3F7-4408C9EEA836}
		{5918E147-E878-4C85-8B9A-FE3B094A4745} = {3280A79B-E260-4FA7-B3F7-4408C9EEA836}
		{8FADF1BE-B723-4AF2-8CFB-A58657286B4E} = {3280A79B-E260-4FA7-B3F7-4408C9EEA836}
		{14592E9F-75DD-4BE5-A7D6-C3233FF767CA} = {3280A79B-E260-4FA7-B3F7-4408C9EEA836}
	EndGlobalSection
EndGlobal
