
Microsoft Visual Studio Solution File, Format Version 12.00
# Visual Studio 2012
Project("{2150E333-8FDC-42A3-9474-1A3956D46DE8}") = "Tasks", "Tasks", "{1A1D795D-7021-4036-85CA-2AAD1159DCAA}"
EndProject
Project("{2150E333-8FDC-42A3-9474-1A3956D46DE8}") = "Threads", "Threads", "{325CDA6E-69C2-49C9-94D0-1B11DF2AE8DF}"
EndProject
Project("{2150E333-8FDC-42A3-9474-1A3956D46DE8}") = "Parallel", "Parallel", "{C6E9600F-7087-4450-8C12-094D8438DB11}"
EndProject
Project("{FAE04EC0-301F-11D3-BF4B-00C04F79EFBC}") = "Example1.1", "Objective1.1\Example1.1\Example1.1.csproj", "{9DD7AAFF-B4EE-4DD7-815E-DAAD08D2E324}"
EndProject
Project("{FAE04EC0-301F-11D3-BF4B-00C04F79EFBC}") = "Example1.2", "Objective1.1\Example1.2\Example1.2.csproj", "{6FC97A9F-B210-4C9B-BAAE-F66FC43E562A}"
EndProject
Project("{FAE04EC0-301F-11D3-BF4B-00C04F79EFBC}") = "Example1.3", "Objective1.1\Example1.3\Example1.3.csproj", "{01CB2B91-EF83-4244-A429-218DB6A091F6}"
EndProject
Project("{FAE04EC0-301F-11D3-BF4B-00C04F79EFBC}") = "Example1.4", "Objective1.1\Example1.4\Example1.4.csproj", "{A5C2FBF6-02B0-403A-9F3D-F1632D58F382}"
EndProject
Project("{FAE04EC0-301F-11D3-BF4B-00C04F79EFBC}") = "Example1.5", "Objective1.1\Example1.5\Example1.5.csproj", "{1DFFC2CC-8490-4893-B4C5-C657E69BCE6A}"
EndProject
Project("{FAE04EC0-301F-11D3-BF4B-00C04F79EFBC}") = "Example1.6", "Objective1.1\Example1.6\Example1.6.csproj", "{E1EEFF66-69DE-4F5A-9895-D8FC7E50FC1C}"
EndProject
Project("{FAE04EC0-301F-11D3-BF4B-00C04F79EFBC}") = "Example1.7", "Objective1.1\Example1.7\Example1.7.csproj", "{5076CF34-A43E-4C2F-AA90-CAB7C96899BE}"
EndProject
Project("{FAE04EC0-301F-11D3-BF4B-00C04F79EFBC}") = "Example1.8", "Objective1.1\Example1.8\Example1.8.csproj", "{2AD54526-0B92-431E-ABB4-7A05FA4FBD04}"
EndProject
Project("{FAE04EC0-301F-11D3-BF4B-00C04F79EFBC}") = "Example1.11", "Objective1.1\Example1.11\Example1.11.csproj", "{F1023439-819C-4D18-9424-E821929EBDC8}"
EndProject
Project("{FAE04EC0-301F-11D3-BF4B-00C04F79EFBC}") = "Example1.12", "Objective1.1\Example1.12\Example1.12.csproj", "{D08A1AF9-3A3E-45AD-813F-F3D5B84D6374}"
EndProject
Project("{FAE04EC0-301F-11D3-BF4B-00C04F79EFBC}") = "Example1.13", "Objective1.1\Example1.13\Example1.13.csproj", "{E3289791-0E0B-4D3E-AABA-88F136C96F8F}"
EndProject
Project("{FAE04EC0-301F-11D3-BF4B-00C04F79EFBC}") = "Example1.14", "Objective1.1\Example1.14\Example1.14.csproj", "{9BCEAF38-7B7E-48B0-B173-1FE5F1EC9098}"
EndProject
Project("{FAE04EC0-301F-11D3-BF4B-00C04F79EFBC}") = "Example1.15", "Objective1.1\Example1.15\Example1.15.csproj", "{D427A563-CC40-4F74-8570-E95BF9C844F3}"
EndProject
Project("{FAE04EC0-301F-11D3-BF4B-00C04F79EFBC}") = "Example1.9_1.10", "Objective1.1\Example1.9_1.10\Example1.9_1.10.csproj", "{434A9535-DA4B-49B6-923E-DD64FF9F75F3}"
EndProject
Project("{FAE04EC0-301F-11D3-BF4B-00C04F79EFBC}") = "Example1.16_1.17", "Objective1.1\Example1.16_1.17\Example1.16_1.17.csproj", "{AD5A6459-C552-4A21-B2C5-68DA75E5983A}"
EndProject
Project("{FAE04EC0-301F-11D3-BF4B-00C04F79EFBC}") = "Example1.18", "Objective1.1\Example1.18\Example1.18.csproj", "{9E82A6DC-4DC6-4990-A20C-61CAA1BF100D}"
EndProject
Project("{FAE04EC0-301F-11D3-BF4B-00C04F79EFBC}") = "Example1.19", "Objective1.1\Example1.19\Example1.19.csproj", "{F4B5EB12-7B56-42B1-A58A-0371DFD98050}"
EndProject
Project("{FAE04EC0-301F-11D3-BF4B-00C04F79EFBC}") = "Example1.20", "Objective1.1\Example1.20\Example1.20.csproj", "{67F05ED8-A22A-4288-8B54-716EB94BBF0F}"
EndProject
Project("{FAE04EC0-301F-11D3-BF4B-00C04F79EFBC}") = "Example1.21", "Objective1.1\Example1.21\Example1.21.csproj", "{0B415D6E-0DA2-4EE1-BC60-590E16711049}"
EndProject
Project("{FAE04EC0-301F-11D3-BF4B-00C04F79EFBC}") = "Example1.22", "Objective1.1\Example1.22\Example1.22.csproj", "{DB8BF55F-52F9-46D3-8CA5-AD19C1C1853E}"
EndProject
Project("{FAE04EC0-301F-11D3-BF4B-00C04F79EFBC}") = "Example1.23_24_25_26", "Objective1.1\Example1.23_24_25_26\Example1.23_24_25_26.csproj", "{AEDE3016-E149-4D23-B384-F81A85DB29F8}"
EndProject
Project("{FAE04EC0-301F-11D3-BF4B-00C04F79EFBC}") = "Example1.27", "Objective1.1\Example1.27\Example1.27.csproj", "{BE535B5C-3FB1-4308-9D3A-244E0EC52077}"
EndProject
Project("{FAE04EC0-301F-11D3-BF4B-00C04F79EFBC}") = "Example1.28", "Objective1.1\Example1.28\Example1.28.csproj", "{0E1B54FF-A137-4D12-ABD4-8214C1B3B921}"
EndProject
Project("{FAE04EC0-301F-11D3-BF4B-00C04F79EFBC}") = "Example1.29", "Objective1.1\Example1.29\Example1.29.csproj", "{FE087D9B-DEDA-4FC7-88CE-98ED24E5C2C5}"
EndProject
Project("{FAE04EC0-301F-11D3-BF4B-00C04F79EFBC}") = "Example1.30", "Objective1.1\Example1.30\Example1.30.csproj", "{61439815-8EA9-4421-AD69-16C321AC052F}"
EndProject
Project("{FAE04EC0-301F-11D3-BF4B-00C04F79EFBC}") = "Example1.31", "Objective1.1\Example1.31\Example1.31.csproj", "{CBFAA9D8-0AEB-4C53-9EE0-FB064E4B1765}"
EndProject
Project("{FAE04EC0-301F-11D3-BF4B-00C04F79EFBC}") = "Example1.32", "Objective1.1\Example1.32\Example1.32.csproj", "{58EE3F70-CD88-493E-80F8-E9E5B4C70189}"
EndProject
Project("{FAE04EC0-301F-11D3-BF4B-00C04F79EFBC}") = "Example1.33", "Objective1.1\Example1.33\Example1.33.csproj", "{E73B63E9-0AAB-4F75-AA11-61EB3C3D3003}"
EndProject
Project("{FAE04EC0-301F-11D3-BF4B-00C04F79EFBC}") = "Example1.34", "Objective1.1\Example1.34\Example1.34.csproj", "{BF8B955D-A752-48E4-A9D0-D05769764FC6}"
EndProject
Project("{2150E333-8FDC-42A3-9474-1A3956D46DE8}") = "Objective 1.1 - Implement multithreading and asynchronous processing", "Objective 1.1 - Implement multithreading and asynchronous processing", "{0D6E2ABC-5195-4A59-9429-FFFA7868EC32}"
EndProject
Project("{2150E333-8FDC-42A3-9474-1A3956D46DE8}") = "Objective 1.2 - Manage multithreading", "Objective 1.2 - Manage multithreading", "{44A6FF97-BB1E-46F8-8A95-D4512A04538D}"
EndProject
Project("{FAE04EC0-301F-11D3-BF4B-00C04F79EFBC}") = "Example1.35", "Objective1.2\Example1.35\Example1.35.csproj", "{A855DE4B-A7A5-40F2-B313-E8B95FDEA03E}"
EndProject
Project("{FAE04EC0-301F-11D3-BF4B-00C04F79EFBC}") = "Example1.36", "Objective1.2\Example1.36\Example1.36.csproj", "{E01D7642-48B9-4433-831D-94A19C386934}"
EndProject
Project("{FAE04EC0-301F-11D3-BF4B-00C04F79EFBC}") = "Example1.37_1.38", "Objective1.2\Example1.37_1.38\Example1.37_1.38.csproj", "{00F5E453-6B5C-4D26-8705-4EEFFE5A8149}"
EndProject
Project("{FAE04EC0-301F-11D3-BF4B-00C04F79EFBC}") = "Example1.39", "Objective1.2\Example1.39\Example1.39.csproj", "{277AF645-7553-4BFF-8434-C4D7CDA26E9E}"
EndProject
Project("{FAE04EC0-301F-11D3-BF4B-00C04F79EFBC}") = "Example1.40", "Objective1.2\Example1.40\Example1.40.csproj", "{C6CF94A8-4C3C-4774-9526-4EBF28F6ECB8}"
EndProject
Project("{FAE04EC0-301F-11D3-BF4B-00C04F79EFBC}") = "Example1.41", "Objective1.2\Example1.41\Example1.41.csproj", "{5220C0FC-A934-4905-B164-5CE33E68385D}"
EndProject
Project("{FAE04EC0-301F-11D3-BF4B-00C04F79EFBC}") = "Example1.42", "Objective1.2\Example1.42\Example1.42.csproj", "{2BE9F5F8-F1B6-42D3-BC3B-B969A89A76D8}"
EndProject
Project("{FAE04EC0-301F-11D3-BF4B-00C04F79EFBC}") = "Example1.43", "Objective1.2\Example1.43\Example1.43.csproj", "{2405F0CA-29B5-4A4F-81AD-8F14153E99D5}"
EndProject
Project("{FAE04EC0-301F-11D3-BF4B-00C04F79EFBC}") = "Example1.44", "Objective1.2\Example1.44\Example1.44.csproj", "{717C5867-30CE-401E-844D-82D2961C4F33}"
EndProject
Project("{FAE04EC0-301F-11D3-BF4B-00C04F79EFBC}") = "Example1.45", "Objective1.2\Example1.45\Example1.45.csproj", "{23AA0FB1-BAEF-45B8-8171-3C537B1DE60D}"
EndProject
Project("{2150E333-8FDC-42A3-9474-1A3956D46DE8}") = "Objective 1.3 - Implement program flow", "Objective 1.3 - Implement program flow", "{29CB445B-8576-44C8-B8EC-EED7A0F166EC}"
EndProject
Project("{FAE04EC0-301F-11D3-BF4B-00C04F79EFBC}") = "Example1.46_1.47_1.48_1.49_1.50_1.51", "Objective1.3\Example1.46_1.47_1.48_1.49_1.50_1.51\Example1.46_1.47_1.48_1.49_1.50_1.51.csproj", "{77A60A92-06C2-495A-9ADC-3BEA63904949}"
EndProject
Project("{FAE04EC0-301F-11D3-BF4B-00C04F79EFBC}") = "Example1.52_1.53_1.54_1.55_1.56", "Objective1.3\Example1.52_1.53_1.54_1.55_1.56\Example1.52_1.53_1.54_1.55_1.56.csproj", "{43714CEC-F9D8-490A-B105-C4E8B5C61A2E}"
EndProject
Project("{FAE04EC0-301F-11D3-BF4B-00C04F79EFBC}") = "Example1.58_1.59", "Objective1.3\Example1.58_1.59\Example1.58_1.59.csproj", "{191B4B51-6A7A-46DE-97D9-F76CE513BC6F}"
EndProject
Project("{FAE04EC0-301F-11D3-BF4B-00C04F79EFBC}") = "Example1.60", "Objective1.3\Example1.60\Example1.60.csproj", "{78963D54-2932-4076-A01C-D2D2BD7A298B}"
EndProject
Project("{FAE04EC0-301F-11D3-BF4B-00C04F79EFBC}") = "Example1.61_1.62", "Objective1.3\Example1.61_1.62\Example1.61_1.62.csproj", "{D162AF46-EC04-4058-91A3-73309927A66D}"
EndProject
Project("{FAE04EC0-301F-11D3-BF4B-00C04F79EFBC}") = "Example1.63", "Objective1.3\Example1.63\Example1.63.csproj", "{021B2FE5-2DE9-47FE-9BC9-86F42C3AAA7E}"
EndProject
Project("{FAE04EC0-301F-11D3-BF4B-00C04F79EFBC}") = "Example1.64-1.68", "Objective1.3\Example1.64-1.68\Example1.64-1.68.csproj", "{9A9B90FF-B08F-4E71-B9BB-90BD87A0FE1B}"
EndProject
Project("{FAE04EC0-301F-11D3-BF4B-00C04F79EFBC}") = "Example1.69-1.71", "Objective1.3\Example1.69-1.71\Example1.69-1.71.csproj", "{AF6A243C-0E52-40FC-B74C-5A5BB77850F3}"
EndProject
Project("{FAE04EC0-301F-11D3-BF4B-00C04F79EFBC}") = "Example1.72_1,73", "Objective1.3\Example1.72_1,73\Example1.72_1,73.csproj", "{B3D0B1F2-452F-4E97-B41F-14421FE4191B}"
EndProject
Project("{FAE04EC0-301F-11D3-BF4B-00C04F79EFBC}") = "Example1.74", "Objective1.3\Example1.74\Example1.74.csproj", "{06E412B8-4161-43E4-902A-E93BDA020873}"
EndProject
Project("{2150E333-8FDC-42A3-9474-1A3956D46DE8}") = "Objective 1.4 - Create and implement events and callbacks", "Objective 1.4 - Create and implement events and callbacks", "{95A4600E-933C-426A-89C6-F81E1C4456D6}"
EndProject
Project("{FAE04EC0-301F-11D3-BF4B-00C04F79EFBC}") = "Example1.75", "Objective1.4\Example1.75\Example1.75.csproj", "{77744C3B-7314-4AEE-8C0B-E84302C61DC5}"
EndProject
Project("{FAE04EC0-301F-11D3-BF4B-00C04F79EFBC}") = "Example1.76", "Objective1.4\Example1.76\Example1.76.csproj", "{E31C2195-FDC1-4BBF-ADD5-CE9ED0EBCD79}"
EndProject
Project("{FAE04EC0-301F-11D3-BF4B-00C04F79EFBC}") = "Example1.77", "Objective1.4\Example1.77\Example1.77.csproj", "{97FDE268-A07D-484D-90A4-6A518BD33BD3}"
EndProject
Project("{FAE04EC0-301F-11D3-BF4B-00C04F79EFBC}") = "Example1.78", "Objective1.4\Example1.78\Example1.78.csproj", "{2E8ACE72-E122-4DE3-86DB-5EB41EA437AF}"
EndProject
Project("{FAE04EC0-301F-11D3-BF4B-00C04F79EFBC}") = "Example1.79", "Objective1.4\Example1.79\Example1.79.csproj", "{02D57AC9-02E6-438A-9B0F-465856FEA27E}"
EndProject
Project("{FAE04EC0-301F-11D3-BF4B-00C04F79EFBC}") = "Example1.80", "Objective1.4\Example1.80\Example1.80.csproj", "{731084A9-8736-4734-A28E-0A7A78AF6F18}"
EndProject
Project("{FAE04EC0-301F-11D3-BF4B-00C04F79EFBC}") = "Example1.81", "Objective1.4\Example1.81\Example1.81.csproj", "{5355086F-A5DB-4617-8EA2-C3E3F4EF2F50}"
EndProject
Project("{2150E333-8FDC-42A3-9474-1A3956D46DE8}") = "Objective 1.5 - Implement exception handling", "Objective 1.5 - Implement exception handling", "{2FE3973C-2979-4662-A24F-FAB945C18809}"
EndProject
Project("{FAE04EC0-301F-11D3-BF4B-00C04F79EFBC}") = "Example1.88", "Objective1.5\Example1.88\Example1.88.csproj", "{0C13D747-4ED3-493D-B9FE-2F53153274B7}"
EndProject
Project("{FAE04EC0-301F-11D3-BF4B-00C04F79EFBC}") = "Example1.89", "Objective1.5\Example1.89\Example1.89.csproj", "{68C38456-48C3-4AB9-B4EB-27216D2FBEB8}"
EndProject
Project("{FAE04EC0-301F-11D3-BF4B-00C04F79EFBC}") = "Example1.90", "Objective1.5\Example1.90\Example1.90.csproj", "{D0D2B9AF-030C-4334-956B-A5B9B4638703}"
EndProject
Project("{FAE04EC0-301F-11D3-BF4B-00C04F79EFBC}") = "Example1.91", "Objective1.5\Example1.91\Example1.91.csproj", "{913F4F32-35F9-41C4-A7A5-4CB50A5B720E}"
EndProject
Project("{FAE04EC0-301F-11D3-BF4B-00C04F79EFBC}") = "Example1.92", "Objective1.5\Example1.92\Example1.92.csproj", "{2D7B6B98-ECFC-4F20-8588-FA0646794FD4}"
EndProject
Project("{FAE04EC0-301F-11D3-BF4B-00C04F79EFBC}") = "Example1.93", "Objective1.5\Example1.93\Example1.93.csproj", "{78F1297E-5FB7-4A61-8794-8EFFA6A5C947}"
EndProject
Project("{FAE04EC0-301F-11D3-BF4B-00C04F79EFBC}") = "Example1.82", "Objective1.4\Example1.82\Example1.82.csproj", "{E0BF1703-FB2A-4709-B91A-F6B37CD81046}"
EndProject
Project("{FAE04EC0-301F-11D3-BF4B-00C04F79EFBC}") = "Example1.83", "Objective1.4\Example1.83\Example1.83.csproj", "{BE10D6F1-1CD2-426B-8BEB-E6D05D81AAE4}"
EndProject
Project("{FAE04EC0-301F-11D3-BF4B-00C04F79EFBC}") = "Example1.85", "Objective1.4\Example1.85\Example1.85.csproj", "{C96CFBB5-528B-4FAA-BB7C-3D6B5BBECF01}"
EndProject
Project("{FAE04EC0-301F-11D3-BF4B-00C04F79EFBC}") = "Example1.86", "Objective1.4\Example1.86\Example1.86.csproj", "{7C533A7C-B1C3-4259-8614-7BF14F90D919}"
EndProject
Project("{FAE04EC0-301F-11D3-BF4B-00C04F79EFBC}") = "Example1.94", "Objective1.5\Example1.94\Example1.94.csproj", "{1CE6CBFF-8A71-4E82-AB93-DF635B268BDB}"
EndProject
Project("{FAE04EC0-301F-11D3-BF4B-00C04F79EFBC}") = "Example1.95", "Objective1.5\Example1.95\Example1.95.csproj", "{9689EDC2-6E22-4866-A7F7-837AF9C90C87}"
EndProject
Project("{FAE04EC0-301F-11D3-BF4B-00C04F79EFBC}") = "Example1.96", "Objective1.5\Example1.96\Example1.96.csproj", "{72550176-9741-42D2-A780-A54E6F199C72}"
EndProject
Project("{FAE04EC0-301F-11D3-BF4B-00C04F79EFBC}") = "Example1.97", "Objective1.5\Example1.97\Example1.97.csproj", "{C739A34E-959C-45F4-99C8-5C83BE88CF06}"
EndProject
Project("{FAE04EC0-301F-11D3-BF4B-00C04F79EFBC}") = "Example1.84", "Objective1.4\Example1.84\Example1.84.csproj", "{04B8DF58-C692-4C7D-AD4C-0E2A55855031}"
EndProject
Project("{FAE04EC0-301F-11D3-BF4B-00C04F79EFBC}") = "Example1.87", "Objective1.4\Example1.87\Example1.87.csproj", "{B22FDD61-E050-482A-B894-6CF21D1B5582}"
EndProject
Project("{FAE04EC0-301F-11D3-BF4B-00C04F79EFBC}") = "Example1.98", "Objective1.5\Example1.98\Example1.98.csproj", "{097FF67D-F3D7-48BE-8C94-88117D541911}"
EndProject
Global
	GlobalSection(SolutionConfigurationPlatforms) = preSolution
		Debug|Any CPU = Debug|Any CPU
		Release|Any CPU = Release|Any CPU
	EndGlobalSection
	GlobalSection(ProjectConfigurationPlatforms) = postSolution
		{9DD7AAFF-B4EE-4DD7-815E-DAAD08D2E324}.Debug|Any CPU.ActiveCfg = Debug|Any CPU
		{9DD7AAFF-B4EE-4DD7-815E-DAAD08D2E324}.Debug|Any CPU.Build.0 = Debug|Any CPU
		{9DD7AAFF-B4EE-4DD7-815E-DAAD08D2E324}.Release|Any CPU.ActiveCfg = Release|Any CPU
		{9DD7AAFF-B4EE-4DD7-815E-DAAD08D2E324}.Release|Any CPU.Build.0 = Release|Any CPU
		{6FC97A9F-B210-4C9B-BAAE-F66FC43E562A}.Debug|Any CPU.ActiveCfg = Debug|Any CPU
		{6FC97A9F-B210-4C9B-BAAE-F66FC43E562A}.Debug|Any CPU.Build.0 = Debug|Any CPU
		{6FC97A9F-B210-4C9B-BAAE-F66FC43E562A}.Release|Any CPU.ActiveCfg = Release|Any CPU
		{6FC97A9F-B210-4C9B-BAAE-F66FC43E562A}.Release|Any CPU.Build.0 = Release|Any CPU
		{01CB2B91-EF83-4244-A429-218DB6A091F6}.Debug|Any CPU.ActiveCfg = Debug|Any CPU
		{01CB2B91-EF83-4244-A429-218DB6A091F6}.Debug|Any CPU.Build.0 = Debug|Any CPU
		{01CB2B91-EF83-4244-A429-218DB6A091F6}.Release|Any CPU.ActiveCfg = Release|Any CPU
		{01CB2B91-EF83-4244-A429-218DB6A091F6}.Release|Any CPU.Build.0 = Release|Any CPU
		{A5C2FBF6-02B0-403A-9F3D-F1632D58F382}.Debug|Any CPU.ActiveCfg = Debug|Any CPU
		{A5C2FBF6-02B0-403A-9F3D-F1632D58F382}.Debug|Any CPU.Build.0 = Debug|Any CPU
		{A5C2FBF6-02B0-403A-9F3D-F1632D58F382}.Release|Any CPU.ActiveCfg = Release|Any CPU
		{A5C2FBF6-02B0-403A-9F3D-F1632D58F382}.Release|Any CPU.Build.0 = Release|Any CPU
		{1DFFC2CC-8490-4893-B4C5-C657E69BCE6A}.Debug|Any CPU.ActiveCfg = Debug|Any CPU
		{1DFFC2CC-8490-4893-B4C5-C657E69BCE6A}.Debug|Any CPU.Build.0 = Debug|Any CPU
		{1DFFC2CC-8490-4893-B4C5-C657E69BCE6A}.Release|Any CPU.ActiveCfg = Release|Any CPU
		{1DFFC2CC-8490-4893-B4C5-C657E69BCE6A}.Release|Any CPU.Build.0 = Release|Any CPU
		{E1EEFF66-69DE-4F5A-9895-D8FC7E50FC1C}.Debug|Any CPU.ActiveCfg = Debug|Any CPU
		{E1EEFF66-69DE-4F5A-9895-D8FC7E50FC1C}.Debug|Any CPU.Build.0 = Debug|Any CPU
		{E1EEFF66-69DE-4F5A-9895-D8FC7E50FC1C}.Release|Any CPU.ActiveCfg = Release|Any CPU
		{E1EEFF66-69DE-4F5A-9895-D8FC7E50FC1C}.Release|Any CPU.Build.0 = Release|Any CPU
		{5076CF34-A43E-4C2F-AA90-CAB7C96899BE}.Debug|Any CPU.ActiveCfg = Debug|Any CPU
		{5076CF34-A43E-4C2F-AA90-CAB7C96899BE}.Debug|Any CPU.Build.0 = Debug|Any CPU
		{5076CF34-A43E-4C2F-AA90-CAB7C96899BE}.Release|Any CPU.ActiveCfg = Release|Any CPU
		{5076CF34-A43E-4C2F-AA90-CAB7C96899BE}.Release|Any CPU.Build.0 = Release|Any CPU
		{2AD54526-0B92-431E-ABB4-7A05FA4FBD04}.Debug|Any CPU.ActiveCfg = Debug|Any CPU
		{2AD54526-0B92-431E-ABB4-7A05FA4FBD04}.Debug|Any CPU.Build.0 = Debug|Any CPU
		{2AD54526-0B92-431E-ABB4-7A05FA4FBD04}.Release|Any CPU.ActiveCfg = Release|Any CPU
		{2AD54526-0B92-431E-ABB4-7A05FA4FBD04}.Release|Any CPU.Build.0 = Release|Any CPU
		{F1023439-819C-4D18-9424-E821929EBDC8}.Debug|Any CPU.ActiveCfg = Debug|Any CPU
		{F1023439-819C-4D18-9424-E821929EBDC8}.Debug|Any CPU.Build.0 = Debug|Any CPU
		{F1023439-819C-4D18-9424-E821929EBDC8}.Release|Any CPU.ActiveCfg = Release|Any CPU
		{F1023439-819C-4D18-9424-E821929EBDC8}.Release|Any CPU.Build.0 = Release|Any CPU
		{D08A1AF9-3A3E-45AD-813F-F3D5B84D6374}.Debug|Any CPU.ActiveCfg = Debug|Any CPU
		{D08A1AF9-3A3E-45AD-813F-F3D5B84D6374}.Debug|Any CPU.Build.0 = Debug|Any CPU
		{D08A1AF9-3A3E-45AD-813F-F3D5B84D6374}.Release|Any CPU.ActiveCfg = Release|Any CPU
		{D08A1AF9-3A3E-45AD-813F-F3D5B84D6374}.Release|Any CPU.Build.0 = Release|Any CPU
		{E3289791-0E0B-4D3E-AABA-88F136C96F8F}.Debug|Any CPU.ActiveCfg = Debug|Any CPU
		{E3289791-0E0B-4D3E-AABA-88F136C96F8F}.Debug|Any CPU.Build.0 = Debug|Any CPU
		{E3289791-0E0B-4D3E-AABA-88F136C96F8F}.Release|Any CPU.ActiveCfg = Release|Any CPU
		{E3289791-0E0B-4D3E-AABA-88F136C96F8F}.Release|Any CPU.Build.0 = Release|Any CPU
		{9BCEAF38-7B7E-48B0-B173-1FE5F1EC9098}.Debug|Any CPU.ActiveCfg = Debug|Any CPU
		{9BCEAF38-7B7E-48B0-B173-1FE5F1EC9098}.Debug|Any CPU.Build.0 = Debug|Any CPU
		{9BCEAF38-7B7E-48B0-B173-1FE5F1EC9098}.Release|Any CPU.ActiveCfg = Release|Any CPU
		{9BCEAF38-7B7E-48B0-B173-1FE5F1EC9098}.Release|Any CPU.Build.0 = Release|Any CPU
		{D427A563-CC40-4F74-8570-E95BF9C844F3}.Debug|Any CPU.ActiveCfg = Debug|Any CPU
		{D427A563-CC40-4F74-8570-E95BF9C844F3}.Debug|Any CPU.Build.0 = Debug|Any CPU
		{D427A563-CC40-4F74-8570-E95BF9C844F3}.Release|Any CPU.ActiveCfg = Release|Any CPU
		{D427A563-CC40-4F74-8570-E95BF9C844F3}.Release|Any CPU.Build.0 = Release|Any CPU
		{434A9535-DA4B-49B6-923E-DD64FF9F75F3}.Debug|Any CPU.ActiveCfg = Debug|Any CPU
		{434A9535-DA4B-49B6-923E-DD64FF9F75F3}.Debug|Any CPU.Build.0 = Debug|Any CPU
		{434A9535-DA4B-49B6-923E-DD64FF9F75F3}.Release|Any CPU.ActiveCfg = Release|Any CPU
		{434A9535-DA4B-49B6-923E-DD64FF9F75F3}.Release|Any CPU.Build.0 = Release|Any CPU
		{AD5A6459-C552-4A21-B2C5-68DA75E5983A}.Debug|Any CPU.ActiveCfg = Debug|Any CPU
		{AD5A6459-C552-4A21-B2C5-68DA75E5983A}.Debug|Any CPU.Build.0 = Debug|Any CPU
		{AD5A6459-C552-4A21-B2C5-68DA75E5983A}.Release|Any CPU.ActiveCfg = Release|Any CPU
		{AD5A6459-C552-4A21-B2C5-68DA75E5983A}.Release|Any CPU.Build.0 = Release|Any CPU
		{9E82A6DC-4DC6-4990-A20C-61CAA1BF100D}.Debug|Any CPU.ActiveCfg = Debug|Any CPU
		{9E82A6DC-4DC6-4990-A20C-61CAA1BF100D}.Debug|Any CPU.Build.0 = Debug|Any CPU
		{9E82A6DC-4DC6-4990-A20C-61CAA1BF100D}.Release|Any CPU.ActiveCfg = Release|Any CPU
		{9E82A6DC-4DC6-4990-A20C-61CAA1BF100D}.Release|Any CPU.Build.0 = Release|Any CPU
		{F4B5EB12-7B56-42B1-A58A-0371DFD98050}.Debug|Any CPU.ActiveCfg = Debug|Any CPU
		{F4B5EB12-7B56-42B1-A58A-0371DFD98050}.Debug|Any CPU.Build.0 = Debug|Any CPU
		{F4B5EB12-7B56-42B1-A58A-0371DFD98050}.Release|Any CPU.ActiveCfg = Release|Any CPU
		{F4B5EB12-7B56-42B1-A58A-0371DFD98050}.Release|Any CPU.Build.0 = Release|Any CPU
		{67F05ED8-A22A-4288-8B54-716EB94BBF0F}.Debug|Any CPU.ActiveCfg = Debug|Any CPU
		{67F05ED8-A22A-4288-8B54-716EB94BBF0F}.Debug|Any CPU.Build.0 = Debug|Any CPU
		{67F05ED8-A22A-4288-8B54-716EB94BBF0F}.Release|Any CPU.ActiveCfg = Release|Any CPU
		{67F05ED8-A22A-4288-8B54-716EB94BBF0F}.Release|Any CPU.Build.0 = Release|Any CPU
		{0B415D6E-0DA2-4EE1-BC60-590E16711049}.Debug|Any CPU.ActiveCfg = Debug|Any CPU
		{0B415D6E-0DA2-4EE1-BC60-590E16711049}.Debug|Any CPU.Build.0 = Debug|Any CPU
		{0B415D6E-0DA2-4EE1-BC60-590E16711049}.Release|Any CPU.ActiveCfg = Release|Any CPU
		{0B415D6E-0DA2-4EE1-BC60-590E16711049}.Release|Any CPU.Build.0 = Release|Any CPU
		{DB8BF55F-52F9-46D3-8CA5-AD19C1C1853E}.Debug|Any CPU.ActiveCfg = Debug|Any CPU
		{DB8BF55F-52F9-46D3-8CA5-AD19C1C1853E}.Debug|Any CPU.Build.0 = Debug|Any CPU
		{DB8BF55F-52F9-46D3-8CA5-AD19C1C1853E}.Release|Any CPU.ActiveCfg = Release|Any CPU
		{DB8BF55F-52F9-46D3-8CA5-AD19C1C1853E}.Release|Any CPU.Build.0 = Release|Any CPU
		{AEDE3016-E149-4D23-B384-F81A85DB29F8}.Debug|Any CPU.ActiveCfg = Debug|Any CPU
		{AEDE3016-E149-4D23-B384-F81A85DB29F8}.Debug|Any CPU.Build.0 = Debug|Any CPU
		{AEDE3016-E149-4D23-B384-F81A85DB29F8}.Release|Any CPU.ActiveCfg = Release|Any CPU
		{AEDE3016-E149-4D23-B384-F81A85DB29F8}.Release|Any CPU.Build.0 = Release|Any CPU
		{BE535B5C-3FB1-4308-9D3A-244E0EC52077}.Debug|Any CPU.ActiveCfg = Debug|Any CPU
		{BE535B5C-3FB1-4308-9D3A-244E0EC52077}.Debug|Any CPU.Build.0 = Debug|Any CPU
		{BE535B5C-3FB1-4308-9D3A-244E0EC52077}.Release|Any CPU.ActiveCfg = Release|Any CPU
		{BE535B5C-3FB1-4308-9D3A-244E0EC52077}.Release|Any CPU.Build.0 = Release|Any CPU
		{0E1B54FF-A137-4D12-ABD4-8214C1B3B921}.Debug|Any CPU.ActiveCfg = Debug|Any CPU
		{0E1B54FF-A137-4D12-ABD4-8214C1B3B921}.Debug|Any CPU.Build.0 = Debug|Any CPU
		{0E1B54FF-A137-4D12-ABD4-8214C1B3B921}.Release|Any CPU.ActiveCfg = Release|Any CPU
		{0E1B54FF-A137-4D12-ABD4-8214C1B3B921}.Release|Any CPU.Build.0 = Release|Any CPU
		{FE087D9B-DEDA-4FC7-88CE-98ED24E5C2C5}.Debug|Any CPU.ActiveCfg = Debug|Any CPU
		{FE087D9B-DEDA-4FC7-88CE-98ED24E5C2C5}.Debug|Any CPU.Build.0 = Debug|Any CPU
		{FE087D9B-DEDA-4FC7-88CE-98ED24E5C2C5}.Release|Any CPU.ActiveCfg = Release|Any CPU
		{FE087D9B-DEDA-4FC7-88CE-98ED24E5C2C5}.Release|Any CPU.Build.0 = Release|Any CPU
		{61439815-8EA9-4421-AD69-16C321AC052F}.Debug|Any CPU.ActiveCfg = Debug|Any CPU
		{61439815-8EA9-4421-AD69-16C321AC052F}.Debug|Any CPU.Build.0 = Debug|Any CPU
		{61439815-8EA9-4421-AD69-16C321AC052F}.Release|Any CPU.ActiveCfg = Release|Any CPU
		{61439815-8EA9-4421-AD69-16C321AC052F}.Release|Any CPU.Build.0 = Release|Any CPU
		{CBFAA9D8-0AEB-4C53-9EE0-FB064E4B1765}.Debug|Any CPU.ActiveCfg = Debug|Any CPU
		{CBFAA9D8-0AEB-4C53-9EE0-FB064E4B1765}.Debug|Any CPU.Build.0 = Debug|Any CPU
		{CBFAA9D8-0AEB-4C53-9EE0-FB064E4B1765}.Release|Any CPU.ActiveCfg = Release|Any CPU
		{CBFAA9D8-0AEB-4C53-9EE0-FB064E4B1765}.Release|Any CPU.Build.0 = Release|Any CPU
		{58EE3F70-CD88-493E-80F8-E9E5B4C70189}.Debug|Any CPU.ActiveCfg = Debug|Any CPU
		{58EE3F70-CD88-493E-80F8-E9E5B4C70189}.Debug|Any CPU.Build.0 = Debug|Any CPU
		{58EE3F70-CD88-493E-80F8-E9E5B4C70189}.Release|Any CPU.ActiveCfg = Release|Any CPU
		{58EE3F70-CD88-493E-80F8-E9E5B4C70189}.Release|Any CPU.Build.0 = Release|Any CPU
		{E73B63E9-0AAB-4F75-AA11-61EB3C3D3003}.Debug|Any CPU.ActiveCfg = Debug|Any CPU
		{E73B63E9-0AAB-4F75-AA11-61EB3C3D3003}.Debug|Any CPU.Build.0 = Debug|Any CPU
		{E73B63E9-0AAB-4F75-AA11-61EB3C3D3003}.Release|Any CPU.ActiveCfg = Release|Any CPU
		{E73B63E9-0AAB-4F75-AA11-61EB3C3D3003}.Release|Any CPU.Build.0 = Release|Any CPU
		{BF8B955D-A752-48E4-A9D0-D05769764FC6}.Debug|Any CPU.ActiveCfg = Debug|Any CPU
		{BF8B955D-A752-48E4-A9D0-D05769764FC6}.Debug|Any CPU.Build.0 = Debug|Any CPU
		{BF8B955D-A752-48E4-A9D0-D05769764FC6}.Release|Any CPU.ActiveCfg = Release|Any CPU
		{BF8B955D-A752-48E4-A9D0-D05769764FC6}.Release|Any CPU.Build.0 = Release|Any CPU
		{A855DE4B-A7A5-40F2-B313-E8B95FDEA03E}.Debug|Any CPU.ActiveCfg = Debug|Any CPU
		{A855DE4B-A7A5-40F2-B313-E8B95FDEA03E}.Debug|Any CPU.Build.0 = Debug|Any CPU
		{A855DE4B-A7A5-40F2-B313-E8B95FDEA03E}.Release|Any CPU.ActiveCfg = Release|Any CPU
		{A855DE4B-A7A5-40F2-B313-E8B95FDEA03E}.Release|Any CPU.Build.0 = Release|Any CPU
		{E01D7642-48B9-4433-831D-94A19C386934}.Debug|Any CPU.ActiveCfg = Debug|Any CPU
		{E01D7642-48B9-4433-831D-94A19C386934}.Debug|Any CPU.Build.0 = Debug|Any CPU
		{E01D7642-48B9-4433-831D-94A19C386934}.Release|Any CPU.ActiveCfg = Release|Any CPU
		{E01D7642-48B9-4433-831D-94A19C386934}.Release|Any CPU.Build.0 = Release|Any CPU
		{00F5E453-6B5C-4D26-8705-4EEFFE5A8149}.Debug|Any CPU.ActiveCfg = Debug|Any CPU
		{00F5E453-6B5C-4D26-8705-4EEFFE5A8149}.Debug|Any CPU.Build.0 = Debug|Any CPU
		{00F5E453-6B5C-4D26-8705-4EEFFE5A8149}.Release|Any CPU.ActiveCfg = Release|Any CPU
		{00F5E453-6B5C-4D26-8705-4EEFFE5A8149}.Release|Any CPU.Build.0 = Release|Any CPU
		{277AF645-7553-4BFF-8434-C4D7CDA26E9E}.Debug|Any CPU.ActiveCfg = Debug|Any CPU
		{277AF645-7553-4BFF-8434-C4D7CDA26E9E}.Debug|Any CPU.Build.0 = Debug|Any CPU
		{277AF645-7553-4BFF-8434-C4D7CDA26E9E}.Release|Any CPU.ActiveCfg = Release|Any CPU
		{277AF645-7553-4BFF-8434-C4D7CDA26E9E}.Release|Any CPU.Build.0 = Release|Any CPU
		{C6CF94A8-4C3C-4774-9526-4EBF28F6ECB8}.Debug|Any CPU.ActiveCfg = Debug|Any CPU
		{C6CF94A8-4C3C-4774-9526-4EBF28F6ECB8}.Debug|Any CPU.Build.0 = Debug|Any CPU
		{C6CF94A8-4C3C-4774-9526-4EBF28F6ECB8}.Release|Any CPU.ActiveCfg = Release|Any CPU
		{C6CF94A8-4C3C-4774-9526-4EBF28F6ECB8}.Release|Any CPU.Build.0 = Release|Any CPU
		{5220C0FC-A934-4905-B164-5CE33E68385D}.Debug|Any CPU.ActiveCfg = Debug|Any CPU
		{5220C0FC-A934-4905-B164-5CE33E68385D}.Debug|Any CPU.Build.0 = Debug|Any CPU
		{5220C0FC-A934-4905-B164-5CE33E68385D}.Release|Any CPU.ActiveCfg = Release|Any CPU
		{5220C0FC-A934-4905-B164-5CE33E68385D}.Release|Any CPU.Build.0 = Release|Any CPU
		{2BE9F5F8-F1B6-42D3-BC3B-B969A89A76D8}.Debug|Any CPU.ActiveCfg = Debug|Any CPU
		{2BE9F5F8-F1B6-42D3-BC3B-B969A89A76D8}.Debug|Any CPU.Build.0 = Debug|Any CPU
		{2BE9F5F8-F1B6-42D3-BC3B-B969A89A76D8}.Release|Any CPU.ActiveCfg = Release|Any CPU
		{2BE9F5F8-F1B6-42D3-BC3B-B969A89A76D8}.Release|Any CPU.Build.0 = Release|Any CPU
		{2405F0CA-29B5-4A4F-81AD-8F14153E99D5}.Debug|Any CPU.ActiveCfg = Debug|Any CPU
		{2405F0CA-29B5-4A4F-81AD-8F14153E99D5}.Debug|Any CPU.Build.0 = Debug|Any CPU
		{2405F0CA-29B5-4A4F-81AD-8F14153E99D5}.Release|Any CPU.ActiveCfg = Release|Any CPU
		{2405F0CA-29B5-4A4F-81AD-8F14153E99D5}.Release|Any CPU.Build.0 = Release|Any CPU
		{717C5867-30CE-401E-844D-82D2961C4F33}.Debug|Any CPU.ActiveCfg = Debug|Any CPU
		{717C5867-30CE-401E-844D-82D2961C4F33}.Debug|Any CPU.Build.0 = Debug|Any CPU
		{717C5867-30CE-401E-844D-82D2961C4F33}.Release|Any CPU.ActiveCfg = Release|Any CPU
		{717C5867-30CE-401E-844D-82D2961C4F33}.Release|Any CPU.Build.0 = Release|Any CPU
		{23AA0FB1-BAEF-45B8-8171-3C537B1DE60D}.Debug|Any CPU.ActiveCfg = Debug|Any CPU
		{23AA0FB1-BAEF-45B8-8171-3C537B1DE60D}.Debug|Any CPU.Build.0 = Debug|Any CPU
		{23AA0FB1-BAEF-45B8-8171-3C537B1DE60D}.Release|Any CPU.ActiveCfg = Release|Any CPU
		{23AA0FB1-BAEF-45B8-8171-3C537B1DE60D}.Release|Any CPU.Build.0 = Release|Any CPU
		{77A60A92-06C2-495A-9ADC-3BEA63904949}.Debug|Any CPU.ActiveCfg = Debug|Any CPU
		{77A60A92-06C2-495A-9ADC-3BEA63904949}.Debug|Any CPU.Build.0 = Debug|Any CPU
		{77A60A92-06C2-495A-9ADC-3BEA63904949}.Release|Any CPU.ActiveCfg = Release|Any CPU
		{77A60A92-06C2-495A-9ADC-3BEA63904949}.Release|Any CPU.Build.0 = Release|Any CPU
		{43714CEC-F9D8-490A-B105-C4E8B5C61A2E}.Debug|Any CPU.ActiveCfg = Debug|Any CPU
		{43714CEC-F9D8-490A-B105-C4E8B5C61A2E}.Debug|Any CPU.Build.0 = Debug|Any CPU
		{43714CEC-F9D8-490A-B105-C4E8B5C61A2E}.Release|Any CPU.ActiveCfg = Release|Any CPU
		{43714CEC-F9D8-490A-B105-C4E8B5C61A2E}.Release|Any CPU.Build.0 = Release|Any CPU
		{191B4B51-6A7A-46DE-97D9-F76CE513BC6F}.Debug|Any CPU.ActiveCfg = Debug|Any CPU
		{191B4B51-6A7A-46DE-97D9-F76CE513BC6F}.Debug|Any CPU.Build.0 = Debug|Any CPU
		{191B4B51-6A7A-46DE-97D9-F76CE513BC6F}.Release|Any CPU.ActiveCfg = Release|Any CPU
		{191B4B51-6A7A-46DE-97D9-F76CE513BC6F}.Release|Any CPU.Build.0 = Release|Any CPU
		{78963D54-2932-4076-A01C-D2D2BD7A298B}.Debug|Any CPU.ActiveCfg = Debug|Any CPU
		{78963D54-2932-4076-A01C-D2D2BD7A298B}.Debug|Any CPU.Build.0 = Debug|Any CPU
		{78963D54-2932-4076-A01C-D2D2BD7A298B}.Release|Any CPU.ActiveCfg = Release|Any CPU
		{78963D54-2932-4076-A01C-D2D2BD7A298B}.Release|Any CPU.Build.0 = Release|Any CPU
		{D162AF46-EC04-4058-91A3-73309927A66D}.Debug|Any CPU.ActiveCfg = Debug|Any CPU
		{D162AF46-EC04-4058-91A3-73309927A66D}.Debug|Any CPU.Build.0 = Debug|Any CPU
		{D162AF46-EC04-4058-91A3-73309927A66D}.Release|Any CPU.ActiveCfg = Release|Any CPU
		{D162AF46-EC04-4058-91A3-73309927A66D}.Release|Any CPU.Build.0 = Release|Any CPU
		{021B2FE5-2DE9-47FE-9BC9-86F42C3AAA7E}.Debug|Any CPU.ActiveCfg = Debug|Any CPU
		{021B2FE5-2DE9-47FE-9BC9-86F42C3AAA7E}.Debug|Any CPU.Build.0 = Debug|Any CPU
		{021B2FE5-2DE9-47FE-9BC9-86F42C3AAA7E}.Release|Any CPU.ActiveCfg = Release|Any CPU
		{021B2FE5-2DE9-47FE-9BC9-86F42C3AAA7E}.Release|Any CPU.Build.0 = Release|Any CPU
		{9A9B90FF-B08F-4E71-B9BB-90BD87A0FE1B}.Debug|Any CPU.ActiveCfg = Debug|Any CPU
		{9A9B90FF-B08F-4E71-B9BB-90BD87A0FE1B}.Debug|Any CPU.Build.0 = Debug|Any CPU
		{9A9B90FF-B08F-4E71-B9BB-90BD87A0FE1B}.Release|Any CPU.ActiveCfg = Release|Any CPU
		{9A9B90FF-B08F-4E71-B9BB-90BD87A0FE1B}.Release|Any CPU.Build.0 = Release|Any CPU
		{AF6A243C-0E52-40FC-B74C-5A5BB77850F3}.Debug|Any CPU.ActiveCfg = Debug|Any CPU
		{AF6A243C-0E52-40FC-B74C-5A5BB77850F3}.Debug|Any CPU.Build.0 = Debug|Any CPU
		{AF6A243C-0E52-40FC-B74C-5A5BB77850F3}.Release|Any CPU.ActiveCfg = Release|Any CPU
		{AF6A243C-0E52-40FC-B74C-5A5BB77850F3}.Release|Any CPU.Build.0 = Release|Any CPU
		{B3D0B1F2-452F-4E97-B41F-14421FE4191B}.Debug|Any CPU.ActiveCfg = Debug|Any CPU
		{B3D0B1F2-452F-4E97-B41F-14421FE4191B}.Debug|Any CPU.Build.0 = Debug|Any CPU
		{B3D0B1F2-452F-4E97-B41F-14421FE4191B}.Release|Any CPU.ActiveCfg = Release|Any CPU
		{B3D0B1F2-452F-4E97-B41F-14421FE4191B}.Release|Any CPU.Build.0 = Release|Any CPU
		{06E412B8-4161-43E4-902A-E93BDA020873}.Debug|Any CPU.ActiveCfg = Debug|Any CPU
		{06E412B8-4161-43E4-902A-E93BDA020873}.Debug|Any CPU.Build.0 = Debug|Any CPU
		{06E412B8-4161-43E4-902A-E93BDA020873}.Release|Any CPU.ActiveCfg = Release|Any CPU
		{06E412B8-4161-43E4-902A-E93BDA020873}.Release|Any CPU.Build.0 = Release|Any CPU
		{77744C3B-7314-4AEE-8C0B-E84302C61DC5}.Debug|Any CPU.ActiveCfg = Debug|Any CPU
		{77744C3B-7314-4AEE-8C0B-E84302C61DC5}.Debug|Any CPU.Build.0 = Debug|Any CPU
		{77744C3B-7314-4AEE-8C0B-E84302C61DC5}.Release|Any CPU.ActiveCfg = Release|Any CPU
		{77744C3B-7314-4AEE-8C0B-E84302C61DC5}.Release|Any CPU.Build.0 = Release|Any CPU
		{E31C2195-FDC1-4BBF-ADD5-CE9ED0EBCD79}.Debug|Any CPU.ActiveCfg = Debug|Any CPU
		{E31C2195-FDC1-4BBF-ADD5-CE9ED0EBCD79}.Debug|Any CPU.Build.0 = Debug|Any CPU
		{E31C2195-FDC1-4BBF-ADD5-CE9ED0EBCD79}.Release|Any CPU.ActiveCfg = Release|Any CPU
		{E31C2195-FDC1-4BBF-ADD5-CE9ED0EBCD79}.Release|Any CPU.Build.0 = Release|Any CPU
		{97FDE268-A07D-484D-90A4-6A518BD33BD3}.Debug|Any CPU.ActiveCfg = Debug|Any CPU
		{97FDE268-A07D-484D-90A4-6A518BD33BD3}.Debug|Any CPU.Build.0 = Debug|Any CPU
		{97FDE268-A07D-484D-90A4-6A518BD33BD3}.Release|Any CPU.ActiveCfg = Release|Any CPU
		{97FDE268-A07D-484D-90A4-6A518BD33BD3}.Release|Any CPU.Build.0 = Release|Any CPU
		{2E8ACE72-E122-4DE3-86DB-5EB41EA437AF}.Debug|Any CPU.ActiveCfg = Debug|Any CPU
		{2E8ACE72-E122-4DE3-86DB-5EB41EA437AF}.Debug|Any CPU.Build.0 = Debug|Any CPU
		{2E8ACE72-E122-4DE3-86DB-5EB41EA437AF}.Release|Any CPU.ActiveCfg = Release|Any CPU
		{2E8ACE72-E122-4DE3-86DB-5EB41EA437AF}.Release|Any CPU.Build.0 = Release|Any CPU
		{02D57AC9-02E6-438A-9B0F-465856FEA27E}.Debug|Any CPU.ActiveCfg = Debug|Any CPU
		{02D57AC9-02E6-438A-9B0F-465856FEA27E}.Debug|Any CPU.Build.0 = Debug|Any CPU
		{02D57AC9-02E6-438A-9B0F-465856FEA27E}.Release|Any CPU.ActiveCfg = Release|Any CPU
		{02D57AC9-02E6-438A-9B0F-465856FEA27E}.Release|Any CPU.Build.0 = Release|Any CPU
		{731084A9-8736-4734-A28E-0A7A78AF6F18}.Debug|Any CPU.ActiveCfg = Debug|Any CPU
		{731084A9-8736-4734-A28E-0A7A78AF6F18}.Debug|Any CPU.Build.0 = Debug|Any CPU
		{731084A9-8736-4734-A28E-0A7A78AF6F18}.Release|Any CPU.ActiveCfg = Release|Any CPU
		{731084A9-8736-4734-A28E-0A7A78AF6F18}.Release|Any CPU.Build.0 = Release|Any CPU
		{5355086F-A5DB-4617-8EA2-C3E3F4EF2F50}.Debug|Any CPU.ActiveCfg = Debug|Any CPU
		{5355086F-A5DB-4617-8EA2-C3E3F4EF2F50}.Debug|Any CPU.Build.0 = Debug|Any CPU
		{5355086F-A5DB-4617-8EA2-C3E3F4EF2F50}.Release|Any CPU.ActiveCfg = Release|Any CPU
		{5355086F-A5DB-4617-8EA2-C3E3F4EF2F50}.Release|Any CPU.Build.0 = Release|Any CPU
		{0C13D747-4ED3-493D-B9FE-2F53153274B7}.Debug|Any CPU.ActiveCfg = Debug|Any CPU
		{0C13D747-4ED3-493D-B9FE-2F53153274B7}.Debug|Any CPU.Build.0 = Debug|Any CPU
		{0C13D747-4ED3-493D-B9FE-2F53153274B7}.Release|Any CPU.ActiveCfg = Release|Any CPU
		{0C13D747-4ED3-493D-B9FE-2F53153274B7}.Release|Any CPU.Build.0 = Release|Any CPU
		{68C38456-48C3-4AB9-B4EB-27216D2FBEB8}.Debug|Any CPU.ActiveCfg = Debug|Any CPU
		{68C38456-48C3-4AB9-B4EB-27216D2FBEB8}.Debug|Any CPU.Build.0 = Debug|Any CPU
		{68C38456-48C3-4AB9-B4EB-27216D2FBEB8}.Release|Any CPU.ActiveCfg = Release|Any CPU
		{68C38456-48C3-4AB9-B4EB-27216D2FBEB8}.Release|Any CPU.Build.0 = Release|Any CPU
		{D0D2B9AF-030C-4334-956B-A5B9B4638703}.Debug|Any CPU.ActiveCfg = Debug|Any CPU
		{D0D2B9AF-030C-4334-956B-A5B9B4638703}.Debug|Any CPU.Build.0 = Debug|Any CPU
		{D0D2B9AF-030C-4334-956B-A5B9B4638703}.Release|Any CPU.ActiveCfg = Release|Any CPU
		{D0D2B9AF-030C-4334-956B-A5B9B4638703}.Release|Any CPU.Build.0 = Release|Any CPU
		{913F4F32-35F9-41C4-A7A5-4CB50A5B720E}.Debug|Any CPU.ActiveCfg = Debug|Any CPU
		{913F4F32-35F9-41C4-A7A5-4CB50A5B720E}.Debug|Any CPU.Build.0 = Debug|Any CPU
		{913F4F32-35F9-41C4-A7A5-4CB50A5B720E}.Release|Any CPU.ActiveCfg = Release|Any CPU
		{913F4F32-35F9-41C4-A7A5-4CB50A5B720E}.Release|Any CPU.Build.0 = Release|Any CPU
		{2D7B6B98-ECFC-4F20-8588-FA0646794FD4}.Debug|Any CPU.ActiveCfg = Debug|Any CPU
		{2D7B6B98-ECFC-4F20-8588-FA0646794FD4}.Debug|Any CPU.Build.0 = Debug|Any CPU
		{2D7B6B98-ECFC-4F20-8588-FA0646794FD4}.Release|Any CPU.ActiveCfg = Release|Any CPU
		{2D7B6B98-ECFC-4F20-8588-FA0646794FD4}.Release|Any CPU.Build.0 = Release|Any CPU
		{78F1297E-5FB7-4A61-8794-8EFFA6A5C947}.Debug|Any CPU.ActiveCfg = Debug|Any CPU
		{78F1297E-5FB7-4A61-8794-8EFFA6A5C947}.Debug|Any CPU.Build.0 = Debug|Any CPU
		{78F1297E-5FB7-4A61-8794-8EFFA6A5C947}.Release|Any CPU.ActiveCfg = Release|Any CPU
		{78F1297E-5FB7-4A61-8794-8EFFA6A5C947}.Release|Any CPU.Build.0 = Release|Any CPU
		{E0BF1703-FB2A-4709-B91A-F6B37CD81046}.Debug|Any CPU.ActiveCfg = Debug|Any CPU
		{E0BF1703-FB2A-4709-B91A-F6B37CD81046}.Debug|Any CPU.Build.0 = Debug|Any CPU
		{E0BF1703-FB2A-4709-B91A-F6B37CD81046}.Release|Any CPU.ActiveCfg = Release|Any CPU
		{E0BF1703-FB2A-4709-B91A-F6B37CD81046}.Release|Any CPU.Build.0 = Release|Any CPU
		{BE10D6F1-1CD2-426B-8BEB-E6D05D81AAE4}.Debug|Any CPU.ActiveCfg = Debug|Any CPU
		{BE10D6F1-1CD2-426B-8BEB-E6D05D81AAE4}.Debug|Any CPU.Build.0 = Debug|Any CPU
		{BE10D6F1-1CD2-426B-8BEB-E6D05D81AAE4}.Release|Any CPU.ActiveCfg = Release|Any CPU
		{BE10D6F1-1CD2-426B-8BEB-E6D05D81AAE4}.Release|Any CPU.Build.0 = Release|Any CPU
		{C96CFBB5-528B-4FAA-BB7C-3D6B5BBECF01}.Debug|Any CPU.ActiveCfg = Debug|Any CPU
		{C96CFBB5-528B-4FAA-BB7C-3D6B5BBECF01}.Debug|Any CPU.Build.0 = Debug|Any CPU
		{C96CFBB5-528B-4FAA-BB7C-3D6B5BBECF01}.Release|Any CPU.ActiveCfg = Release|Any CPU
		{C96CFBB5-528B-4FAA-BB7C-3D6B5BBECF01}.Release|Any CPU.Build.0 = Release|Any CPU
		{7C533A7C-B1C3-4259-8614-7BF14F90D919}.Debug|Any CPU.ActiveCfg = Debug|Any CPU
		{7C533A7C-B1C3-4259-8614-7BF14F90D919}.Debug|Any CPU.Build.0 = Debug|Any CPU
		{7C533A7C-B1C3-4259-8614-7BF14F90D919}.Release|Any CPU.ActiveCfg = Release|Any CPU
		{7C533A7C-B1C3-4259-8614-7BF14F90D919}.Release|Any CPU.Build.0 = Release|Any CPU
		{1CE6CBFF-8A71-4E82-AB93-DF635B268BDB}.Debug|Any CPU.ActiveCfg = Debug|Any CPU
		{1CE6CBFF-8A71-4E82-AB93-DF635B268BDB}.Debug|Any CPU.Build.0 = Debug|Any CPU
		{1CE6CBFF-8A71-4E82-AB93-DF635B268BDB}.Release|Any CPU.ActiveCfg = Release|Any CPU
		{1CE6CBFF-8A71-4E82-AB93-DF635B268BDB}.Release|Any CPU.Build.0 = Release|Any CPU
		{9689EDC2-6E22-4866-A7F7-837AF9C90C87}.Debug|Any CPU.ActiveCfg = Debug|Any CPU
		{9689EDC2-6E22-4866-A7F7-837AF9C90C87}.Debug|Any CPU.Build.0 = Debug|Any CPU
		{9689EDC2-6E22-4866-A7F7-837AF9C90C87}.Release|Any CPU.ActiveCfg = Release|Any CPU
		{9689EDC2-6E22-4866-A7F7-837AF9C90C87}.Release|Any CPU.Build.0 = Release|Any CPU
		{72550176-9741-42D2-A780-A54E6F199C72}.Debug|Any CPU.ActiveCfg = Debug|Any CPU
		{72550176-9741-42D2-A780-A54E6F199C72}.Debug|Any CPU.Build.0 = Debug|Any CPU
		{72550176-9741-42D2-A780-A54E6F199C72}.Release|Any CPU.ActiveCfg = Release|Any CPU
		{72550176-9741-42D2-A780-A54E6F199C72}.Release|Any CPU.Build.0 = Release|Any CPU
		{C739A34E-959C-45F4-99C8-5C83BE88CF06}.Debug|Any CPU.ActiveCfg = Debug|Any CPU
		{C739A34E-959C-45F4-99C8-5C83BE88CF06}.Debug|Any CPU.Build.0 = Debug|Any CPU
		{C739A34E-959C-45F4-99C8-5C83BE88CF06}.Release|Any CPU.ActiveCfg = Release|Any CPU
		{C739A34E-959C-45F4-99C8-5C83BE88CF06}.Release|Any CPU.Build.0 = Release|Any CPU
		{04B8DF58-C692-4C7D-AD4C-0E2A55855031}.Debug|Any CPU.ActiveCfg = Debug|Any CPU
		{04B8DF58-C692-4C7D-AD4C-0E2A55855031}.Debug|Any CPU.Build.0 = Debug|Any CPU
		{04B8DF58-C692-4C7D-AD4C-0E2A55855031}.Release|Any CPU.ActiveCfg = Release|Any CPU
		{04B8DF58-C692-4C7D-AD4C-0E2A55855031}.Release|Any CPU.Build.0 = Release|Any CPU
		{B22FDD61-E050-482A-B894-6CF21D1B5582}.Debug|Any CPU.ActiveCfg = Debug|Any CPU
		{B22FDD61-E050-482A-B894-6CF21D1B5582}.Debug|Any CPU.Build.0 = Debug|Any CPU
		{B22FDD61-E050-482A-B894-6CF21D1B5582}.Release|Any CPU.ActiveCfg = Release|Any CPU
		{B22FDD61-E050-482A-B894-6CF21D1B5582}.Release|Any CPU.Build.0 = Release|Any CPU
		{097FF67D-F3D7-48BE-8C94-88117D541911}.Debug|Any CPU.ActiveCfg = Debug|Any CPU
		{097FF67D-F3D7-48BE-8C94-88117D541911}.Debug|Any CPU.Build.0 = Debug|Any CPU
		{097FF67D-F3D7-48BE-8C94-88117D541911}.Release|Any CPU.ActiveCfg = Release|Any CPU
		{097FF67D-F3D7-48BE-8C94-88117D541911}.Release|Any CPU.Build.0 = Release|Any CPU
	EndGlobalSection
	GlobalSection(SolutionProperties) = preSolution
		HideSolutionNode = FALSE
	EndGlobalSection
	GlobalSection(NestedProjects) = preSolution
		{325CDA6E-69C2-49C9-94D0-1B11DF2AE8DF} = {0D6E2ABC-5195-4A59-9429-FFFA7868EC32}
		{C6E9600F-7087-4450-8C12-094D8438DB11} = {0D6E2ABC-5195-4A59-9429-FFFA7868EC32}
		{1A1D795D-7021-4036-85CA-2AAD1159DCAA} = {0D6E2ABC-5195-4A59-9429-FFFA7868EC32}
		{9DD7AAFF-B4EE-4DD7-815E-DAAD08D2E324} = {325CDA6E-69C2-49C9-94D0-1B11DF2AE8DF}
		{6FC97A9F-B210-4C9B-BAAE-F66FC43E562A} = {325CDA6E-69C2-49C9-94D0-1B11DF2AE8DF}
		{01CB2B91-EF83-4244-A429-218DB6A091F6} = {325CDA6E-69C2-49C9-94D0-1B11DF2AE8DF}
		{A5C2FBF6-02B0-403A-9F3D-F1632D58F382} = {325CDA6E-69C2-49C9-94D0-1B11DF2AE8DF}
		{1DFFC2CC-8490-4893-B4C5-C657E69BCE6A} = {325CDA6E-69C2-49C9-94D0-1B11DF2AE8DF}
		{E1EEFF66-69DE-4F5A-9895-D8FC7E50FC1C} = {325CDA6E-69C2-49C9-94D0-1B11DF2AE8DF}
		{5076CF34-A43E-4C2F-AA90-CAB7C96899BE} = {325CDA6E-69C2-49C9-94D0-1B11DF2AE8DF}
		{AD5A6459-C552-4A21-B2C5-68DA75E5983A} = {C6E9600F-7087-4450-8C12-094D8438DB11}
		{9E82A6DC-4DC6-4990-A20C-61CAA1BF100D} = {C6E9600F-7087-4450-8C12-094D8438DB11}
		{F4B5EB12-7B56-42B1-A58A-0371DFD98050} = {C6E9600F-7087-4450-8C12-094D8438DB11}
		{67F05ED8-A22A-4288-8B54-716EB94BBF0F} = {C6E9600F-7087-4450-8C12-094D8438DB11}
		{0B415D6E-0DA2-4EE1-BC60-590E16711049} = {C6E9600F-7087-4450-8C12-094D8438DB11}
		{DB8BF55F-52F9-46D3-8CA5-AD19C1C1853E} = {C6E9600F-7087-4450-8C12-094D8438DB11}
		{AEDE3016-E149-4D23-B384-F81A85DB29F8} = {C6E9600F-7087-4450-8C12-094D8438DB11}
		{BE535B5C-3FB1-4308-9D3A-244E0EC52077} = {C6E9600F-7087-4450-8C12-094D8438DB11}
		{0E1B54FF-A137-4D12-ABD4-8214C1B3B921} = {C6E9600F-7087-4450-8C12-094D8438DB11}
		{FE087D9B-DEDA-4FC7-88CE-98ED24E5C2C5} = {C6E9600F-7087-4450-8C12-094D8438DB11}
		{61439815-8EA9-4421-AD69-16C321AC052F} = {C6E9600F-7087-4450-8C12-094D8438DB11}
		{CBFAA9D8-0AEB-4C53-9EE0-FB064E4B1765} = {C6E9600F-7087-4450-8C12-094D8438DB11}
		{58EE3F70-CD88-493E-80F8-E9E5B4C70189} = {C6E9600F-7087-4450-8C12-094D8438DB11}
		{E73B63E9-0AAB-4F75-AA11-61EB3C3D3003} = {C6E9600F-7087-4450-8C12-094D8438DB11}
		{BF8B955D-A752-48E4-A9D0-D05769764FC6} = {C6E9600F-7087-4450-8C12-094D8438DB11}
		{F1023439-819C-4D18-9424-E821929EBDC8} = {1A1D795D-7021-4036-85CA-2AAD1159DCAA}
		{D08A1AF9-3A3E-45AD-813F-F3D5B84D6374} = {1A1D795D-7021-4036-85CA-2AAD1159DCAA}
		{E3289791-0E0B-4D3E-AABA-88F136C96F8F} = {1A1D795D-7021-4036-85CA-2AAD1159DCAA}
		{9BCEAF38-7B7E-48B0-B173-1FE5F1EC9098} = {1A1D795D-7021-4036-85CA-2AAD1159DCAA}
		{D427A563-CC40-4F74-8570-E95BF9C844F3} = {1A1D795D-7021-4036-85CA-2AAD1159DCAA}
		{434A9535-DA4B-49B6-923E-DD64FF9F75F3} = {1A1D795D-7021-4036-85CA-2AAD1159DCAA}
		{2AD54526-0B92-431E-ABB4-7A05FA4FBD04} = {1A1D795D-7021-4036-85CA-2AAD1159DCAA}
		{A855DE4B-A7A5-40F2-B313-E8B95FDEA03E} = {44A6FF97-BB1E-46F8-8A95-D4512A04538D}
		{E01D7642-48B9-4433-831D-94A19C386934} = {44A6FF97-BB1E-46F8-8A95-D4512A04538D}
		{00F5E453-6B5C-4D26-8705-4EEFFE5A8149} = {44A6FF97-BB1E-46F8-8A95-D4512A04538D}
		{277AF645-7553-4BFF-8434-C4D7CDA26E9E} = {44A6FF97-BB1E-46F8-8A95-D4512A04538D}
		{C6CF94A8-4C3C-4774-9526-4EBF28F6ECB8} = {44A6FF97-BB1E-46F8-8A95-D4512A04538D}
		{5220C0FC-A934-4905-B164-5CE33E68385D} = {44A6FF97-BB1E-46F8-8A95-D4512A04538D}
		{2BE9F5F8-F1B6-42D3-BC3B-B969A89A76D8} = {44A6FF97-BB1E-46F8-8A95-D4512A04538D}
		{2405F0CA-29B5-4A4F-81AD-8F14153E99D5} = {44A6FF97-BB1E-46F8-8A95-D4512A04538D}
		{717C5867-30CE-401E-844D-82D2961C4F33} = {44A6FF97-BB1E-46F8-8A95-D4512A04538D}
		{23AA0FB1-BAEF-45B8-8171-3C537B1DE60D} = {44A6FF97-BB1E-46F8-8A95-D4512A04538D}
		{77A60A92-06C2-495A-9ADC-3BEA63904949} = {29CB445B-8576-44C8-B8EC-EED7A0F166EC}
		{43714CEC-F9D8-490A-B105-C4E8B5C61A2E} = {29CB445B-8576-44C8-B8EC-EED7A0F166EC}
		{191B4B51-6A7A-46DE-97D9-F76CE513BC6F} = {29CB445B-8576-44C8-B8EC-EED7A0F166EC}
		{78963D54-2932-4076-A01C-D2D2BD7A298B} = {29CB445B-8576-44C8-B8EC-EED7A0F166EC}
		{D162AF46-EC04-4058-91A3-73309927A66D} = {29CB445B-8576-44C8-B8EC-EED7A0F166EC}
		{021B2FE5-2DE9-47FE-9BC9-86F42C3AAA7E} = {29CB445B-8576-44C8-B8EC-EED7A0F166EC}
		{9A9B90FF-B08F-4E71-B9BB-90BD87A0FE1B} = {29CB445B-8576-44C8-B8EC-EED7A0F166EC}
		{AF6A243C-0E52-40FC-B74C-5A5BB77850F3} = {29CB445B-8576-44C8-B8EC-EED7A0F166EC}
		{B3D0B1F2-452F-4E97-B41F-14421FE4191B} = {29CB445B-8576-44C8-B8EC-EED7A0F166EC}
		{06E412B8-4161-43E4-902A-E93BDA020873} = {29CB445B-8576-44C8-B8EC-EED7A0F166EC}
		{77744C3B-7314-4AEE-8C0B-E84302C61DC5} = {95A4600E-933C-426A-89C6-F81E1C4456D6}
		{E31C2195-FDC1-4BBF-ADD5-CE9ED0EBCD79} = {95A4600E-933C-426A-89C6-F81E1C4456D6}
		{97FDE268-A07D-484D-90A4-6A518BD33BD3} = {95A4600E-933C-426A-89C6-F81E1C4456D6}
		{2E8ACE72-E122-4DE3-86DB-5EB41EA437AF} = {95A4600E-933C-426A-89C6-F81E1C4456D6}
		{02D57AC9-02E6-438A-9B0F-465856FEA27E} = {95A4600E-933C-426A-89C6-F81E1C4456D6}
		{731084A9-8736-4734-A28E-0A7A78AF6F18} = {95A4600E-933C-426A-89C6-F81E1C4456D6}
		{5355086F-A5DB-4617-8EA2-C3E3F4EF2F50} = {95A4600E-933C-426A-89C6-F81E1C4456D6}
		{E0BF1703-FB2A-4709-B91A-F6B37CD81046} = {95A4600E-933C-426A-89C6-F81E1C4456D6}
		{BE10D6F1-1CD2-426B-8BEB-E6D05D81AAE4} = {95A4600E-933C-426A-89C6-F81E1C4456D6}
		{C96CFBB5-528B-4FAA-BB7C-3D6B5BBECF01} = {95A4600E-933C-426A-89C6-F81E1C4456D6}
		{7C533A7C-B1C3-4259-8614-7BF14F90D919} = {95A4600E-933C-426A-89C6-F81E1C4456D6}
		{04B8DF58-C692-4C7D-AD4C-0E2A55855031} = {95A4600E-933C-426A-89C6-F81E1C4456D6}
		{B22FDD61-E050-482A-B894-6CF21D1B5582} = {95A4600E-933C-426A-89C6-F81E1C4456D6}
		{0C13D747-4ED3-493D-B9FE-2F53153274B7} = {2FE3973C-2979-4662-A24F-FAB945C18809}
		{68C38456-48C3-4AB9-B4EB-27216D2FBEB8} = {2FE3973C-2979-4662-A24F-FAB945C18809}
		{D0D2B9AF-030C-4334-956B-A5B9B4638703} = {2FE3973C-2979-4662-A24F-FAB945C18809}
		{913F4F32-35F9-41C4-A7A5-4CB50A5B720E} = {2FE3973C-2979-4662-A24F-FAB945C18809}
		{2D7B6B98-ECFC-4F20-8588-FA0646794FD4} = {2FE3973C-2979-4662-A24F-FAB945C18809}
		{78F1297E-5FB7-4A61-8794-8EFFA6A5C947} = {2FE3973C-2979-4662-A24F-FAB945C18809}
		{1CE6CBFF-8A71-4E82-AB93-DF635B268BDB} = {2FE3973C-2979-4662-A24F-FAB945C18809}
		{9689EDC2-6E22-4866-A7F7-837AF9C90C87} = {2FE3973C-2979-4662-A24F-FAB945C18809}
		{72550176-9741-42D2-A780-A54E6F199C72} = {2FE3973C-2979-4662-A24F-FAB945C18809}
		{C739A34E-959C-45F4-99C8-5C83BE88CF06} = {2FE3973C-2979-4662-A24F-FAB945C18809}
		{097FF67D-F3D7-48BE-8C94-88117D541911} = {2FE3973C-2979-4662-A24F-FAB945C18809}
	EndGlobalSection
EndGlobal
